
Microsoft Visual Studio Solution File, Format Version 12.00
# Visual Studio Version 17
VisualStudioVersion = 17.5.33424.131
MinimumVisualStudioVersion = 10.0.40219.1
Project("{2150E333-8FDC-42A3-9474-1A3956D46DE8}") = "Platforms", "Platforms", "{46CC7847-E5D0-4458-BB0A-C2BE6E41A8AE}"
EndProject
Project("{FAE04EC0-301F-11D3-BF4B-00C04F79EFBC}") = "MZikmund.App", "MZikmund.App\MZikmund.App.csproj", "{887A3B0C-492E-4244-BA7F-7969EA0B756D}"
EndProject
Project("{FAE04EC0-301F-11D3-BF4B-00C04F79EFBC}") = "MZikmund.App.Wasm", "MZikmund.App.Wasm\MZikmund.App.Wasm.csproj", "{F70472B9-5F76-4D2F-B308-0B711E053210}"
EndProject
Project("{FAE04EC0-301F-11D3-BF4B-00C04F79EFBC}") = "MZikmund.App.Server", "MZikmund.App.Server\MZikmund.App.Server.csproj", "{45CAB642-AB7B-4804-83D9-20D16442CAE0}"
EndProject
Project("{FAE04EC0-301F-11D3-BF4B-00C04F79EFBC}") = "MZikmund.App.Mobile", "MZikmund.App.Mobile\MZikmund.App.Mobile.csproj", "{1DAF5573-7C26-4E19-B08E-72430C2AE28F}"
EndProject
Project("{FAE04EC0-301F-11D3-BF4B-00C04F79EFBC}") = "MZikmund.App.Skia.Gtk", "MZikmund.App.Skia.Gtk\MZikmund.App.Skia.Gtk.csproj", "{EA5CB2A8-4714-4CE2-80D9-89AC11175E70}"
EndProject
Project("{FAE04EC0-301F-11D3-BF4B-00C04F79EFBC}") = "MZikmund.App.Skia.Linux.FrameBuffer", "MZikmund.App.Skia.Linux.FrameBuffer\MZikmund.App.Skia.Linux.FrameBuffer.csproj", "{A2CA172A-7752-4357-A905-044C4B3EABB8}"
EndProject
Project("{FAE04EC0-301F-11D3-BF4B-00C04F79EFBC}") = "MZikmund.App.Windows", "MZikmund.App.Windows\MZikmund.App.Windows.csproj", "{6767435A-5201-4319-8127-DC0686CEE8AC}"
EndProject
Project("{FAE04EC0-301F-11D3-BF4B-00C04F79EFBC}") = "MZikmund.App.Skia.Wpf", "MZikmund.App.Skia.Wpf\MZikmund.App.Skia.Wpf.csproj", "{924653F8-A5D8-4929-906C-15EF812190B5}"
EndProject
Global
	GlobalSection(SolutionConfigurationPlatforms) = preSolution
		Debug|Any CPU = Debug|Any CPU
		Debug|arm64 = Debug|arm64
		Debug|x64 = Debug|x64
		Debug|x86 = Debug|x86
		Release|Any CPU = Release|Any CPU
		Release|arm64 = Release|arm64
		Release|x64 = Release|x64
		Release|x86 = Release|x86
	EndGlobalSection
	GlobalSection(ProjectConfigurationPlatforms) = postSolution
		{887A3B0C-492E-4244-BA7F-7969EA0B756D}.Debug|Any CPU.ActiveCfg = Debug|Any CPU
		{887A3B0C-492E-4244-BA7F-7969EA0B756D}.Debug|Any CPU.Build.0 = Debug|Any CPU
		{887A3B0C-492E-4244-BA7F-7969EA0B756D}.Debug|arm64.ActiveCfg = Debug|Any CPU
		{887A3B0C-492E-4244-BA7F-7969EA0B756D}.Debug|arm64.Build.0 = Debug|Any CPU
		{887A3B0C-492E-4244-BA7F-7969EA0B756D}.Debug|x64.ActiveCfg = Debug|Any CPU
		{887A3B0C-492E-4244-BA7F-7969EA0B756D}.Debug|x64.Build.0 = Debug|Any CPU
		{887A3B0C-492E-4244-BA7F-7969EA0B756D}.Debug|x86.ActiveCfg = Debug|Any CPU
		{887A3B0C-492E-4244-BA7F-7969EA0B756D}.Debug|x86.Build.0 = Debug|Any CPU
		{887A3B0C-492E-4244-BA7F-7969EA0B756D}.Release|Any CPU.ActiveCfg = Release|Any CPU
		{887A3B0C-492E-4244-BA7F-7969EA0B756D}.Release|Any CPU.Build.0 = Release|Any CPU
		{887A3B0C-492E-4244-BA7F-7969EA0B756D}.Release|arm64.ActiveCfg = Release|Any CPU
		{887A3B0C-492E-4244-BA7F-7969EA0B756D}.Release|arm64.Build.0 = Release|Any CPU
		{887A3B0C-492E-4244-BA7F-7969EA0B756D}.Release|x64.ActiveCfg = Release|Any CPU
		{887A3B0C-492E-4244-BA7F-7969EA0B756D}.Release|x64.Build.0 = Release|Any CPU
		{887A3B0C-492E-4244-BA7F-7969EA0B756D}.Release|x86.ActiveCfg = Release|Any CPU
		{887A3B0C-492E-4244-BA7F-7969EA0B756D}.Release|x86.Build.0 = Release|Any CPU
		{F70472B9-5F76-4D2F-B308-0B711E053210}.Debug|Any CPU.ActiveCfg = Debug|Any CPU
		{F70472B9-5F76-4D2F-B308-0B711E053210}.Debug|Any CPU.Build.0 = Debug|Any CPU
		{F70472B9-5F76-4D2F-B308-0B711E053210}.Debug|arm64.ActiveCfg = Debug|Any CPU
		{F70472B9-5F76-4D2F-B308-0B711E053210}.Debug|arm64.Build.0 = Debug|Any CPU
		{F70472B9-5F76-4D2F-B308-0B711E053210}.Debug|x64.ActiveCfg = Debug|Any CPU
		{F70472B9-5F76-4D2F-B308-0B711E053210}.Debug|x64.Build.0 = Debug|Any CPU
		{F70472B9-5F76-4D2F-B308-0B711E053210}.Debug|x86.ActiveCfg = Debug|Any CPU
		{F70472B9-5F76-4D2F-B308-0B711E053210}.Debug|x86.Build.0 = Debug|Any CPU
		{F70472B9-5F76-4D2F-B308-0B711E053210}.Release|Any CPU.ActiveCfg = Release|Any CPU
		{F70472B9-5F76-4D2F-B308-0B711E053210}.Release|Any CPU.Build.0 = Release|Any CPU
		{F70472B9-5F76-4D2F-B308-0B711E053210}.Release|arm64.ActiveCfg = Release|Any CPU
		{F70472B9-5F76-4D2F-B308-0B711E053210}.Release|arm64.Build.0 = Release|Any CPU
		{F70472B9-5F76-4D2F-B308-0B711E053210}.Release|x64.ActiveCfg = Release|Any CPU
		{F70472B9-5F76-4D2F-B308-0B711E053210}.Release|x64.Build.0 = Release|Any CPU
		{F70472B9-5F76-4D2F-B308-0B711E053210}.Release|x86.ActiveCfg = Release|Any CPU
		{F70472B9-5F76-4D2F-B308-0B711E053210}.Release|x86.Build.0 = Release|Any CPU
		{45CAB642-AB7B-4804-83D9-20D16442CAE0}.Debug|Any CPU.ActiveCfg = Debug|Any CPU
		{45CAB642-AB7B-4804-83D9-20D16442CAE0}.Debug|Any CPU.Build.0 = Debug|Any CPU
		{45CAB642-AB7B-4804-83D9-20D16442CAE0}.Debug|arm64.ActiveCfg = Debug|Any CPU
		{45CAB642-AB7B-4804-83D9-20D16442CAE0}.Debug|arm64.Build.0 = Debug|Any CPU
		{45CAB642-AB7B-4804-83D9-20D16442CAE0}.Debug|x64.ActiveCfg = Debug|Any CPU
		{45CAB642-AB7B-4804-83D9-20D16442CAE0}.Debug|x64.Build.0 = Debug|Any CPU
		{45CAB642-AB7B-4804-83D9-20D16442CAE0}.Debug|x86.ActiveCfg = Debug|Any CPU
		{45CAB642-AB7B-4804-83D9-20D16442CAE0}.Debug|x86.Build.0 = Debug|Any CPU
		{45CAB642-AB7B-4804-83D9-20D16442CAE0}.Release|Any CPU.ActiveCfg = Release|Any CPU
		{45CAB642-AB7B-4804-83D9-20D16442CAE0}.Release|Any CPU.Build.0 = Release|Any CPU
		{45CAB642-AB7B-4804-83D9-20D16442CAE0}.Release|arm64.ActiveCfg = Release|Any CPU
		{45CAB642-AB7B-4804-83D9-20D16442CAE0}.Release|arm64.Build.0 = Release|Any CPU
		{45CAB642-AB7B-4804-83D9-20D16442CAE0}.Release|x64.ActiveCfg = Release|Any CPU
		{45CAB642-AB7B-4804-83D9-20D16442CAE0}.Release|x64.Build.0 = Release|Any CPU
		{45CAB642-AB7B-4804-83D9-20D16442CAE0}.Release|x86.ActiveCfg = Release|Any CPU
		{45CAB642-AB7B-4804-83D9-20D16442CAE0}.Release|x86.Build.0 = Release|Any CPU
		{1DAF5573-7C26-4E19-B08E-72430C2AE28F}.Debug|Any CPU.ActiveCfg = Debug|Any CPU
		{1DAF5573-7C26-4E19-B08E-72430C2AE28F}.Debug|Any CPU.Build.0 = Debug|Any CPU
		{1DAF5573-7C26-4E19-B08E-72430C2AE28F}.Debug|Any CPU.Deploy.0 = Debug|Any CPU
		{1DAF5573-7C26-4E19-B08E-72430C2AE28F}.Debug|arm64.ActiveCfg = Debug|Any CPU
		{1DAF5573-7C26-4E19-B08E-72430C2AE28F}.Debug|arm64.Build.0 = Debug|Any CPU
		{1DAF5573-7C26-4E19-B08E-72430C2AE28F}.Debug|arm64.Deploy.0 = Debug|Any CPU
		{1DAF5573-7C26-4E19-B08E-72430C2AE28F}.Debug|x64.ActiveCfg = Debug|Any CPU
		{1DAF5573-7C26-4E19-B08E-72430C2AE28F}.Debug|x64.Build.0 = Debug|Any CPU
		{1DAF5573-7C26-4E19-B08E-72430C2AE28F}.Debug|x64.Deploy.0 = Debug|Any CPU
		{1DAF5573-7C26-4E19-B08E-72430C2AE28F}.Debug|x86.ActiveCfg = Debug|Any CPU
		{1DAF5573-7C26-4E19-B08E-72430C2AE28F}.Debug|x86.Build.0 = Debug|Any CPU
		{1DAF5573-7C26-4E19-B08E-72430C2AE28F}.Debug|x86.Deploy.0 = Debug|Any CPU
		{1DAF5573-7C26-4E19-B08E-72430C2AE28F}.Release|Any CPU.ActiveCfg = Release|Any CPU
		{1DAF5573-7C26-4E19-B08E-72430C2AE28F}.Release|Any CPU.Build.0 = Release|Any CPU
		{1DAF5573-7C26-4E19-B08E-72430C2AE28F}.Release|Any CPU.Deploy.0 = Release|Any CPU
		{1DAF5573-7C26-4E19-B08E-72430C2AE28F}.Release|arm64.ActiveCfg = Release|Any CPU
		{1DAF5573-7C26-4E19-B08E-72430C2AE28F}.Release|arm64.Build.0 = Release|Any CPU
		{1DAF5573-7C26-4E19-B08E-72430C2AE28F}.Release|arm64.Deploy.0 = Release|Any CPU
		{1DAF5573-7C26-4E19-B08E-72430C2AE28F}.Release|x64.ActiveCfg = Release|Any CPU
		{1DAF5573-7C26-4E19-B08E-72430C2AE28F}.Release|x64.Build.0 = Release|Any CPU
		{1DAF5573-7C26-4E19-B08E-72430C2AE28F}.Release|x64.Deploy.0 = Release|Any CPU
		{1DAF5573-7C26-4E19-B08E-72430C2AE28F}.Release|x86.ActiveCfg = Release|Any CPU
		{1DAF5573-7C26-4E19-B08E-72430C2AE28F}.Release|x86.Build.0 = Release|Any CPU
		{1DAF5573-7C26-4E19-B08E-72430C2AE28F}.Release|x86.Deploy.0 = Release|Any CPU
		{EA5CB2A8-4714-4CE2-80D9-89AC11175E70}.Debug|Any CPU.ActiveCfg = Debug|Any CPU
		{EA5CB2A8-4714-4CE2-80D9-89AC11175E70}.Debug|Any CPU.Build.0 = Debug|Any CPU
		{EA5CB2A8-4714-4CE2-80D9-89AC11175E70}.Debug|arm64.ActiveCfg = Debug|Any CPU
		{EA5CB2A8-4714-4CE2-80D9-89AC11175E70}.Debug|arm64.Build.0 = Debug|Any CPU
		{EA5CB2A8-4714-4CE2-80D9-89AC11175E70}.Debug|x64.ActiveCfg = Debug|Any CPU
		{EA5CB2A8-4714-4CE2-80D9-89AC11175E70}.Debug|x64.Build.0 = Debug|Any CPU
		{EA5CB2A8-4714-4CE2-80D9-89AC11175E70}.Debug|x86.ActiveCfg = Debug|Any CPU
		{EA5CB2A8-4714-4CE2-80D9-89AC11175E70}.Debug|x86.Build.0 = Debug|Any CPU
		{EA5CB2A8-4714-4CE2-80D9-89AC11175E70}.Release|Any CPU.ActiveCfg = Release|Any CPU
		{EA5CB2A8-4714-4CE2-80D9-89AC11175E70}.Release|Any CPU.Build.0 = Release|Any CPU
		{EA5CB2A8-4714-4CE2-80D9-89AC11175E70}.Release|arm64.ActiveCfg = Release|Any CPU
		{EA5CB2A8-4714-4CE2-80D9-89AC11175E70}.Release|arm64.Build.0 = Release|Any CPU
		{EA5CB2A8-4714-4CE2-80D9-89AC11175E70}.Release|x64.ActiveCfg = Release|Any CPU
		{EA5CB2A8-4714-4CE2-80D9-89AC11175E70}.Release|x64.Build.0 = Release|Any CPU
		{EA5CB2A8-4714-4CE2-80D9-89AC11175E70}.Release|x86.ActiveCfg = Release|Any CPU
		{EA5CB2A8-4714-4CE2-80D9-89AC11175E70}.Release|x86.Build.0 = Release|Any CPU
		{A2CA172A-7752-4357-A905-044C4B3EABB8}.Debug|Any CPU.ActiveCfg = Debug|Any CPU
		{A2CA172A-7752-4357-A905-044C4B3EABB8}.Debug|Any CPU.Build.0 = Debug|Any CPU
		{A2CA172A-7752-4357-A905-044C4B3EABB8}.Debug|arm64.ActiveCfg = Debug|Any CPU
		{A2CA172A-7752-4357-A905-044C4B3EABB8}.Debug|arm64.Build.0 = Debug|Any CPU
		{A2CA172A-7752-4357-A905-044C4B3EABB8}.Debug|x64.ActiveCfg = Debug|Any CPU
		{A2CA172A-7752-4357-A905-044C4B3EABB8}.Debug|x64.Build.0 = Debug|Any CPU
		{A2CA172A-7752-4357-A905-044C4B3EABB8}.Debug|x86.ActiveCfg = Debug|Any CPU
		{A2CA172A-7752-4357-A905-044C4B3EABB8}.Debug|x86.Build.0 = Debug|Any CPU
		{A2CA172A-7752-4357-A905-044C4B3EABB8}.Release|Any CPU.ActiveCfg = Release|Any CPU
		{A2CA172A-7752-4357-A905-044C4B3EABB8}.Release|Any CPU.Build.0 = Release|Any CPU
		{A2CA172A-7752-4357-A905-044C4B3EABB8}.Release|arm64.ActiveCfg = Release|Any CPU
		{A2CA172A-7752-4357-A905-044C4B3EABB8}.Release|arm64.Build.0 = Release|Any CPU
		{A2CA172A-7752-4357-A905-044C4B3EABB8}.Release|x64.ActiveCfg = Release|Any CPU
		{A2CA172A-7752-4357-A905-044C4B3EABB8}.Release|x64.Build.0 = Release|Any CPU
		{A2CA172A-7752-4357-A905-044C4B3EABB8}.Release|x86.ActiveCfg = Release|Any CPU
		{A2CA172A-7752-4357-A905-044C4B3EABB8}.Release|x86.Build.0 = Release|Any CPU
		{6767435A-5201-4319-8127-DC0686CEE8AC}.Debug|Any CPU.ActiveCfg = Debug|x64
		{6767435A-5201-4319-8127-DC0686CEE8AC}.Debug|Any CPU.Build.0 = Debug|x64
		{6767435A-5201-4319-8127-DC0686CEE8AC}.Debug|Any CPU.Deploy.0 = Debug|x64
		{6767435A-5201-4319-8127-DC0686CEE8AC}.Debug|arm64.ActiveCfg = Debug|arm64
		{6767435A-5201-4319-8127-DC0686CEE8AC}.Debug|arm64.Build.0 = Debug|arm64
		{6767435A-5201-4319-8127-DC0686CEE8AC}.Debug|arm64.Deploy.0 = Debug|arm64
		{6767435A-5201-4319-8127-DC0686CEE8AC}.Debug|x64.ActiveCfg = Debug|x64
		{6767435A-5201-4319-8127-DC0686CEE8AC}.Debug|x64.Build.0 = Debug|x64
		{6767435A-5201-4319-8127-DC0686CEE8AC}.Debug|x64.Deploy.0 = Debug|x64
		{6767435A-5201-4319-8127-DC0686CEE8AC}.Debug|x86.ActiveCfg = Debug|x86
		{6767435A-5201-4319-8127-DC0686CEE8AC}.Debug|x86.Build.0 = Debug|x86
		{6767435A-5201-4319-8127-DC0686CEE8AC}.Debug|x86.Deploy.0 = Debug|x86
		{6767435A-5201-4319-8127-DC0686CEE8AC}.Release|Any CPU.ActiveCfg = Release|x64
		{6767435A-5201-4319-8127-DC0686CEE8AC}.Release|Any CPU.Build.0 = Release|x64
		{6767435A-5201-4319-8127-DC0686CEE8AC}.Release|Any CPU.Deploy.0 = Release|x64
		{6767435A-5201-4319-8127-DC0686CEE8AC}.Release|arm64.ActiveCfg = Release|arm64
		{6767435A-5201-4319-8127-DC0686CEE8AC}.Release|arm64.Build.0 = Release|arm64
		{6767435A-5201-4319-8127-DC0686CEE8AC}.Release|arm64.Deploy.0 = Release|arm64
		{6767435A-5201-4319-8127-DC0686CEE8AC}.Release|x64.ActiveCfg = Release|x64
		{6767435A-5201-4319-8127-DC0686CEE8AC}.Release|x64.Build.0 = Release|x64
		{6767435A-5201-4319-8127-DC0686CEE8AC}.Release|x64.Deploy.0 = Release|x64
		{6767435A-5201-4319-8127-DC0686CEE8AC}.Release|x86.ActiveCfg = Release|x86
		{6767435A-5201-4319-8127-DC0686CEE8AC}.Release|x86.Build.0 = Release|x86
		{6767435A-5201-4319-8127-DC0686CEE8AC}.Release|x86.Deploy.0 = Release|x86
		{924653F8-A5D8-4929-906C-15EF812190B5}.Debug|Any CPU.ActiveCfg = Debug|Any CPU
		{924653F8-A5D8-4929-906C-15EF812190B5}.Debug|Any CPU.Build.0 = Debug|Any CPU
		{924653F8-A5D8-4929-906C-15EF812190B5}.Debug|arm64.ActiveCfg = Debug|Any CPU
		{924653F8-A5D8-4929-906C-15EF812190B5}.Debug|arm64.Build.0 = Debug|Any CPU
		{924653F8-A5D8-4929-906C-15EF812190B5}.Debug|x64.ActiveCfg = Debug|Any CPU
		{924653F8-A5D8-4929-906C-15EF812190B5}.Debug|x64.Build.0 = Debug|Any CPU
		{924653F8-A5D8-4929-906C-15EF812190B5}.Debug|x86.ActiveCfg = Debug|Any CPU
		{924653F8-A5D8-4929-906C-15EF812190B5}.Debug|x86.Build.0 = Debug|Any CPU
		{924653F8-A5D8-4929-906C-15EF812190B5}.Release|Any CPU.ActiveCfg = Release|Any CPU
		{924653F8-A5D8-4929-906C-15EF812190B5}.Release|Any CPU.Build.0 = Release|Any CPU
		{924653F8-A5D8-4929-906C-15EF812190B5}.Release|arm64.ActiveCfg = Release|Any CPU
		{924653F8-A5D8-4929-906C-15EF812190B5}.Release|arm64.Build.0 = Release|Any CPU
		{924653F8-A5D8-4929-906C-15EF812190B5}.Release|x64.ActiveCfg = Release|Any CPU
		{924653F8-A5D8-4929-906C-15EF812190B5}.Release|x64.Build.0 = Release|Any CPU
		{924653F8-A5D8-4929-906C-15EF812190B5}.Release|x86.ActiveCfg = Release|Any CPU
		{924653F8-A5D8-4929-906C-15EF812190B5}.Release|x86.Build.0 = Release|Any CPU
	EndGlobalSection
	GlobalSection(SolutionProperties) = preSolution
		HideSolutionNode = FALSE
	EndGlobalSection
	GlobalSection(NestedProjects) = preSolution
		{F70472B9-5F76-4D2F-B308-0B711E053210} = {46CC7847-E5D0-4458-BB0A-C2BE6E41A8AE}
		{45CAB642-AB7B-4804-83D9-20D16442CAE0} = {46CC7847-E5D0-4458-BB0A-C2BE6E41A8AE}
		{1DAF5573-7C26-4E19-B08E-72430C2AE28F} = {46CC7847-E5D0-4458-BB0A-C2BE6E41A8AE}
		{EA5CB2A8-4714-4CE2-80D9-89AC11175E70} = {46CC7847-E5D0-4458-BB0A-C2BE6E41A8AE}
		{A2CA172A-7752-4357-A905-044C4B3EABB8} = {46CC7847-E5D0-4458-BB0A-C2BE6E41A8AE}
		{6767435A-5201-4319-8127-DC0686CEE8AC} = {46CC7847-E5D0-4458-BB0A-C2BE6E41A8AE}
		{924653F8-A5D8-4929-906C-15EF812190B5} = {46CC7847-E5D0-4458-BB0A-C2BE6E41A8AE}
	EndGlobalSection
	GlobalSection(ExtensibilityGlobals) = postSolution
		SolutionGuid = {F9AC1BB1-D103-4BD6-ACF1-CEA6B5A3F3E2}
	EndGlobalSection
EndGlobal
