
Microsoft Visual Studio Solution File, Format Version 12.00
# Visual Studio Version 17
VisualStudioVersion = 17.5.33516.290
MinimumVisualStudioVersion = 10.0.40219.1
Project("{FAE04EC0-301F-11D3-BF4B-00C04F79EFBC}") = "MZikmund.App", "MZikmund.App\MZikmund.App.csproj", "{96ADF29A-A0D7-451F-AF57-59122052CF3C}"
EndProject
Project("{2150E333-8FDC-42A3-9474-1A3956D46DE8}") = "Backend", "Backend", "{797551F4-2196-4E76-9354-820C2DDA8DEF}"
EndProject
Project("{9A19103F-16F7-4668-BE54-9A1E7A4F7556}") = "MZikmund.App.Server", "MZikmund.App.Server\MZikmund.App.Server.csproj", "{0D1D08D6-9F96-4118-8235-414117195B1F}"
EndProject
Project("{2150E333-8FDC-42A3-9474-1A3956D46DE8}") = "Platforms", "Platforms", "{24B0B38D-E48C-45FB-A583-34E09773207F}"
EndProject
Project("{9A19103F-16F7-4668-BE54-9A1E7A4F7556}") = "MZikmund.App.Mobile", "MZikmund.App.Mobile\MZikmund.App.Mobile.csproj", "{4B7E2A9E-4A5F-40A6-8BFC-5A3AEBD308EA}"
EndProject
Project("{9A19103F-16F7-4668-BE54-9A1E7A4F7556}") = "MZikmund.App.Windows", "MZikmund.App.Windows\MZikmund.App.Windows.csproj", "{53E0A2E3-69DB-4BFA-A82C-64209A116933}"
EndProject
Project("{9A19103F-16F7-4668-BE54-9A1E7A4F7556}") = "MZikmund.App.Wasm", "MZikmund.App.Wasm\MZikmund.App.Wasm.csproj", "{F96A897D-A17A-487D-B149-22D64EBDD9D2}"
EndProject
Project("{9A19103F-16F7-4668-BE54-9A1E7A4F7556}") = "MZikmund.App.Skia.Gtk", "MZikmund.App.Skia.Gtk\MZikmund.App.Skia.Gtk.csproj", "{9311D91E-1CFA-40F9-AF4D-2AF1E52632BB}"
EndProject
Project("{9A19103F-16F7-4668-BE54-9A1E7A4F7556}") = "MZikmund.App.Skia.Wpf", "MZikmund.App.Skia.WPF\MZikmund.App.Skia.Wpf.csproj", "{9568E535-8EB9-4A8E-9D40-43E2C2E4118D}"
EndProject
Project("{9A19103F-16F7-4668-BE54-9A1E7A4F7556}") = "MZikmund.App.Skia.Linux.FrameBuffer", "MZikmund.App.Skia.Linux.FrameBuffer\MZikmund.App.Skia.Linux.FrameBuffer.csproj", "{C906D5C1-E82C-41BA-96CF-DB5AEFBA195D}"
EndProject
Global
	GlobalSection(SolutionConfigurationPlatforms) = preSolution
		Debug|Any CPU = Debug|Any CPU
		Debug|arm64 = Debug|arm64
		Debug|x64 = Debug|x64
		Debug|x86 = Debug|x86
		Release|Any CPU = Release|Any CPU
		Release|arm64 = Release|arm64
		Release|x64 = Release|x64
		Release|x86 = Release|x86
	EndGlobalSection
	GlobalSection(ProjectConfigurationPlatforms) = postSolution
		{96ADF29A-A0D7-451F-AF57-59122052CF3C}.Debug|Any CPU.ActiveCfg = Debug|Any CPU
		{96ADF29A-A0D7-451F-AF57-59122052CF3C}.Debug|Any CPU.Build.0 = Debug|Any CPU
		{96ADF29A-A0D7-451F-AF57-59122052CF3C}.Debug|arm64.ActiveCfg = Debug|Any CPU
		{96ADF29A-A0D7-451F-AF57-59122052CF3C}.Debug|arm64.Build.0 = Debug|Any CPU
		{96ADF29A-A0D7-451F-AF57-59122052CF3C}.Debug|x64.ActiveCfg = Debug|Any CPU
		{96ADF29A-A0D7-451F-AF57-59122052CF3C}.Debug|x64.Build.0 = Debug|Any CPU
		{96ADF29A-A0D7-451F-AF57-59122052CF3C}.Debug|x86.ActiveCfg = Debug|Any CPU
		{96ADF29A-A0D7-451F-AF57-59122052CF3C}.Debug|x86.Build.0 = Debug|Any CPU
		{96ADF29A-A0D7-451F-AF57-59122052CF3C}.Release|Any CPU.ActiveCfg = Release|Any CPU
		{96ADF29A-A0D7-451F-AF57-59122052CF3C}.Release|Any CPU.Build.0 = Release|Any CPU
		{96ADF29A-A0D7-451F-AF57-59122052CF3C}.Release|arm64.ActiveCfg = Release|Any CPU
		{96ADF29A-A0D7-451F-AF57-59122052CF3C}.Release|arm64.Build.0 = Release|Any CPU
		{96ADF29A-A0D7-451F-AF57-59122052CF3C}.Release|x64.ActiveCfg = Release|Any CPU
		{96ADF29A-A0D7-451F-AF57-59122052CF3C}.Release|x64.Build.0 = Release|Any CPU
		{96ADF29A-A0D7-451F-AF57-59122052CF3C}.Release|x86.ActiveCfg = Release|Any CPU
		{96ADF29A-A0D7-451F-AF57-59122052CF3C}.Release|x86.Build.0 = Release|Any CPU
		{0D1D08D6-9F96-4118-8235-414117195B1F}.Debug|Any CPU.ActiveCfg = Debug|Any CPU
		{0D1D08D6-9F96-4118-8235-414117195B1F}.Debug|Any CPU.Build.0 = Debug|Any CPU
		{0D1D08D6-9F96-4118-8235-414117195B1F}.Debug|arm64.ActiveCfg = Debug|Any CPU
		{0D1D08D6-9F96-4118-8235-414117195B1F}.Debug|arm64.Build.0 = Debug|Any CPU
		{0D1D08D6-9F96-4118-8235-414117195B1F}.Debug|x64.ActiveCfg = Debug|Any CPU
		{0D1D08D6-9F96-4118-8235-414117195B1F}.Debug|x64.Build.0 = Debug|Any CPU
		{0D1D08D6-9F96-4118-8235-414117195B1F}.Debug|x86.ActiveCfg = Debug|Any CPU
		{0D1D08D6-9F96-4118-8235-414117195B1F}.Debug|x86.Build.0 = Debug|Any CPU
		{0D1D08D6-9F96-4118-8235-414117195B1F}.Release|Any CPU.ActiveCfg = Release|Any CPU
		{0D1D08D6-9F96-4118-8235-414117195B1F}.Release|Any CPU.Build.0 = Release|Any CPU
		{0D1D08D6-9F96-4118-8235-414117195B1F}.Release|arm64.ActiveCfg = Release|Any CPU
		{0D1D08D6-9F96-4118-8235-414117195B1F}.Release|arm64.Build.0 = Release|Any CPU
		{0D1D08D6-9F96-4118-8235-414117195B1F}.Release|x64.ActiveCfg = Release|Any CPU
		{0D1D08D6-9F96-4118-8235-414117195B1F}.Release|x64.Build.0 = Release|Any CPU
		{0D1D08D6-9F96-4118-8235-414117195B1F}.Release|x86.ActiveCfg = Release|Any CPU
		{0D1D08D6-9F96-4118-8235-414117195B1F}.Release|x86.Build.0 = Release|Any CPU
		{4B7E2A9E-4A5F-40A6-8BFC-5A3AEBD308EA}.Debug|Any CPU.ActiveCfg = Debug|Any CPU
		{4B7E2A9E-4A5F-40A6-8BFC-5A3AEBD308EA}.Debug|Any CPU.Build.0 = Debug|Any CPU
		{4B7E2A9E-4A5F-40A6-8BFC-5A3AEBD308EA}.Debug|Any CPU.Deploy.0 = Debug|Any CPU
		{4B7E2A9E-4A5F-40A6-8BFC-5A3AEBD308EA}.Debug|arm64.ActiveCfg = Debug|Any CPU
		{4B7E2A9E-4A5F-40A6-8BFC-5A3AEBD308EA}.Debug|arm64.Build.0 = Debug|Any CPU
		{4B7E2A9E-4A5F-40A6-8BFC-5A3AEBD308EA}.Debug|arm64.Deploy.0 = Debug|Any CPU
		{4B7E2A9E-4A5F-40A6-8BFC-5A3AEBD308EA}.Debug|x64.ActiveCfg = Debug|Any CPU
		{4B7E2A9E-4A5F-40A6-8BFC-5A3AEBD308EA}.Debug|x64.Build.0 = Debug|Any CPU
		{4B7E2A9E-4A5F-40A6-8BFC-5A3AEBD308EA}.Debug|x64.Deploy.0 = Debug|Any CPU
		{4B7E2A9E-4A5F-40A6-8BFC-5A3AEBD308EA}.Debug|x86.ActiveCfg = Debug|Any CPU
		{4B7E2A9E-4A5F-40A6-8BFC-5A3AEBD308EA}.Debug|x86.Build.0 = Debug|Any CPU
		{4B7E2A9E-4A5F-40A6-8BFC-5A3AEBD308EA}.Debug|x86.Deploy.0 = Debug|Any CPU
		{4B7E2A9E-4A5F-40A6-8BFC-5A3AEBD308EA}.Release|Any CPU.ActiveCfg = Release|Any CPU
		{4B7E2A9E-4A5F-40A6-8BFC-5A3AEBD308EA}.Release|Any CPU.Build.0 = Release|Any CPU
		{4B7E2A9E-4A5F-40A6-8BFC-5A3AEBD308EA}.Release|Any CPU.Deploy.0 = Release|Any CPU
		{4B7E2A9E-4A5F-40A6-8BFC-5A3AEBD308EA}.Release|arm64.ActiveCfg = Release|Any CPU
		{4B7E2A9E-4A5F-40A6-8BFC-5A3AEBD308EA}.Release|arm64.Build.0 = Release|Any CPU
		{4B7E2A9E-4A5F-40A6-8BFC-5A3AEBD308EA}.Release|arm64.Deploy.0 = Release|Any CPU
		{4B7E2A9E-4A5F-40A6-8BFC-5A3AEBD308EA}.Release|x64.ActiveCfg = Release|Any CPU
		{4B7E2A9E-4A5F-40A6-8BFC-5A3AEBD308EA}.Release|x64.Build.0 = Release|Any CPU
		{4B7E2A9E-4A5F-40A6-8BFC-5A3AEBD308EA}.Release|x64.Deploy.0 = Release|Any CPU
		{4B7E2A9E-4A5F-40A6-8BFC-5A3AEBD308EA}.Release|x86.ActiveCfg = Release|Any CPU
		{4B7E2A9E-4A5F-40A6-8BFC-5A3AEBD308EA}.Release|x86.Build.0 = Release|Any CPU
		{4B7E2A9E-4A5F-40A6-8BFC-5A3AEBD308EA}.Release|x86.Deploy.0 = Release|Any CPU
		{53E0A2E3-69DB-4BFA-A82C-64209A116933}.Debug|Any CPU.ActiveCfg = Debug|x64
		{53E0A2E3-69DB-4BFA-A82C-64209A116933}.Debug|Any CPU.Build.0 = Debug|x64
		{53E0A2E3-69DB-4BFA-A82C-64209A116933}.Debug|Any CPU.Deploy.0 = Debug|x64
		{53E0A2E3-69DB-4BFA-A82C-64209A116933}.Debug|arm64.ActiveCfg = Debug|arm64
		{53E0A2E3-69DB-4BFA-A82C-64209A116933}.Debug|arm64.Build.0 = Debug|arm64
		{53E0A2E3-69DB-4BFA-A82C-64209A116933}.Debug|arm64.Deploy.0 = Debug|arm64
		{53E0A2E3-69DB-4BFA-A82C-64209A116933}.Debug|x64.ActiveCfg = Debug|x64
		{53E0A2E3-69DB-4BFA-A82C-64209A116933}.Debug|x64.Build.0 = Debug|x64
		{53E0A2E3-69DB-4BFA-A82C-64209A116933}.Debug|x64.Deploy.0 = Debug|x64
		{53E0A2E3-69DB-4BFA-A82C-64209A116933}.Debug|x86.ActiveCfg = Debug|x86
		{53E0A2E3-69DB-4BFA-A82C-64209A116933}.Debug|x86.Build.0 = Debug|x86
		{53E0A2E3-69DB-4BFA-A82C-64209A116933}.Debug|x86.Deploy.0 = Debug|x86
		{53E0A2E3-69DB-4BFA-A82C-64209A116933}.Release|Any CPU.ActiveCfg = Release|x64
		{53E0A2E3-69DB-4BFA-A82C-64209A116933}.Release|Any CPU.Build.0 = Release|x64
		{53E0A2E3-69DB-4BFA-A82C-64209A116933}.Release|Any CPU.Deploy.0 = Release|x64
		{53E0A2E3-69DB-4BFA-A82C-64209A116933}.Release|arm64.ActiveCfg = Release|arm64
		{53E0A2E3-69DB-4BFA-A82C-64209A116933}.Release|arm64.Build.0 = Release|arm64
		{53E0A2E3-69DB-4BFA-A82C-64209A116933}.Release|arm64.Deploy.0 = Release|arm64
		{53E0A2E3-69DB-4BFA-A82C-64209A116933}.Release|x64.ActiveCfg = Release|x64
		{53E0A2E3-69DB-4BFA-A82C-64209A116933}.Release|x64.Build.0 = Release|x64
		{53E0A2E3-69DB-4BFA-A82C-64209A116933}.Release|x64.Deploy.0 = Release|x64
		{53E0A2E3-69DB-4BFA-A82C-64209A116933}.Release|x86.ActiveCfg = Release|x86
		{53E0A2E3-69DB-4BFA-A82C-64209A116933}.Release|x86.Build.0 = Release|x86
		{53E0A2E3-69DB-4BFA-A82C-64209A116933}.Release|x86.Deploy.0 = Release|x86
		{F96A897D-A17A-487D-B149-22D64EBDD9D2}.Debug|Any CPU.ActiveCfg = Debug|Any CPU
		{F96A897D-A17A-487D-B149-22D64EBDD9D2}.Debug|Any CPU.Build.0 = Debug|Any CPU
		{F96A897D-A17A-487D-B149-22D64EBDD9D2}.Debug|arm64.ActiveCfg = Debug|Any CPU
		{F96A897D-A17A-487D-B149-22D64EBDD9D2}.Debug|arm64.Build.0 = Debug|Any CPU
		{F96A897D-A17A-487D-B149-22D64EBDD9D2}.Debug|x64.ActiveCfg = Debug|Any CPU
		{F96A897D-A17A-487D-B149-22D64EBDD9D2}.Debug|x64.Build.0 = Debug|Any CPU
		{F96A897D-A17A-487D-B149-22D64EBDD9D2}.Debug|x86.ActiveCfg = Debug|Any CPU
		{F96A897D-A17A-487D-B149-22D64EBDD9D2}.Debug|x86.Build.0 = Debug|Any CPU
		{F96A897D-A17A-487D-B149-22D64EBDD9D2}.Release|Any CPU.ActiveCfg = Release|Any CPU
		{F96A897D-A17A-487D-B149-22D64EBDD9D2}.Release|Any CPU.Build.0 = Release|Any CPU
		{F96A897D-A17A-487D-B149-22D64EBDD9D2}.Release|arm64.ActiveCfg = Release|Any CPU
		{F96A897D-A17A-487D-B149-22D64EBDD9D2}.Release|arm64.Build.0 = Release|Any CPU
		{F96A897D-A17A-487D-B149-22D64EBDD9D2}.Release|x64.ActiveCfg = Release|Any CPU
		{F96A897D-A17A-487D-B149-22D64EBDD9D2}.Release|x64.Build.0 = Release|Any CPU
		{F96A897D-A17A-487D-B149-22D64EBDD9D2}.Release|x86.ActiveCfg = Release|Any CPU
		{F96A897D-A17A-487D-B149-22D64EBDD9D2}.Release|x86.Build.0 = Release|Any CPU
		{9311D91E-1CFA-40F9-AF4D-2AF1E52632BB}.Debug|Any CPU.ActiveCfg = Debug|Any CPU
		{9311D91E-1CFA-40F9-AF4D-2AF1E52632BB}.Debug|Any CPU.Build.0 = Debug|Any CPU
		{9311D91E-1CFA-40F9-AF4D-2AF1E52632BB}.Debug|arm64.ActiveCfg = Debug|Any CPU
		{9311D91E-1CFA-40F9-AF4D-2AF1E52632BB}.Debug|arm64.Build.0 = Debug|Any CPU
		{9311D91E-1CFA-40F9-AF4D-2AF1E52632BB}.Debug|x64.ActiveCfg = Debug|Any CPU
		{9311D91E-1CFA-40F9-AF4D-2AF1E52632BB}.Debug|x64.Build.0 = Debug|Any CPU
		{9311D91E-1CFA-40F9-AF4D-2AF1E52632BB}.Debug|x86.ActiveCfg = Debug|Any CPU
		{9311D91E-1CFA-40F9-AF4D-2AF1E52632BB}.Debug|x86.Build.0 = Debug|Any CPU
		{9311D91E-1CFA-40F9-AF4D-2AF1E52632BB}.Release|Any CPU.ActiveCfg = Release|Any CPU
		{9311D91E-1CFA-40F9-AF4D-2AF1E52632BB}.Release|Any CPU.Build.0 = Release|Any CPU
		{9311D91E-1CFA-40F9-AF4D-2AF1E52632BB}.Release|arm64.ActiveCfg = Release|Any CPU
		{9311D91E-1CFA-40F9-AF4D-2AF1E52632BB}.Release|arm64.Build.0 = Release|Any CPU
		{9311D91E-1CFA-40F9-AF4D-2AF1E52632BB}.Release|x64.ActiveCfg = Release|Any CPU
		{9311D91E-1CFA-40F9-AF4D-2AF1E52632BB}.Release|x64.Build.0 = Release|Any CPU
		{9311D91E-1CFA-40F9-AF4D-2AF1E52632BB}.Release|x86.ActiveCfg = Release|Any CPU
		{9311D91E-1CFA-40F9-AF4D-2AF1E52632BB}.Release|x86.Build.0 = Release|Any CPU
		{9568E535-8EB9-4A8E-9D40-43E2C2E4118D}.Debug|Any CPU.ActiveCfg = Debug|Any CPU
		{9568E535-8EB9-4A8E-9D40-43E2C2E4118D}.Debug|Any CPU.Build.0 = Debug|Any CPU
		{9568E535-8EB9-4A8E-9D40-43E2C2E4118D}.Debug|arm64.ActiveCfg = Debug|Any CPU
		{9568E535-8EB9-4A8E-9D40-43E2C2E4118D}.Debug|arm64.Build.0 = Debug|Any CPU
		{9568E535-8EB9-4A8E-9D40-43E2C2E4118D}.Debug|x64.ActiveCfg = Debug|Any CPU
		{9568E535-8EB9-4A8E-9D40-43E2C2E4118D}.Debug|x64.Build.0 = Debug|Any CPU
		{9568E535-8EB9-4A8E-9D40-43E2C2E4118D}.Debug|x86.ActiveCfg = Debug|Any CPU
		{9568E535-8EB9-4A8E-9D40-43E2C2E4118D}.Debug|x86.Build.0 = Debug|Any CPU
		{9568E535-8EB9-4A8E-9D40-43E2C2E4118D}.Release|Any CPU.ActiveCfg = Release|Any CPU
		{9568E535-8EB9-4A8E-9D40-43E2C2E4118D}.Release|Any CPU.Build.0 = Release|Any CPU
		{9568E535-8EB9-4A8E-9D40-43E2C2E4118D}.Release|arm64.ActiveCfg = Release|Any CPU
		{9568E535-8EB9-4A8E-9D40-43E2C2E4118D}.Release|arm64.Build.0 = Release|Any CPU
		{9568E535-8EB9-4A8E-9D40-43E2C2E4118D}.Release|x64.ActiveCfg = Release|Any CPU
		{9568E535-8EB9-4A8E-9D40-43E2C2E4118D}.Release|x64.Build.0 = Release|Any CPU
		{9568E535-8EB9-4A8E-9D40-43E2C2E4118D}.Release|x86.ActiveCfg = Release|Any CPU
		{9568E535-8EB9-4A8E-9D40-43E2C2E4118D}.Release|x86.Build.0 = Release|Any CPU
		{C906D5C1-E82C-41BA-96CF-DB5AEFBA195D}.Debug|Any CPU.ActiveCfg = Debug|Any CPU
		{C906D5C1-E82C-41BA-96CF-DB5AEFBA195D}.Debug|Any CPU.Build.0 = Debug|Any CPU
		{C906D5C1-E82C-41BA-96CF-DB5AEFBA195D}.Debug|arm64.ActiveCfg = Debug|Any CPU
		{C906D5C1-E82C-41BA-96CF-DB5AEFBA195D}.Debug|arm64.Build.0 = Debug|Any CPU
		{C906D5C1-E82C-41BA-96CF-DB5AEFBA195D}.Debug|x64.ActiveCfg = Debug|Any CPU
		{C906D5C1-E82C-41BA-96CF-DB5AEFBA195D}.Debug|x64.Build.0 = Debug|Any CPU
		{C906D5C1-E82C-41BA-96CF-DB5AEFBA195D}.Debug|x86.ActiveCfg = Debug|Any CPU
		{C906D5C1-E82C-41BA-96CF-DB5AEFBA195D}.Debug|x86.Build.0 = Debug|Any CPU
		{C906D5C1-E82C-41BA-96CF-DB5AEFBA195D}.Release|Any CPU.ActiveCfg = Release|Any CPU
		{C906D5C1-E82C-41BA-96CF-DB5AEFBA195D}.Release|Any CPU.Build.0 = Release|Any CPU
		{C906D5C1-E82C-41BA-96CF-DB5AEFBA195D}.Release|arm64.ActiveCfg = Release|Any CPU
		{C906D5C1-E82C-41BA-96CF-DB5AEFBA195D}.Release|arm64.Build.0 = Release|Any CPU
		{C906D5C1-E82C-41BA-96CF-DB5AEFBA195D}.Release|x64.ActiveCfg = Release|Any CPU
		{C906D5C1-E82C-41BA-96CF-DB5AEFBA195D}.Release|x64.Build.0 = Release|Any CPU
		{C906D5C1-E82C-41BA-96CF-DB5AEFBA195D}.Release|x86.ActiveCfg = Release|Any CPU
		{C906D5C1-E82C-41BA-96CF-DB5AEFBA195D}.Release|x86.Build.0 = Release|Any CPU
	EndGlobalSection
	GlobalSection(SolutionProperties) = preSolution
		HideSolutionNode = FALSE
	EndGlobalSection
	GlobalSection(NestedProjects) = preSolution
		{0D1D08D6-9F96-4118-8235-414117195B1F} = {797551F4-2196-4E76-9354-820C2DDA8DEF}
		{4B7E2A9E-4A5F-40A6-8BFC-5A3AEBD308EA} = {24B0B38D-E48C-45FB-A583-34E09773207F}
		{53E0A2E3-69DB-4BFA-A82C-64209A116933} = {24B0B38D-E48C-45FB-A583-34E09773207F}
		{F96A897D-A17A-487D-B149-22D64EBDD9D2} = {24B0B38D-E48C-45FB-A583-34E09773207F}
		{9311D91E-1CFA-40F9-AF4D-2AF1E52632BB} = {24B0B38D-E48C-45FB-A583-34E09773207F}
		{9568E535-8EB9-4A8E-9D40-43E2C2E4118D} = {24B0B38D-E48C-45FB-A583-34E09773207F}
		{C906D5C1-E82C-41BA-96CF-DB5AEFBA195D} = {24B0B38D-E48C-45FB-A583-34E09773207F}
	EndGlobalSection
	GlobalSection(ExtensibilityGlobals) = postSolution
		SolutionGuid = {AA69930A-8AFC-481A-9C18-E95C5002274E}
	EndGlobalSection
EndGlobal
