
Microsoft Visual Studio Solution File, Format Version 12.00
# Visual Studio Version 17
VisualStudioVersion = 17.7.34009.444
MinimumVisualStudioVersion = 10.0.40219.1
Project("{2150E333-8FDC-42A3-9474-1A3956D46DE8}") = "Source", "Source", "{A9FB1AF0-B81E-4188-A82B-8F8306A399D4}"
EndProject
Project("{2150E333-8FDC-42A3-9474-1A3956D46DE8}") = "Platforms", "Platforms", "{1B6869D3-14D1-4807-AF40-F859F8275D7C}"
EndProject
Project("{9A19103F-16F7-4668-BE54-9A1E7A4F7556}") = "MZikmund.DataContracts", "MZikmund.DataContracts\MZikmund.DataContracts.csproj", "{D2B07EF5-1444-4CD8-A336-5EAE903EEC57}"
EndProject
Project("{9A19103F-16F7-4668-BE54-9A1E7A4F7556}") = "MZikmund", "MZikmund\MZikmund.csproj", "{C8E7F44D-7C9A-44A0-9510-C3A6574BC818}"
EndProject
Project("{9A19103F-16F7-4668-BE54-9A1E7A4F7556}") = "MZikmund.Base", "MZikmund.Base\MZikmund.Base.csproj", "{242F8FD2-2BF1-461F-9E1C-6C931FD44C71}"
EndProject
Project("{9A19103F-16F7-4668-BE54-9A1E7A4F7556}") = "MZikmund.Mobile", "MZikmund.Mobile\MZikmund.Mobile.csproj", "{E3818814-6267-457E-84C9-D4F30D29BB2C}"
EndProject
Project("{9A19103F-16F7-4668-BE54-9A1E7A4F7556}") = "MZikmund.Windows", "MZikmund.Windows\MZikmund.Windows.csproj", "{4C417D90-09AC-4EF4-9E02-A707F216E061}"
EndProject
Project("{9A19103F-16F7-4668-BE54-9A1E7A4F7556}") = "MZikmund.Wasm", "MZikmund.Wasm\MZikmund.Wasm.csproj", "{3C7FEB24-68CD-4C77-8A64-065DEE989AFF}"
EndProject
Project("{9A19103F-16F7-4668-BE54-9A1E7A4F7556}") = "MZikmund.Skia.Gtk", "MZikmund.Skia.Gtk\MZikmund.Skia.Gtk.csproj", "{E129B3F4-AE74-42AF-8E92-CC7E3A0DA0E0}"
EndProject
Project("{9A19103F-16F7-4668-BE54-9A1E7A4F7556}") = "MZikmund.Skia.Wpf", "MZikmund.Skia.WPF\MZikmund.Skia.Wpf.csproj", "{B600A976-AB91-409D-AA6A-F12304B34F65}"
EndProject
Project("{9A19103F-16F7-4668-BE54-9A1E7A4F7556}") = "MZikmund.Skia.Linux.FrameBuffer", "MZikmund.Skia.Linux.FrameBuffer\MZikmund.Skia.Linux.FrameBuffer.csproj", "{6F5D7C8E-E189-4E64-A001-4C1C039F56A5}"
EndProject
Project("{2150E333-8FDC-42A3-9474-1A3956D46DE8}") = "Solution Items", "Solution Items", "{65A4E5A6-AB83-4588-A2D0-3E23A83ED57C}"
	ProjectSection(SolutionItems) = preProject
		.gitignore = .gitignore
		Directory.Build.props = Directory.Build.props
		Directory.Build.targets = Directory.Build.targets
		Directory.Packages.props = Directory.Packages.props
		solution-config.props.sample = solution-config.props.sample
	EndProjectSection
EndProject
Global
	GlobalSection(SolutionConfigurationPlatforms) = preSolution
		Debug|Any CPU = Debug|Any CPU
		Debug|arm64 = Debug|arm64
		Debug|x64 = Debug|x64
		Debug|x86 = Debug|x86
		Release|Any CPU = Release|Any CPU
		Release|arm64 = Release|arm64
		Release|x64 = Release|x64
		Release|x86 = Release|x86
	EndGlobalSection
	GlobalSection(ProjectConfigurationPlatforms) = postSolution
		{D2B07EF5-1444-4CD8-A336-5EAE903EEC57}.Debug|Any CPU.ActiveCfg = Debug|Any CPU
		{D2B07EF5-1444-4CD8-A336-5EAE903EEC57}.Debug|Any CPU.Build.0 = Debug|Any CPU
		{D2B07EF5-1444-4CD8-A336-5EAE903EEC57}.Debug|arm64.ActiveCfg = Debug|Any CPU
		{D2B07EF5-1444-4CD8-A336-5EAE903EEC57}.Debug|arm64.Build.0 = Debug|Any CPU
		{D2B07EF5-1444-4CD8-A336-5EAE903EEC57}.Debug|x64.ActiveCfg = Debug|Any CPU
		{D2B07EF5-1444-4CD8-A336-5EAE903EEC57}.Debug|x64.Build.0 = Debug|Any CPU
		{D2B07EF5-1444-4CD8-A336-5EAE903EEC57}.Debug|x86.ActiveCfg = Debug|Any CPU
		{D2B07EF5-1444-4CD8-A336-5EAE903EEC57}.Debug|x86.Build.0 = Debug|Any CPU
		{D2B07EF5-1444-4CD8-A336-5EAE903EEC57}.Release|Any CPU.ActiveCfg = Release|Any CPU
		{D2B07EF5-1444-4CD8-A336-5EAE903EEC57}.Release|Any CPU.Build.0 = Release|Any CPU
		{D2B07EF5-1444-4CD8-A336-5EAE903EEC57}.Release|arm64.ActiveCfg = Release|Any CPU
		{D2B07EF5-1444-4CD8-A336-5EAE903EEC57}.Release|arm64.Build.0 = Release|Any CPU
		{D2B07EF5-1444-4CD8-A336-5EAE903EEC57}.Release|x64.ActiveCfg = Release|Any CPU
		{D2B07EF5-1444-4CD8-A336-5EAE903EEC57}.Release|x64.Build.0 = Release|Any CPU
		{D2B07EF5-1444-4CD8-A336-5EAE903EEC57}.Release|x86.ActiveCfg = Release|Any CPU
		{D2B07EF5-1444-4CD8-A336-5EAE903EEC57}.Release|x86.Build.0 = Release|Any CPU
		{C8E7F44D-7C9A-44A0-9510-C3A6574BC818}.Debug|Any CPU.ActiveCfg = Debug|Any CPU
		{C8E7F44D-7C9A-44A0-9510-C3A6574BC818}.Debug|Any CPU.Build.0 = Debug|Any CPU
		{C8E7F44D-7C9A-44A0-9510-C3A6574BC818}.Debug|arm64.ActiveCfg = Debug|Any CPU
		{C8E7F44D-7C9A-44A0-9510-C3A6574BC818}.Debug|arm64.Build.0 = Debug|Any CPU
		{C8E7F44D-7C9A-44A0-9510-C3A6574BC818}.Debug|x64.ActiveCfg = Debug|Any CPU
		{C8E7F44D-7C9A-44A0-9510-C3A6574BC818}.Debug|x64.Build.0 = Debug|Any CPU
		{C8E7F44D-7C9A-44A0-9510-C3A6574BC818}.Debug|x86.ActiveCfg = Debug|Any CPU
		{C8E7F44D-7C9A-44A0-9510-C3A6574BC818}.Debug|x86.Build.0 = Debug|Any CPU
		{C8E7F44D-7C9A-44A0-9510-C3A6574BC818}.Release|Any CPU.ActiveCfg = Release|Any CPU
		{C8E7F44D-7C9A-44A0-9510-C3A6574BC818}.Release|Any CPU.Build.0 = Release|Any CPU
		{C8E7F44D-7C9A-44A0-9510-C3A6574BC818}.Release|arm64.ActiveCfg = Release|Any CPU
		{C8E7F44D-7C9A-44A0-9510-C3A6574BC818}.Release|arm64.Build.0 = Release|Any CPU
		{C8E7F44D-7C9A-44A0-9510-C3A6574BC818}.Release|x64.ActiveCfg = Release|Any CPU
		{C8E7F44D-7C9A-44A0-9510-C3A6574BC818}.Release|x64.Build.0 = Release|Any CPU
		{C8E7F44D-7C9A-44A0-9510-C3A6574BC818}.Release|x86.ActiveCfg = Release|Any CPU
		{C8E7F44D-7C9A-44A0-9510-C3A6574BC818}.Release|x86.Build.0 = Release|Any CPU
		{242F8FD2-2BF1-461F-9E1C-6C931FD44C71}.Debug|Any CPU.ActiveCfg = Debug|Any CPU
		{242F8FD2-2BF1-461F-9E1C-6C931FD44C71}.Debug|Any CPU.Build.0 = Debug|Any CPU
		{242F8FD2-2BF1-461F-9E1C-6C931FD44C71}.Debug|arm64.ActiveCfg = Debug|Any CPU
		{242F8FD2-2BF1-461F-9E1C-6C931FD44C71}.Debug|arm64.Build.0 = Debug|Any CPU
		{242F8FD2-2BF1-461F-9E1C-6C931FD44C71}.Debug|x64.ActiveCfg = Debug|Any CPU
		{242F8FD2-2BF1-461F-9E1C-6C931FD44C71}.Debug|x64.Build.0 = Debug|Any CPU
		{242F8FD2-2BF1-461F-9E1C-6C931FD44C71}.Debug|x86.ActiveCfg = Debug|Any CPU
		{242F8FD2-2BF1-461F-9E1C-6C931FD44C71}.Debug|x86.Build.0 = Debug|Any CPU
		{242F8FD2-2BF1-461F-9E1C-6C931FD44C71}.Release|Any CPU.ActiveCfg = Release|Any CPU
		{242F8FD2-2BF1-461F-9E1C-6C931FD44C71}.Release|Any CPU.Build.0 = Release|Any CPU
		{242F8FD2-2BF1-461F-9E1C-6C931FD44C71}.Release|arm64.ActiveCfg = Release|Any CPU
		{242F8FD2-2BF1-461F-9E1C-6C931FD44C71}.Release|arm64.Build.0 = Release|Any CPU
		{242F8FD2-2BF1-461F-9E1C-6C931FD44C71}.Release|x64.ActiveCfg = Release|Any CPU
		{242F8FD2-2BF1-461F-9E1C-6C931FD44C71}.Release|x64.Build.0 = Release|Any CPU
		{242F8FD2-2BF1-461F-9E1C-6C931FD44C71}.Release|x86.ActiveCfg = Release|Any CPU
		{242F8FD2-2BF1-461F-9E1C-6C931FD44C71}.Release|x86.Build.0 = Release|Any CPU
		{E3818814-6267-457E-84C9-D4F30D29BB2C}.Debug|Any CPU.ActiveCfg = Debug|Any CPU
		{E3818814-6267-457E-84C9-D4F30D29BB2C}.Debug|Any CPU.Build.0 = Debug|Any CPU
		{E3818814-6267-457E-84C9-D4F30D29BB2C}.Debug|Any CPU.Deploy.0 = Debug|Any CPU
		{E3818814-6267-457E-84C9-D4F30D29BB2C}.Debug|arm64.ActiveCfg = Debug|Any CPU
		{E3818814-6267-457E-84C9-D4F30D29BB2C}.Debug|arm64.Build.0 = Debug|Any CPU
		{E3818814-6267-457E-84C9-D4F30D29BB2C}.Debug|arm64.Deploy.0 = Debug|Any CPU
		{E3818814-6267-457E-84C9-D4F30D29BB2C}.Debug|x64.ActiveCfg = Debug|Any CPU
		{E3818814-6267-457E-84C9-D4F30D29BB2C}.Debug|x64.Build.0 = Debug|Any CPU
		{E3818814-6267-457E-84C9-D4F30D29BB2C}.Debug|x64.Deploy.0 = Debug|Any CPU
		{E3818814-6267-457E-84C9-D4F30D29BB2C}.Debug|x86.ActiveCfg = Debug|Any CPU
		{E3818814-6267-457E-84C9-D4F30D29BB2C}.Debug|x86.Build.0 = Debug|Any CPU
		{E3818814-6267-457E-84C9-D4F30D29BB2C}.Debug|x86.Deploy.0 = Debug|Any CPU
		{E3818814-6267-457E-84C9-D4F30D29BB2C}.Release|Any CPU.ActiveCfg = Release|Any CPU
		{E3818814-6267-457E-84C9-D4F30D29BB2C}.Release|Any CPU.Build.0 = Release|Any CPU
		{E3818814-6267-457E-84C9-D4F30D29BB2C}.Release|Any CPU.Deploy.0 = Release|Any CPU
		{E3818814-6267-457E-84C9-D4F30D29BB2C}.Release|arm64.ActiveCfg = Release|Any CPU
		{E3818814-6267-457E-84C9-D4F30D29BB2C}.Release|arm64.Build.0 = Release|Any CPU
		{E3818814-6267-457E-84C9-D4F30D29BB2C}.Release|arm64.Deploy.0 = Release|Any CPU
		{E3818814-6267-457E-84C9-D4F30D29BB2C}.Release|x64.ActiveCfg = Release|Any CPU
		{E3818814-6267-457E-84C9-D4F30D29BB2C}.Release|x64.Build.0 = Release|Any CPU
		{E3818814-6267-457E-84C9-D4F30D29BB2C}.Release|x64.Deploy.0 = Release|Any CPU
		{E3818814-6267-457E-84C9-D4F30D29BB2C}.Release|x86.ActiveCfg = Release|Any CPU
		{E3818814-6267-457E-84C9-D4F30D29BB2C}.Release|x86.Build.0 = Release|Any CPU
		{E3818814-6267-457E-84C9-D4F30D29BB2C}.Release|x86.Deploy.0 = Release|Any CPU
		{4C417D90-09AC-4EF4-9E02-A707F216E061}.Debug|Any CPU.ActiveCfg = Debug|x64
		{4C417D90-09AC-4EF4-9E02-A707F216E061}.Debug|Any CPU.Build.0 = Debug|x64
		{4C417D90-09AC-4EF4-9E02-A707F216E061}.Debug|Any CPU.Deploy.0 = Debug|x64
		{4C417D90-09AC-4EF4-9E02-A707F216E061}.Debug|arm64.ActiveCfg = Debug|arm64
		{4C417D90-09AC-4EF4-9E02-A707F216E061}.Debug|arm64.Build.0 = Debug|arm64
		{4C417D90-09AC-4EF4-9E02-A707F216E061}.Debug|arm64.Deploy.0 = Debug|arm64
		{4C417D90-09AC-4EF4-9E02-A707F216E061}.Debug|x64.ActiveCfg = Debug|x64
		{4C417D90-09AC-4EF4-9E02-A707F216E061}.Debug|x64.Build.0 = Debug|x64
		{4C417D90-09AC-4EF4-9E02-A707F216E061}.Debug|x64.Deploy.0 = Debug|x64
		{4C417D90-09AC-4EF4-9E02-A707F216E061}.Debug|x86.ActiveCfg = Debug|x86
		{4C417D90-09AC-4EF4-9E02-A707F216E061}.Debug|x86.Build.0 = Debug|x86
		{4C417D90-09AC-4EF4-9E02-A707F216E061}.Debug|x86.Deploy.0 = Debug|x86
		{4C417D90-09AC-4EF4-9E02-A707F216E061}.Release|Any CPU.ActiveCfg = Release|x64
		{4C417D90-09AC-4EF4-9E02-A707F216E061}.Release|Any CPU.Build.0 = Release|x64
		{4C417D90-09AC-4EF4-9E02-A707F216E061}.Release|Any CPU.Deploy.0 = Release|x64
		{4C417D90-09AC-4EF4-9E02-A707F216E061}.Release|arm64.ActiveCfg = Release|arm64
		{4C417D90-09AC-4EF4-9E02-A707F216E061}.Release|arm64.Build.0 = Release|arm64
		{4C417D90-09AC-4EF4-9E02-A707F216E061}.Release|arm64.Deploy.0 = Release|arm64
		{4C417D90-09AC-4EF4-9E02-A707F216E061}.Release|x64.ActiveCfg = Release|x64
		{4C417D90-09AC-4EF4-9E02-A707F216E061}.Release|x64.Build.0 = Release|x64
		{4C417D90-09AC-4EF4-9E02-A707F216E061}.Release|x64.Deploy.0 = Release|x64
		{4C417D90-09AC-4EF4-9E02-A707F216E061}.Release|x86.ActiveCfg = Release|x86
		{4C417D90-09AC-4EF4-9E02-A707F216E061}.Release|x86.Build.0 = Release|x86
		{4C417D90-09AC-4EF4-9E02-A707F216E061}.Release|x86.Deploy.0 = Release|x86
		{3C7FEB24-68CD-4C77-8A64-065DEE989AFF}.Debug|Any CPU.ActiveCfg = Debug|Any CPU
		{3C7FEB24-68CD-4C77-8A64-065DEE989AFF}.Debug|Any CPU.Build.0 = Debug|Any CPU
		{3C7FEB24-68CD-4C77-8A64-065DEE989AFF}.Debug|arm64.ActiveCfg = Debug|Any CPU
		{3C7FEB24-68CD-4C77-8A64-065DEE989AFF}.Debug|arm64.Build.0 = Debug|Any CPU
		{3C7FEB24-68CD-4C77-8A64-065DEE989AFF}.Debug|x64.ActiveCfg = Debug|Any CPU
		{3C7FEB24-68CD-4C77-8A64-065DEE989AFF}.Debug|x64.Build.0 = Debug|Any CPU
		{3C7FEB24-68CD-4C77-8A64-065DEE989AFF}.Debug|x86.ActiveCfg = Debug|Any CPU
		{3C7FEB24-68CD-4C77-8A64-065DEE989AFF}.Debug|x86.Build.0 = Debug|Any CPU
		{3C7FEB24-68CD-4C77-8A64-065DEE989AFF}.Release|Any CPU.ActiveCfg = Release|Any CPU
		{3C7FEB24-68CD-4C77-8A64-065DEE989AFF}.Release|Any CPU.Build.0 = Release|Any CPU
		{3C7FEB24-68CD-4C77-8A64-065DEE989AFF}.Release|arm64.ActiveCfg = Release|Any CPU
		{3C7FEB24-68CD-4C77-8A64-065DEE989AFF}.Release|arm64.Build.0 = Release|Any CPU
		{3C7FEB24-68CD-4C77-8A64-065DEE989AFF}.Release|x64.ActiveCfg = Release|Any CPU
		{3C7FEB24-68CD-4C77-8A64-065DEE989AFF}.Release|x64.Build.0 = Release|Any CPU
		{3C7FEB24-68CD-4C77-8A64-065DEE989AFF}.Release|x86.ActiveCfg = Release|Any CPU
		{3C7FEB24-68CD-4C77-8A64-065DEE989AFF}.Release|x86.Build.0 = Release|Any CPU
		{E129B3F4-AE74-42AF-8E92-CC7E3A0DA0E0}.Debug|Any CPU.ActiveCfg = Debug|Any CPU
		{E129B3F4-AE74-42AF-8E92-CC7E3A0DA0E0}.Debug|Any CPU.Build.0 = Debug|Any CPU
		{E129B3F4-AE74-42AF-8E92-CC7E3A0DA0E0}.Debug|arm64.ActiveCfg = Debug|Any CPU
		{E129B3F4-AE74-42AF-8E92-CC7E3A0DA0E0}.Debug|arm64.Build.0 = Debug|Any CPU
		{E129B3F4-AE74-42AF-8E92-CC7E3A0DA0E0}.Debug|x64.ActiveCfg = Debug|Any CPU
		{E129B3F4-AE74-42AF-8E92-CC7E3A0DA0E0}.Debug|x64.Build.0 = Debug|Any CPU
		{E129B3F4-AE74-42AF-8E92-CC7E3A0DA0E0}.Debug|x86.ActiveCfg = Debug|Any CPU
		{E129B3F4-AE74-42AF-8E92-CC7E3A0DA0E0}.Debug|x86.Build.0 = Debug|Any CPU
		{E129B3F4-AE74-42AF-8E92-CC7E3A0DA0E0}.Release|Any CPU.ActiveCfg = Release|Any CPU
		{E129B3F4-AE74-42AF-8E92-CC7E3A0DA0E0}.Release|Any CPU.Build.0 = Release|Any CPU
		{E129B3F4-AE74-42AF-8E92-CC7E3A0DA0E0}.Release|arm64.ActiveCfg = Release|Any CPU
		{E129B3F4-AE74-42AF-8E92-CC7E3A0DA0E0}.Release|arm64.Build.0 = Release|Any CPU
		{E129B3F4-AE74-42AF-8E92-CC7E3A0DA0E0}.Release|x64.ActiveCfg = Release|Any CPU
		{E129B3F4-AE74-42AF-8E92-CC7E3A0DA0E0}.Release|x64.Build.0 = Release|Any CPU
		{E129B3F4-AE74-42AF-8E92-CC7E3A0DA0E0}.Release|x86.ActiveCfg = Release|Any CPU
		{E129B3F4-AE74-42AF-8E92-CC7E3A0DA0E0}.Release|x86.Build.0 = Release|Any CPU
		{B600A976-AB91-409D-AA6A-F12304B34F65}.Debug|Any CPU.ActiveCfg = Debug|Any CPU
		{B600A976-AB91-409D-AA6A-F12304B34F65}.Debug|Any CPU.Build.0 = Debug|Any CPU
		{B600A976-AB91-409D-AA6A-F12304B34F65}.Debug|arm64.ActiveCfg = Debug|Any CPU
		{B600A976-AB91-409D-AA6A-F12304B34F65}.Debug|arm64.Build.0 = Debug|Any CPU
		{B600A976-AB91-409D-AA6A-F12304B34F65}.Debug|x64.ActiveCfg = Debug|Any CPU
		{B600A976-AB91-409D-AA6A-F12304B34F65}.Debug|x64.Build.0 = Debug|Any CPU
		{B600A976-AB91-409D-AA6A-F12304B34F65}.Debug|x86.ActiveCfg = Debug|Any CPU
		{B600A976-AB91-409D-AA6A-F12304B34F65}.Debug|x86.Build.0 = Debug|Any CPU
		{B600A976-AB91-409D-AA6A-F12304B34F65}.Release|Any CPU.ActiveCfg = Release|Any CPU
		{B600A976-AB91-409D-AA6A-F12304B34F65}.Release|Any CPU.Build.0 = Release|Any CPU
		{B600A976-AB91-409D-AA6A-F12304B34F65}.Release|arm64.ActiveCfg = Release|Any CPU
		{B600A976-AB91-409D-AA6A-F12304B34F65}.Release|arm64.Build.0 = Release|Any CPU
		{B600A976-AB91-409D-AA6A-F12304B34F65}.Release|x64.ActiveCfg = Release|Any CPU
		{B600A976-AB91-409D-AA6A-F12304B34F65}.Release|x64.Build.0 = Release|Any CPU
		{B600A976-AB91-409D-AA6A-F12304B34F65}.Release|x86.ActiveCfg = Release|Any CPU
		{B600A976-AB91-409D-AA6A-F12304B34F65}.Release|x86.Build.0 = Release|Any CPU
		{6F5D7C8E-E189-4E64-A001-4C1C039F56A5}.Debug|Any CPU.ActiveCfg = Debug|Any CPU
		{6F5D7C8E-E189-4E64-A001-4C1C039F56A5}.Debug|Any CPU.Build.0 = Debug|Any CPU
		{6F5D7C8E-E189-4E64-A001-4C1C039F56A5}.Debug|arm64.ActiveCfg = Debug|Any CPU
		{6F5D7C8E-E189-4E64-A001-4C1C039F56A5}.Debug|arm64.Build.0 = Debug|Any CPU
		{6F5D7C8E-E189-4E64-A001-4C1C039F56A5}.Debug|x64.ActiveCfg = Debug|Any CPU
		{6F5D7C8E-E189-4E64-A001-4C1C039F56A5}.Debug|x64.Build.0 = Debug|Any CPU
		{6F5D7C8E-E189-4E64-A001-4C1C039F56A5}.Debug|x86.ActiveCfg = Debug|Any CPU
		{6F5D7C8E-E189-4E64-A001-4C1C039F56A5}.Debug|x86.Build.0 = Debug|Any CPU
		{6F5D7C8E-E189-4E64-A001-4C1C039F56A5}.Release|Any CPU.ActiveCfg = Release|Any CPU
		{6F5D7C8E-E189-4E64-A001-4C1C039F56A5}.Release|Any CPU.Build.0 = Release|Any CPU
		{6F5D7C8E-E189-4E64-A001-4C1C039F56A5}.Release|arm64.ActiveCfg = Release|Any CPU
		{6F5D7C8E-E189-4E64-A001-4C1C039F56A5}.Release|arm64.Build.0 = Release|Any CPU
		{6F5D7C8E-E189-4E64-A001-4C1C039F56A5}.Release|x64.ActiveCfg = Release|Any CPU
		{6F5D7C8E-E189-4E64-A001-4C1C039F56A5}.Release|x64.Build.0 = Release|Any CPU
		{6F5D7C8E-E189-4E64-A001-4C1C039F56A5}.Release|x86.ActiveCfg = Release|Any CPU
		{6F5D7C8E-E189-4E64-A001-4C1C039F56A5}.Release|x86.Build.0 = Release|Any CPU
	EndGlobalSection
	GlobalSection(SolutionProperties) = preSolution
		HideSolutionNode = FALSE
	EndGlobalSection
	GlobalSection(NestedProjects) = preSolution
		{1B6869D3-14D1-4807-AF40-F859F8275D7C} = {A9FB1AF0-B81E-4188-A82B-8F8306A399D4}
		{D2B07EF5-1444-4CD8-A336-5EAE903EEC57} = {A9FB1AF0-B81E-4188-A82B-8F8306A399D4}
		{C8E7F44D-7C9A-44A0-9510-C3A6574BC818} = {A9FB1AF0-B81E-4188-A82B-8F8306A399D4}
		{242F8FD2-2BF1-461F-9E1C-6C931FD44C71} = {1B6869D3-14D1-4807-AF40-F859F8275D7C}
		{E3818814-6267-457E-84C9-D4F30D29BB2C} = {1B6869D3-14D1-4807-AF40-F859F8275D7C}
		{4C417D90-09AC-4EF4-9E02-A707F216E061} = {1B6869D3-14D1-4807-AF40-F859F8275D7C}
		{3C7FEB24-68CD-4C77-8A64-065DEE989AFF} = {1B6869D3-14D1-4807-AF40-F859F8275D7C}
		{E129B3F4-AE74-42AF-8E92-CC7E3A0DA0E0} = {1B6869D3-14D1-4807-AF40-F859F8275D7C}
		{B600A976-AB91-409D-AA6A-F12304B34F65} = {1B6869D3-14D1-4807-AF40-F859F8275D7C}
		{6F5D7C8E-E189-4E64-A001-4C1C039F56A5} = {1B6869D3-14D1-4807-AF40-F859F8275D7C}
	EndGlobalSection
	GlobalSection(ExtensibilityGlobals) = postSolution
		SolutionGuid = {0239CF98-8CB9-4342-8D4A-C56F4D20EC9A}
	EndGlobalSection
EndGlobal
