
Microsoft Visual Studio Solution File, Format Version 12.00
# Visual Studio Version 17
VisualStudioVersion = 17.2.32630.192
MinimumVisualStudioVersion = 10.0.40219.1
Project("{9A19103F-16F7-4668-BE54-9A1E7A4F7556}") = "MZikmund.Web", "web\MZikmund.Web\MZikmund.Web.csproj", "{A13EA408-EB69-4B90-BFEF-C1ECD844E8C2}"
EndProject
Project("{2150E333-8FDC-42A3-9474-1A3956D46DE8}") = "Web", "Web", "{C05EBE08-36FC-4AF7-B7A2-44EB8F54B8A6}"
EndProject
Project("{2150E333-8FDC-42A3-9474-1A3956D46DE8}") = "App", "App", "{555A5FFF-ED25-4015-80FC-DBA5C9E737D3}"
EndProject
Project("{9A19103F-16F7-4668-BE54-9A1E7A4F7556}") = "MZikmund.App.Mobile", "app\MZikmund.App.Mobile\MZikmund.App.Mobile.csproj", "{4E7F946C-38D0-4555-A020-269BCC89E2C1}"
EndProject
Project("{9A19103F-16F7-4668-BE54-9A1E7A4F7556}") = "MZikmund.App.Server", "app\MZikmund.App.Server\MZikmund.App.Server.csproj", "{26FC5977-D4B6-4D98-8E55-CF3A164421D2}"
EndProject
Project("{D954291E-2A0B-460D-934E-DC6B0785DB48}") = "MZikmund.App.Shared", "app\MZikmund.App.Shared\MZikmund.App.Shared.shproj", "{6279C845-92F8-4333-AB99-3D213163593C}"
EndProject
Project("{9A19103F-16F7-4668-BE54-9A1E7A4F7556}") = "MZikmund.App.Wasm", "app\MZikmund.App.Wasm\MZikmund.App.Wasm.csproj", "{9F966F1D-2CF5-4634-989F-ED75A7CF641B}"
EndProject
Project("{9A19103F-16F7-4668-BE54-9A1E7A4F7556}") = "MZikmund.App.Windows", "app\MZikmund.App.Windows\MZikmund.App.Windows.csproj", "{2A0A2F0F-4B2F-44BD-8AAA-DB37C7A6973D}"
EndProject
Project("{9A19103F-16F7-4668-BE54-9A1E7A4F7556}") = "MZikmund.App.Skia.Wpf", "app\MZikmund.App.Skia.Wpf\MZikmund.App.Skia.Wpf.csproj", "{C4915BE0-E950-460C-867F-305BBEA4EA29}"
EndProject
Project("{9A19103F-16F7-4668-BE54-9A1E7A4F7556}") = "MZikmund.App.Skia.Gtk", "app\MZikmund.App.Skia.Gtk\MZikmund.App.Skia.Gtk.csproj", "{45A6DBF6-680D-45F0-B061-80334A66EB3A}"
EndProject
Project("{2150E333-8FDC-42A3-9474-1A3956D46DE8}") = "Platforms", "Platforms", "{6A723D9F-A00C-48D2-BF0E-16CF94662628}"
EndProject
Global
	GlobalSection(SolutionConfigurationPlatforms) = preSolution
		Ad-Hoc|Any CPU = Ad-Hoc|Any CPU
		Ad-Hoc|ARM = Ad-Hoc|ARM
		Ad-Hoc|ARM64 = Ad-Hoc|ARM64
		Ad-Hoc|iPhone = Ad-Hoc|iPhone
		Ad-Hoc|iPhoneSimulator = Ad-Hoc|iPhoneSimulator
		Ad-Hoc|x64 = Ad-Hoc|x64
		Ad-Hoc|x86 = Ad-Hoc|x86
		AppStore|Any CPU = AppStore|Any CPU
		AppStore|ARM = AppStore|ARM
		AppStore|ARM64 = AppStore|ARM64
		AppStore|iPhone = AppStore|iPhone
		AppStore|iPhoneSimulator = AppStore|iPhoneSimulator
		AppStore|x64 = AppStore|x64
		AppStore|x86 = AppStore|x86
		Debug|Any CPU = Debug|Any CPU
		Debug|ARM = Debug|ARM
		Debug|ARM64 = Debug|ARM64
		Debug|iPhone = Debug|iPhone
		Debug|iPhoneSimulator = Debug|iPhoneSimulator
		Debug|x64 = Debug|x64
		Debug|x86 = Debug|x86
		Release|Any CPU = Release|Any CPU
		Release|ARM = Release|ARM
		Release|ARM64 = Release|ARM64
		Release|iPhone = Release|iPhone
		Release|iPhoneSimulator = Release|iPhoneSimulator
		Release|x64 = Release|x64
		Release|x86 = Release|x86
	EndGlobalSection
	GlobalSection(ProjectConfigurationPlatforms) = postSolution
		{A13EA408-EB69-4B90-BFEF-C1ECD844E8C2}.Ad-Hoc|Any CPU.ActiveCfg = Release|Any CPU
		{A13EA408-EB69-4B90-BFEF-C1ECD844E8C2}.Ad-Hoc|Any CPU.Build.0 = Release|Any CPU
		{A13EA408-EB69-4B90-BFEF-C1ECD844E8C2}.Ad-Hoc|ARM.ActiveCfg = Release|Any CPU
		{A13EA408-EB69-4B90-BFEF-C1ECD844E8C2}.Ad-Hoc|ARM.Build.0 = Release|Any CPU
		{A13EA408-EB69-4B90-BFEF-C1ECD844E8C2}.Ad-Hoc|ARM64.ActiveCfg = Release|Any CPU
		{A13EA408-EB69-4B90-BFEF-C1ECD844E8C2}.Ad-Hoc|ARM64.Build.0 = Release|Any CPU
		{A13EA408-EB69-4B90-BFEF-C1ECD844E8C2}.Ad-Hoc|iPhone.ActiveCfg = Release|Any CPU
		{A13EA408-EB69-4B90-BFEF-C1ECD844E8C2}.Ad-Hoc|iPhone.Build.0 = Release|Any CPU
		{A13EA408-EB69-4B90-BFEF-C1ECD844E8C2}.Ad-Hoc|iPhoneSimulator.ActiveCfg = Release|Any CPU
		{A13EA408-EB69-4B90-BFEF-C1ECD844E8C2}.Ad-Hoc|iPhoneSimulator.Build.0 = Release|Any CPU
		{A13EA408-EB69-4B90-BFEF-C1ECD844E8C2}.Ad-Hoc|x64.ActiveCfg = Release|Any CPU
		{A13EA408-EB69-4B90-BFEF-C1ECD844E8C2}.Ad-Hoc|x64.Build.0 = Release|Any CPU
		{A13EA408-EB69-4B90-BFEF-C1ECD844E8C2}.Ad-Hoc|x86.ActiveCfg = Release|Any CPU
		{A13EA408-EB69-4B90-BFEF-C1ECD844E8C2}.Ad-Hoc|x86.Build.0 = Release|Any CPU
		{A13EA408-EB69-4B90-BFEF-C1ECD844E8C2}.AppStore|Any CPU.ActiveCfg = Release|Any CPU
		{A13EA408-EB69-4B90-BFEF-C1ECD844E8C2}.AppStore|Any CPU.Build.0 = Release|Any CPU
		{A13EA408-EB69-4B90-BFEF-C1ECD844E8C2}.AppStore|ARM.ActiveCfg = Release|Any CPU
		{A13EA408-EB69-4B90-BFEF-C1ECD844E8C2}.AppStore|ARM.Build.0 = Release|Any CPU
		{A13EA408-EB69-4B90-BFEF-C1ECD844E8C2}.AppStore|ARM64.ActiveCfg = Release|Any CPU
		{A13EA408-EB69-4B90-BFEF-C1ECD844E8C2}.AppStore|ARM64.Build.0 = Release|Any CPU
		{A13EA408-EB69-4B90-BFEF-C1ECD844E8C2}.AppStore|iPhone.ActiveCfg = Release|Any CPU
		{A13EA408-EB69-4B90-BFEF-C1ECD844E8C2}.AppStore|iPhone.Build.0 = Release|Any CPU
		{A13EA408-EB69-4B90-BFEF-C1ECD844E8C2}.AppStore|iPhoneSimulator.ActiveCfg = Release|Any CPU
		{A13EA408-EB69-4B90-BFEF-C1ECD844E8C2}.AppStore|iPhoneSimulator.Build.0 = Release|Any CPU
		{A13EA408-EB69-4B90-BFEF-C1ECD844E8C2}.AppStore|x64.ActiveCfg = Release|Any CPU
		{A13EA408-EB69-4B90-BFEF-C1ECD844E8C2}.AppStore|x64.Build.0 = Release|Any CPU
		{A13EA408-EB69-4B90-BFEF-C1ECD844E8C2}.AppStore|x86.ActiveCfg = Release|Any CPU
		{A13EA408-EB69-4B90-BFEF-C1ECD844E8C2}.AppStore|x86.Build.0 = Release|Any CPU
		{A13EA408-EB69-4B90-BFEF-C1ECD844E8C2}.Debug|Any CPU.ActiveCfg = Debug|Any CPU
		{A13EA408-EB69-4B90-BFEF-C1ECD844E8C2}.Debug|Any CPU.Build.0 = Debug|Any CPU
		{A13EA408-EB69-4B90-BFEF-C1ECD844E8C2}.Debug|ARM.ActiveCfg = Debug|Any CPU
		{A13EA408-EB69-4B90-BFEF-C1ECD844E8C2}.Debug|ARM.Build.0 = Debug|Any CPU
		{A13EA408-EB69-4B90-BFEF-C1ECD844E8C2}.Debug|ARM64.ActiveCfg = Debug|Any CPU
		{A13EA408-EB69-4B90-BFEF-C1ECD844E8C2}.Debug|ARM64.Build.0 = Debug|Any CPU
		{A13EA408-EB69-4B90-BFEF-C1ECD844E8C2}.Debug|iPhone.ActiveCfg = Debug|Any CPU
		{A13EA408-EB69-4B90-BFEF-C1ECD844E8C2}.Debug|iPhone.Build.0 = Debug|Any CPU
		{A13EA408-EB69-4B90-BFEF-C1ECD844E8C2}.Debug|iPhoneSimulator.ActiveCfg = Debug|Any CPU
		{A13EA408-EB69-4B90-BFEF-C1ECD844E8C2}.Debug|iPhoneSimulator.Build.0 = Debug|Any CPU
		{A13EA408-EB69-4B90-BFEF-C1ECD844E8C2}.Debug|x64.ActiveCfg = Debug|Any CPU
		{A13EA408-EB69-4B90-BFEF-C1ECD844E8C2}.Debug|x64.Build.0 = Debug|Any CPU
		{A13EA408-EB69-4B90-BFEF-C1ECD844E8C2}.Debug|x86.ActiveCfg = Debug|Any CPU
		{A13EA408-EB69-4B90-BFEF-C1ECD844E8C2}.Debug|x86.Build.0 = Debug|Any CPU
		{A13EA408-EB69-4B90-BFEF-C1ECD844E8C2}.Release|Any CPU.ActiveCfg = Release|Any CPU
		{A13EA408-EB69-4B90-BFEF-C1ECD844E8C2}.Release|Any CPU.Build.0 = Release|Any CPU
		{A13EA408-EB69-4B90-BFEF-C1ECD844E8C2}.Release|ARM.ActiveCfg = Release|Any CPU
		{A13EA408-EB69-4B90-BFEF-C1ECD844E8C2}.Release|ARM.Build.0 = Release|Any CPU
		{A13EA408-EB69-4B90-BFEF-C1ECD844E8C2}.Release|ARM64.ActiveCfg = Release|Any CPU
		{A13EA408-EB69-4B90-BFEF-C1ECD844E8C2}.Release|ARM64.Build.0 = Release|Any CPU
		{A13EA408-EB69-4B90-BFEF-C1ECD844E8C2}.Release|iPhone.ActiveCfg = Release|Any CPU
		{A13EA408-EB69-4B90-BFEF-C1ECD844E8C2}.Release|iPhone.Build.0 = Release|Any CPU
		{A13EA408-EB69-4B90-BFEF-C1ECD844E8C2}.Release|iPhoneSimulator.ActiveCfg = Release|Any CPU
		{A13EA408-EB69-4B90-BFEF-C1ECD844E8C2}.Release|iPhoneSimulator.Build.0 = Release|Any CPU
		{A13EA408-EB69-4B90-BFEF-C1ECD844E8C2}.Release|x64.ActiveCfg = Release|Any CPU
		{A13EA408-EB69-4B90-BFEF-C1ECD844E8C2}.Release|x64.Build.0 = Release|Any CPU
		{A13EA408-EB69-4B90-BFEF-C1ECD844E8C2}.Release|x86.ActiveCfg = Release|Any CPU
		{A13EA408-EB69-4B90-BFEF-C1ECD844E8C2}.Release|x86.Build.0 = Release|Any CPU
		{4E7F946C-38D0-4555-A020-269BCC89E2C1}.Ad-Hoc|Any CPU.ActiveCfg = Debug|Any CPU
		{4E7F946C-38D0-4555-A020-269BCC89E2C1}.Ad-Hoc|Any CPU.Build.0 = Debug|Any CPU
		{4E7F946C-38D0-4555-A020-269BCC89E2C1}.Ad-Hoc|Any CPU.Deploy.0 = Debug|Any CPU
		{4E7F946C-38D0-4555-A020-269BCC89E2C1}.Ad-Hoc|ARM.ActiveCfg = Debug|Any CPU
		{4E7F946C-38D0-4555-A020-269BCC89E2C1}.Ad-Hoc|ARM.Build.0 = Debug|Any CPU
		{4E7F946C-38D0-4555-A020-269BCC89E2C1}.Ad-Hoc|ARM.Deploy.0 = Debug|Any CPU
		{4E7F946C-38D0-4555-A020-269BCC89E2C1}.Ad-Hoc|ARM64.ActiveCfg = Debug|Any CPU
		{4E7F946C-38D0-4555-A020-269BCC89E2C1}.Ad-Hoc|ARM64.Build.0 = Debug|Any CPU
		{4E7F946C-38D0-4555-A020-269BCC89E2C1}.Ad-Hoc|ARM64.Deploy.0 = Debug|Any CPU
		{4E7F946C-38D0-4555-A020-269BCC89E2C1}.Ad-Hoc|iPhone.ActiveCfg = Debug|Any CPU
		{4E7F946C-38D0-4555-A020-269BCC89E2C1}.Ad-Hoc|iPhone.Build.0 = Debug|Any CPU
		{4E7F946C-38D0-4555-A020-269BCC89E2C1}.Ad-Hoc|iPhone.Deploy.0 = Debug|Any CPU
		{4E7F946C-38D0-4555-A020-269BCC89E2C1}.Ad-Hoc|iPhoneSimulator.ActiveCfg = Debug|Any CPU
		{4E7F946C-38D0-4555-A020-269BCC89E2C1}.Ad-Hoc|iPhoneSimulator.Build.0 = Debug|Any CPU
		{4E7F946C-38D0-4555-A020-269BCC89E2C1}.Ad-Hoc|iPhoneSimulator.Deploy.0 = Debug|Any CPU
		{4E7F946C-38D0-4555-A020-269BCC89E2C1}.Ad-Hoc|x64.ActiveCfg = Debug|Any CPU
		{4E7F946C-38D0-4555-A020-269BCC89E2C1}.Ad-Hoc|x64.Build.0 = Debug|Any CPU
		{4E7F946C-38D0-4555-A020-269BCC89E2C1}.Ad-Hoc|x64.Deploy.0 = Debug|Any CPU
		{4E7F946C-38D0-4555-A020-269BCC89E2C1}.Ad-Hoc|x86.ActiveCfg = Debug|Any CPU
		{4E7F946C-38D0-4555-A020-269BCC89E2C1}.Ad-Hoc|x86.Build.0 = Debug|Any CPU
		{4E7F946C-38D0-4555-A020-269BCC89E2C1}.Ad-Hoc|x86.Deploy.0 = Debug|Any CPU
		{4E7F946C-38D0-4555-A020-269BCC89E2C1}.AppStore|Any CPU.ActiveCfg = Debug|Any CPU
		{4E7F946C-38D0-4555-A020-269BCC89E2C1}.AppStore|Any CPU.Build.0 = Debug|Any CPU
		{4E7F946C-38D0-4555-A020-269BCC89E2C1}.AppStore|Any CPU.Deploy.0 = Debug|Any CPU
		{4E7F946C-38D0-4555-A020-269BCC89E2C1}.AppStore|ARM.ActiveCfg = Debug|Any CPU
		{4E7F946C-38D0-4555-A020-269BCC89E2C1}.AppStore|ARM.Build.0 = Debug|Any CPU
		{4E7F946C-38D0-4555-A020-269BCC89E2C1}.AppStore|ARM.Deploy.0 = Debug|Any CPU
		{4E7F946C-38D0-4555-A020-269BCC89E2C1}.AppStore|ARM64.ActiveCfg = Debug|Any CPU
		{4E7F946C-38D0-4555-A020-269BCC89E2C1}.AppStore|ARM64.Build.0 = Debug|Any CPU
		{4E7F946C-38D0-4555-A020-269BCC89E2C1}.AppStore|ARM64.Deploy.0 = Debug|Any CPU
		{4E7F946C-38D0-4555-A020-269BCC89E2C1}.AppStore|iPhone.ActiveCfg = Debug|Any CPU
		{4E7F946C-38D0-4555-A020-269BCC89E2C1}.AppStore|iPhone.Build.0 = Debug|Any CPU
		{4E7F946C-38D0-4555-A020-269BCC89E2C1}.AppStore|iPhone.Deploy.0 = Debug|Any CPU
		{4E7F946C-38D0-4555-A020-269BCC89E2C1}.AppStore|iPhoneSimulator.ActiveCfg = Debug|Any CPU
		{4E7F946C-38D0-4555-A020-269BCC89E2C1}.AppStore|iPhoneSimulator.Build.0 = Debug|Any CPU
		{4E7F946C-38D0-4555-A020-269BCC89E2C1}.AppStore|iPhoneSimulator.Deploy.0 = Debug|Any CPU
		{4E7F946C-38D0-4555-A020-269BCC89E2C1}.AppStore|x64.ActiveCfg = Debug|Any CPU
		{4E7F946C-38D0-4555-A020-269BCC89E2C1}.AppStore|x64.Build.0 = Debug|Any CPU
		{4E7F946C-38D0-4555-A020-269BCC89E2C1}.AppStore|x64.Deploy.0 = Debug|Any CPU
		{4E7F946C-38D0-4555-A020-269BCC89E2C1}.AppStore|x86.ActiveCfg = Debug|Any CPU
		{4E7F946C-38D0-4555-A020-269BCC89E2C1}.AppStore|x86.Build.0 = Debug|Any CPU
		{4E7F946C-38D0-4555-A020-269BCC89E2C1}.AppStore|x86.Deploy.0 = Debug|Any CPU
		{4E7F946C-38D0-4555-A020-269BCC89E2C1}.Debug|Any CPU.ActiveCfg = Debug|Any CPU
		{4E7F946C-38D0-4555-A020-269BCC89E2C1}.Debug|Any CPU.Build.0 = Debug|Any CPU
		{4E7F946C-38D0-4555-A020-269BCC89E2C1}.Debug|Any CPU.Deploy.0 = Debug|Any CPU
		{4E7F946C-38D0-4555-A020-269BCC89E2C1}.Debug|ARM.ActiveCfg = Debug|Any CPU
		{4E7F946C-38D0-4555-A020-269BCC89E2C1}.Debug|ARM.Build.0 = Debug|Any CPU
		{4E7F946C-38D0-4555-A020-269BCC89E2C1}.Debug|ARM.Deploy.0 = Debug|Any CPU
		{4E7F946C-38D0-4555-A020-269BCC89E2C1}.Debug|ARM64.ActiveCfg = Debug|Any CPU
		{4E7F946C-38D0-4555-A020-269BCC89E2C1}.Debug|ARM64.Build.0 = Debug|Any CPU
		{4E7F946C-38D0-4555-A020-269BCC89E2C1}.Debug|ARM64.Deploy.0 = Debug|Any CPU
		{4E7F946C-38D0-4555-A020-269BCC89E2C1}.Debug|iPhone.ActiveCfg = Debug|Any CPU
		{4E7F946C-38D0-4555-A020-269BCC89E2C1}.Debug|iPhone.Build.0 = Debug|Any CPU
		{4E7F946C-38D0-4555-A020-269BCC89E2C1}.Debug|iPhone.Deploy.0 = Debug|Any CPU
		{4E7F946C-38D0-4555-A020-269BCC89E2C1}.Debug|iPhoneSimulator.ActiveCfg = Debug|Any CPU
		{4E7F946C-38D0-4555-A020-269BCC89E2C1}.Debug|iPhoneSimulator.Build.0 = Debug|Any CPU
		{4E7F946C-38D0-4555-A020-269BCC89E2C1}.Debug|iPhoneSimulator.Deploy.0 = Debug|Any CPU
		{4E7F946C-38D0-4555-A020-269BCC89E2C1}.Debug|x64.ActiveCfg = Debug|Any CPU
		{4E7F946C-38D0-4555-A020-269BCC89E2C1}.Debug|x64.Build.0 = Debug|Any CPU
		{4E7F946C-38D0-4555-A020-269BCC89E2C1}.Debug|x64.Deploy.0 = Debug|Any CPU
		{4E7F946C-38D0-4555-A020-269BCC89E2C1}.Debug|x86.ActiveCfg = Debug|Any CPU
		{4E7F946C-38D0-4555-A020-269BCC89E2C1}.Debug|x86.Build.0 = Debug|Any CPU
		{4E7F946C-38D0-4555-A020-269BCC89E2C1}.Debug|x86.Deploy.0 = Debug|Any CPU
		{4E7F946C-38D0-4555-A020-269BCC89E2C1}.Release|Any CPU.ActiveCfg = Release|Any CPU
		{4E7F946C-38D0-4555-A020-269BCC89E2C1}.Release|Any CPU.Build.0 = Release|Any CPU
		{4E7F946C-38D0-4555-A020-269BCC89E2C1}.Release|Any CPU.Deploy.0 = Release|Any CPU
		{4E7F946C-38D0-4555-A020-269BCC89E2C1}.Release|ARM.ActiveCfg = Release|Any CPU
		{4E7F946C-38D0-4555-A020-269BCC89E2C1}.Release|ARM.Build.0 = Release|Any CPU
		{4E7F946C-38D0-4555-A020-269BCC89E2C1}.Release|ARM.Deploy.0 = Release|Any CPU
		{4E7F946C-38D0-4555-A020-269BCC89E2C1}.Release|ARM64.ActiveCfg = Release|Any CPU
		{4E7F946C-38D0-4555-A020-269BCC89E2C1}.Release|ARM64.Build.0 = Release|Any CPU
		{4E7F946C-38D0-4555-A020-269BCC89E2C1}.Release|ARM64.Deploy.0 = Release|Any CPU
		{4E7F946C-38D0-4555-A020-269BCC89E2C1}.Release|iPhone.ActiveCfg = Release|Any CPU
		{4E7F946C-38D0-4555-A020-269BCC89E2C1}.Release|iPhone.Build.0 = Release|Any CPU
		{4E7F946C-38D0-4555-A020-269BCC89E2C1}.Release|iPhone.Deploy.0 = Release|Any CPU
		{4E7F946C-38D0-4555-A020-269BCC89E2C1}.Release|iPhoneSimulator.ActiveCfg = Release|Any CPU
		{4E7F946C-38D0-4555-A020-269BCC89E2C1}.Release|iPhoneSimulator.Build.0 = Release|Any CPU
		{4E7F946C-38D0-4555-A020-269BCC89E2C1}.Release|iPhoneSimulator.Deploy.0 = Release|Any CPU
		{4E7F946C-38D0-4555-A020-269BCC89E2C1}.Release|x64.ActiveCfg = Release|Any CPU
		{4E7F946C-38D0-4555-A020-269BCC89E2C1}.Release|x64.Build.0 = Release|Any CPU
		{4E7F946C-38D0-4555-A020-269BCC89E2C1}.Release|x64.Deploy.0 = Release|Any CPU
		{4E7F946C-38D0-4555-A020-269BCC89E2C1}.Release|x86.ActiveCfg = Release|Any CPU
		{4E7F946C-38D0-4555-A020-269BCC89E2C1}.Release|x86.Build.0 = Release|Any CPU
		{4E7F946C-38D0-4555-A020-269BCC89E2C1}.Release|x86.Deploy.0 = Release|Any CPU
		{26FC5977-D4B6-4D98-8E55-CF3A164421D2}.Ad-Hoc|Any CPU.ActiveCfg = Debug|Any CPU
		{26FC5977-D4B6-4D98-8E55-CF3A164421D2}.Ad-Hoc|Any CPU.Build.0 = Debug|Any CPU
		{26FC5977-D4B6-4D98-8E55-CF3A164421D2}.Ad-Hoc|ARM.ActiveCfg = Debug|Any CPU
		{26FC5977-D4B6-4D98-8E55-CF3A164421D2}.Ad-Hoc|ARM.Build.0 = Debug|Any CPU
		{26FC5977-D4B6-4D98-8E55-CF3A164421D2}.Ad-Hoc|ARM64.ActiveCfg = Debug|Any CPU
		{26FC5977-D4B6-4D98-8E55-CF3A164421D2}.Ad-Hoc|ARM64.Build.0 = Debug|Any CPU
		{26FC5977-D4B6-4D98-8E55-CF3A164421D2}.Ad-Hoc|iPhone.ActiveCfg = Debug|Any CPU
		{26FC5977-D4B6-4D98-8E55-CF3A164421D2}.Ad-Hoc|iPhone.Build.0 = Debug|Any CPU
		{26FC5977-D4B6-4D98-8E55-CF3A164421D2}.Ad-Hoc|iPhoneSimulator.ActiveCfg = Debug|Any CPU
		{26FC5977-D4B6-4D98-8E55-CF3A164421D2}.Ad-Hoc|iPhoneSimulator.Build.0 = Debug|Any CPU
		{26FC5977-D4B6-4D98-8E55-CF3A164421D2}.Ad-Hoc|x64.ActiveCfg = Debug|Any CPU
		{26FC5977-D4B6-4D98-8E55-CF3A164421D2}.Ad-Hoc|x64.Build.0 = Debug|Any CPU
		{26FC5977-D4B6-4D98-8E55-CF3A164421D2}.Ad-Hoc|x86.ActiveCfg = Debug|Any CPU
		{26FC5977-D4B6-4D98-8E55-CF3A164421D2}.Ad-Hoc|x86.Build.0 = Debug|Any CPU
		{26FC5977-D4B6-4D98-8E55-CF3A164421D2}.AppStore|Any CPU.ActiveCfg = Debug|Any CPU
		{26FC5977-D4B6-4D98-8E55-CF3A164421D2}.AppStore|Any CPU.Build.0 = Debug|Any CPU
		{26FC5977-D4B6-4D98-8E55-CF3A164421D2}.AppStore|ARM.ActiveCfg = Debug|Any CPU
		{26FC5977-D4B6-4D98-8E55-CF3A164421D2}.AppStore|ARM.Build.0 = Debug|Any CPU
		{26FC5977-D4B6-4D98-8E55-CF3A164421D2}.AppStore|ARM64.ActiveCfg = Debug|Any CPU
		{26FC5977-D4B6-4D98-8E55-CF3A164421D2}.AppStore|ARM64.Build.0 = Debug|Any CPU
		{26FC5977-D4B6-4D98-8E55-CF3A164421D2}.AppStore|iPhone.ActiveCfg = Debug|Any CPU
		{26FC5977-D4B6-4D98-8E55-CF3A164421D2}.AppStore|iPhone.Build.0 = Debug|Any CPU
		{26FC5977-D4B6-4D98-8E55-CF3A164421D2}.AppStore|iPhoneSimulator.ActiveCfg = Debug|Any CPU
		{26FC5977-D4B6-4D98-8E55-CF3A164421D2}.AppStore|iPhoneSimulator.Build.0 = Debug|Any CPU
		{26FC5977-D4B6-4D98-8E55-CF3A164421D2}.AppStore|x64.ActiveCfg = Debug|Any CPU
		{26FC5977-D4B6-4D98-8E55-CF3A164421D2}.AppStore|x64.Build.0 = Debug|Any CPU
		{26FC5977-D4B6-4D98-8E55-CF3A164421D2}.AppStore|x86.ActiveCfg = Debug|Any CPU
		{26FC5977-D4B6-4D98-8E55-CF3A164421D2}.AppStore|x86.Build.0 = Debug|Any CPU
		{26FC5977-D4B6-4D98-8E55-CF3A164421D2}.Debug|Any CPU.ActiveCfg = Debug|Any CPU
		{26FC5977-D4B6-4D98-8E55-CF3A164421D2}.Debug|Any CPU.Build.0 = Debug|Any CPU
		{26FC5977-D4B6-4D98-8E55-CF3A164421D2}.Debug|ARM.ActiveCfg = Debug|Any CPU
		{26FC5977-D4B6-4D98-8E55-CF3A164421D2}.Debug|ARM.Build.0 = Debug|Any CPU
		{26FC5977-D4B6-4D98-8E55-CF3A164421D2}.Debug|ARM64.ActiveCfg = Debug|Any CPU
		{26FC5977-D4B6-4D98-8E55-CF3A164421D2}.Debug|ARM64.Build.0 = Debug|Any CPU
		{26FC5977-D4B6-4D98-8E55-CF3A164421D2}.Debug|iPhone.ActiveCfg = Debug|Any CPU
		{26FC5977-D4B6-4D98-8E55-CF3A164421D2}.Debug|iPhone.Build.0 = Debug|Any CPU
		{26FC5977-D4B6-4D98-8E55-CF3A164421D2}.Debug|iPhoneSimulator.ActiveCfg = Debug|Any CPU
		{26FC5977-D4B6-4D98-8E55-CF3A164421D2}.Debug|iPhoneSimulator.Build.0 = Debug|Any CPU
		{26FC5977-D4B6-4D98-8E55-CF3A164421D2}.Debug|x64.ActiveCfg = Debug|Any CPU
		{26FC5977-D4B6-4D98-8E55-CF3A164421D2}.Debug|x64.Build.0 = Debug|Any CPU
		{26FC5977-D4B6-4D98-8E55-CF3A164421D2}.Debug|x86.ActiveCfg = Debug|Any CPU
		{26FC5977-D4B6-4D98-8E55-CF3A164421D2}.Debug|x86.Build.0 = Debug|Any CPU
		{26FC5977-D4B6-4D98-8E55-CF3A164421D2}.Release|Any CPU.ActiveCfg = Release|Any CPU
		{26FC5977-D4B6-4D98-8E55-CF3A164421D2}.Release|Any CPU.Build.0 = Release|Any CPU
		{26FC5977-D4B6-4D98-8E55-CF3A164421D2}.Release|ARM.ActiveCfg = Release|Any CPU
		{26FC5977-D4B6-4D98-8E55-CF3A164421D2}.Release|ARM.Build.0 = Release|Any CPU
		{26FC5977-D4B6-4D98-8E55-CF3A164421D2}.Release|ARM64.ActiveCfg = Release|Any CPU
		{26FC5977-D4B6-4D98-8E55-CF3A164421D2}.Release|ARM64.Build.0 = Release|Any CPU
		{26FC5977-D4B6-4D98-8E55-CF3A164421D2}.Release|iPhone.ActiveCfg = Release|Any CPU
		{26FC5977-D4B6-4D98-8E55-CF3A164421D2}.Release|iPhone.Build.0 = Release|Any CPU
		{26FC5977-D4B6-4D98-8E55-CF3A164421D2}.Release|iPhoneSimulator.ActiveCfg = Release|Any CPU
		{26FC5977-D4B6-4D98-8E55-CF3A164421D2}.Release|iPhoneSimulator.Build.0 = Release|Any CPU
		{26FC5977-D4B6-4D98-8E55-CF3A164421D2}.Release|x64.ActiveCfg = Release|Any CPU
		{26FC5977-D4B6-4D98-8E55-CF3A164421D2}.Release|x64.Build.0 = Release|Any CPU
		{26FC5977-D4B6-4D98-8E55-CF3A164421D2}.Release|x86.ActiveCfg = Release|Any CPU
		{26FC5977-D4B6-4D98-8E55-CF3A164421D2}.Release|x86.Build.0 = Release|Any CPU
		{9F966F1D-2CF5-4634-989F-ED75A7CF641B}.Ad-Hoc|Any CPU.ActiveCfg = Debug|Any CPU
		{9F966F1D-2CF5-4634-989F-ED75A7CF641B}.Ad-Hoc|Any CPU.Build.0 = Debug|Any CPU
		{9F966F1D-2CF5-4634-989F-ED75A7CF641B}.Ad-Hoc|ARM.ActiveCfg = Debug|Any CPU
		{9F966F1D-2CF5-4634-989F-ED75A7CF641B}.Ad-Hoc|ARM.Build.0 = Debug|Any CPU
		{9F966F1D-2CF5-4634-989F-ED75A7CF641B}.Ad-Hoc|ARM64.ActiveCfg = Debug|Any CPU
		{9F966F1D-2CF5-4634-989F-ED75A7CF641B}.Ad-Hoc|ARM64.Build.0 = Debug|Any CPU
		{9F966F1D-2CF5-4634-989F-ED75A7CF641B}.Ad-Hoc|iPhone.ActiveCfg = Debug|Any CPU
		{9F966F1D-2CF5-4634-989F-ED75A7CF641B}.Ad-Hoc|iPhone.Build.0 = Debug|Any CPU
		{9F966F1D-2CF5-4634-989F-ED75A7CF641B}.Ad-Hoc|iPhoneSimulator.ActiveCfg = Debug|Any CPU
		{9F966F1D-2CF5-4634-989F-ED75A7CF641B}.Ad-Hoc|iPhoneSimulator.Build.0 = Debug|Any CPU
		{9F966F1D-2CF5-4634-989F-ED75A7CF641B}.Ad-Hoc|x64.ActiveCfg = Debug|Any CPU
		{9F966F1D-2CF5-4634-989F-ED75A7CF641B}.Ad-Hoc|x64.Build.0 = Debug|Any CPU
		{9F966F1D-2CF5-4634-989F-ED75A7CF641B}.Ad-Hoc|x86.ActiveCfg = Debug|Any CPU
		{9F966F1D-2CF5-4634-989F-ED75A7CF641B}.Ad-Hoc|x86.Build.0 = Debug|Any CPU
		{9F966F1D-2CF5-4634-989F-ED75A7CF641B}.AppStore|Any CPU.ActiveCfg = Debug|Any CPU
		{9F966F1D-2CF5-4634-989F-ED75A7CF641B}.AppStore|Any CPU.Build.0 = Debug|Any CPU
		{9F966F1D-2CF5-4634-989F-ED75A7CF641B}.AppStore|ARM.ActiveCfg = Debug|Any CPU
		{9F966F1D-2CF5-4634-989F-ED75A7CF641B}.AppStore|ARM.Build.0 = Debug|Any CPU
		{9F966F1D-2CF5-4634-989F-ED75A7CF641B}.AppStore|ARM64.ActiveCfg = Debug|Any CPU
		{9F966F1D-2CF5-4634-989F-ED75A7CF641B}.AppStore|ARM64.Build.0 = Debug|Any CPU
		{9F966F1D-2CF5-4634-989F-ED75A7CF641B}.AppStore|iPhone.ActiveCfg = Debug|Any CPU
		{9F966F1D-2CF5-4634-989F-ED75A7CF641B}.AppStore|iPhone.Build.0 = Debug|Any CPU
		{9F966F1D-2CF5-4634-989F-ED75A7CF641B}.AppStore|iPhoneSimulator.ActiveCfg = Debug|Any CPU
		{9F966F1D-2CF5-4634-989F-ED75A7CF641B}.AppStore|iPhoneSimulator.Build.0 = Debug|Any CPU
		{9F966F1D-2CF5-4634-989F-ED75A7CF641B}.AppStore|x64.ActiveCfg = Debug|Any CPU
		{9F966F1D-2CF5-4634-989F-ED75A7CF641B}.AppStore|x64.Build.0 = Debug|Any CPU
		{9F966F1D-2CF5-4634-989F-ED75A7CF641B}.AppStore|x86.ActiveCfg = Debug|Any CPU
		{9F966F1D-2CF5-4634-989F-ED75A7CF641B}.AppStore|x86.Build.0 = Debug|Any CPU
		{9F966F1D-2CF5-4634-989F-ED75A7CF641B}.Debug|Any CPU.ActiveCfg = Debug|Any CPU
		{9F966F1D-2CF5-4634-989F-ED75A7CF641B}.Debug|Any CPU.Build.0 = Debug|Any CPU
		{9F966F1D-2CF5-4634-989F-ED75A7CF641B}.Debug|ARM.ActiveCfg = Debug|Any CPU
		{9F966F1D-2CF5-4634-989F-ED75A7CF641B}.Debug|ARM.Build.0 = Debug|Any CPU
		{9F966F1D-2CF5-4634-989F-ED75A7CF641B}.Debug|ARM64.ActiveCfg = Debug|Any CPU
		{9F966F1D-2CF5-4634-989F-ED75A7CF641B}.Debug|ARM64.Build.0 = Debug|Any CPU
		{9F966F1D-2CF5-4634-989F-ED75A7CF641B}.Debug|iPhone.ActiveCfg = Debug|Any CPU
		{9F966F1D-2CF5-4634-989F-ED75A7CF641B}.Debug|iPhone.Build.0 = Debug|Any CPU
		{9F966F1D-2CF5-4634-989F-ED75A7CF641B}.Debug|iPhoneSimulator.ActiveCfg = Debug|Any CPU
		{9F966F1D-2CF5-4634-989F-ED75A7CF641B}.Debug|iPhoneSimulator.Build.0 = Debug|Any CPU
		{9F966F1D-2CF5-4634-989F-ED75A7CF641B}.Debug|x64.ActiveCfg = Debug|Any CPU
		{9F966F1D-2CF5-4634-989F-ED75A7CF641B}.Debug|x64.Build.0 = Debug|Any CPU
		{9F966F1D-2CF5-4634-989F-ED75A7CF641B}.Debug|x86.ActiveCfg = Debug|Any CPU
		{9F966F1D-2CF5-4634-989F-ED75A7CF641B}.Debug|x86.Build.0 = Debug|Any CPU
		{9F966F1D-2CF5-4634-989F-ED75A7CF641B}.Release|Any CPU.ActiveCfg = Release|Any CPU
		{9F966F1D-2CF5-4634-989F-ED75A7CF641B}.Release|Any CPU.Build.0 = Release|Any CPU
		{9F966F1D-2CF5-4634-989F-ED75A7CF641B}.Release|ARM.ActiveCfg = Release|Any CPU
		{9F966F1D-2CF5-4634-989F-ED75A7CF641B}.Release|ARM.Build.0 = Release|Any CPU
		{9F966F1D-2CF5-4634-989F-ED75A7CF641B}.Release|ARM64.ActiveCfg = Release|Any CPU
		{9F966F1D-2CF5-4634-989F-ED75A7CF641B}.Release|ARM64.Build.0 = Release|Any CPU
		{9F966F1D-2CF5-4634-989F-ED75A7CF641B}.Release|iPhone.ActiveCfg = Release|Any CPU
		{9F966F1D-2CF5-4634-989F-ED75A7CF641B}.Release|iPhone.Build.0 = Release|Any CPU
		{9F966F1D-2CF5-4634-989F-ED75A7CF641B}.Release|iPhoneSimulator.ActiveCfg = Release|Any CPU
		{9F966F1D-2CF5-4634-989F-ED75A7CF641B}.Release|iPhoneSimulator.Build.0 = Release|Any CPU
		{9F966F1D-2CF5-4634-989F-ED75A7CF641B}.Release|x64.ActiveCfg = Release|Any CPU
		{9F966F1D-2CF5-4634-989F-ED75A7CF641B}.Release|x64.Build.0 = Release|Any CPU
		{9F966F1D-2CF5-4634-989F-ED75A7CF641B}.Release|x86.ActiveCfg = Release|Any CPU
		{9F966F1D-2CF5-4634-989F-ED75A7CF641B}.Release|x86.Build.0 = Release|Any CPU
		{2A0A2F0F-4B2F-44BD-8AAA-DB37C7A6973D}.Ad-Hoc|Any CPU.ActiveCfg = Debug|x64
		{2A0A2F0F-4B2F-44BD-8AAA-DB37C7A6973D}.Ad-Hoc|Any CPU.Build.0 = Debug|x64
		{2A0A2F0F-4B2F-44BD-8AAA-DB37C7A6973D}.Ad-Hoc|Any CPU.Deploy.0 = Debug|x64
		{2A0A2F0F-4B2F-44BD-8AAA-DB37C7A6973D}.Ad-Hoc|ARM.ActiveCfg = Debug|x64
		{2A0A2F0F-4B2F-44BD-8AAA-DB37C7A6973D}.Ad-Hoc|ARM.Build.0 = Debug|x64
		{2A0A2F0F-4B2F-44BD-8AAA-DB37C7A6973D}.Ad-Hoc|ARM.Deploy.0 = Debug|x64
		{2A0A2F0F-4B2F-44BD-8AAA-DB37C7A6973D}.Ad-Hoc|ARM64.ActiveCfg = Debug|arm64
		{2A0A2F0F-4B2F-44BD-8AAA-DB37C7A6973D}.Ad-Hoc|ARM64.Build.0 = Debug|arm64
		{2A0A2F0F-4B2F-44BD-8AAA-DB37C7A6973D}.Ad-Hoc|ARM64.Deploy.0 = Debug|arm64
		{2A0A2F0F-4B2F-44BD-8AAA-DB37C7A6973D}.Ad-Hoc|iPhone.ActiveCfg = Debug|x64
		{2A0A2F0F-4B2F-44BD-8AAA-DB37C7A6973D}.Ad-Hoc|iPhone.Build.0 = Debug|x64
		{2A0A2F0F-4B2F-44BD-8AAA-DB37C7A6973D}.Ad-Hoc|iPhone.Deploy.0 = Debug|x64
		{2A0A2F0F-4B2F-44BD-8AAA-DB37C7A6973D}.Ad-Hoc|iPhoneSimulator.ActiveCfg = Debug|x64
		{2A0A2F0F-4B2F-44BD-8AAA-DB37C7A6973D}.Ad-Hoc|iPhoneSimulator.Build.0 = Debug|x64
		{2A0A2F0F-4B2F-44BD-8AAA-DB37C7A6973D}.Ad-Hoc|iPhoneSimulator.Deploy.0 = Debug|x64
		{2A0A2F0F-4B2F-44BD-8AAA-DB37C7A6973D}.Ad-Hoc|x64.ActiveCfg = Debug|x64
		{2A0A2F0F-4B2F-44BD-8AAA-DB37C7A6973D}.Ad-Hoc|x64.Build.0 = Debug|x64
		{2A0A2F0F-4B2F-44BD-8AAA-DB37C7A6973D}.Ad-Hoc|x64.Deploy.0 = Debug|x64
		{2A0A2F0F-4B2F-44BD-8AAA-DB37C7A6973D}.Ad-Hoc|x86.ActiveCfg = Debug|x86
		{2A0A2F0F-4B2F-44BD-8AAA-DB37C7A6973D}.Ad-Hoc|x86.Build.0 = Debug|x86
		{2A0A2F0F-4B2F-44BD-8AAA-DB37C7A6973D}.Ad-Hoc|x86.Deploy.0 = Debug|x86
		{2A0A2F0F-4B2F-44BD-8AAA-DB37C7A6973D}.AppStore|Any CPU.ActiveCfg = Debug|x64
		{2A0A2F0F-4B2F-44BD-8AAA-DB37C7A6973D}.AppStore|Any CPU.Build.0 = Debug|x64
		{2A0A2F0F-4B2F-44BD-8AAA-DB37C7A6973D}.AppStore|Any CPU.Deploy.0 = Debug|x64
		{2A0A2F0F-4B2F-44BD-8AAA-DB37C7A6973D}.AppStore|ARM.ActiveCfg = Debug|x64
		{2A0A2F0F-4B2F-44BD-8AAA-DB37C7A6973D}.AppStore|ARM.Build.0 = Debug|x64
		{2A0A2F0F-4B2F-44BD-8AAA-DB37C7A6973D}.AppStore|ARM.Deploy.0 = Debug|x64
		{2A0A2F0F-4B2F-44BD-8AAA-DB37C7A6973D}.AppStore|ARM64.ActiveCfg = Debug|arm64
		{2A0A2F0F-4B2F-44BD-8AAA-DB37C7A6973D}.AppStore|ARM64.Build.0 = Debug|arm64
		{2A0A2F0F-4B2F-44BD-8AAA-DB37C7A6973D}.AppStore|ARM64.Deploy.0 = Debug|arm64
		{2A0A2F0F-4B2F-44BD-8AAA-DB37C7A6973D}.AppStore|iPhone.ActiveCfg = Debug|x64
		{2A0A2F0F-4B2F-44BD-8AAA-DB37C7A6973D}.AppStore|iPhone.Build.0 = Debug|x64
		{2A0A2F0F-4B2F-44BD-8AAA-DB37C7A6973D}.AppStore|iPhone.Deploy.0 = Debug|x64
		{2A0A2F0F-4B2F-44BD-8AAA-DB37C7A6973D}.AppStore|iPhoneSimulator.ActiveCfg = Debug|x64
		{2A0A2F0F-4B2F-44BD-8AAA-DB37C7A6973D}.AppStore|iPhoneSimulator.Build.0 = Debug|x64
		{2A0A2F0F-4B2F-44BD-8AAA-DB37C7A6973D}.AppStore|iPhoneSimulator.Deploy.0 = Debug|x64
		{2A0A2F0F-4B2F-44BD-8AAA-DB37C7A6973D}.AppStore|x64.ActiveCfg = Debug|x64
		{2A0A2F0F-4B2F-44BD-8AAA-DB37C7A6973D}.AppStore|x64.Build.0 = Debug|x64
		{2A0A2F0F-4B2F-44BD-8AAA-DB37C7A6973D}.AppStore|x64.Deploy.0 = Debug|x64
		{2A0A2F0F-4B2F-44BD-8AAA-DB37C7A6973D}.AppStore|x86.ActiveCfg = Debug|x86
		{2A0A2F0F-4B2F-44BD-8AAA-DB37C7A6973D}.AppStore|x86.Build.0 = Debug|x86
		{2A0A2F0F-4B2F-44BD-8AAA-DB37C7A6973D}.AppStore|x86.Deploy.0 = Debug|x86
		{2A0A2F0F-4B2F-44BD-8AAA-DB37C7A6973D}.Debug|Any CPU.ActiveCfg = Debug|x64
		{2A0A2F0F-4B2F-44BD-8AAA-DB37C7A6973D}.Debug|Any CPU.Build.0 = Debug|x64
		{2A0A2F0F-4B2F-44BD-8AAA-DB37C7A6973D}.Debug|Any CPU.Deploy.0 = Debug|x64
		{2A0A2F0F-4B2F-44BD-8AAA-DB37C7A6973D}.Debug|ARM.ActiveCfg = Debug|x64
		{2A0A2F0F-4B2F-44BD-8AAA-DB37C7A6973D}.Debug|ARM.Build.0 = Debug|x64
		{2A0A2F0F-4B2F-44BD-8AAA-DB37C7A6973D}.Debug|ARM.Deploy.0 = Debug|x64
		{2A0A2F0F-4B2F-44BD-8AAA-DB37C7A6973D}.Debug|ARM64.ActiveCfg = Debug|arm64
		{2A0A2F0F-4B2F-44BD-8AAA-DB37C7A6973D}.Debug|ARM64.Build.0 = Debug|arm64
		{2A0A2F0F-4B2F-44BD-8AAA-DB37C7A6973D}.Debug|ARM64.Deploy.0 = Debug|arm64
		{2A0A2F0F-4B2F-44BD-8AAA-DB37C7A6973D}.Debug|iPhone.ActiveCfg = Debug|x64
		{2A0A2F0F-4B2F-44BD-8AAA-DB37C7A6973D}.Debug|iPhone.Build.0 = Debug|x64
		{2A0A2F0F-4B2F-44BD-8AAA-DB37C7A6973D}.Debug|iPhone.Deploy.0 = Debug|x64
		{2A0A2F0F-4B2F-44BD-8AAA-DB37C7A6973D}.Debug|iPhoneSimulator.ActiveCfg = Debug|x64
		{2A0A2F0F-4B2F-44BD-8AAA-DB37C7A6973D}.Debug|iPhoneSimulator.Build.0 = Debug|x64
		{2A0A2F0F-4B2F-44BD-8AAA-DB37C7A6973D}.Debug|iPhoneSimulator.Deploy.0 = Debug|x64
		{2A0A2F0F-4B2F-44BD-8AAA-DB37C7A6973D}.Debug|x64.ActiveCfg = Debug|x64
		{2A0A2F0F-4B2F-44BD-8AAA-DB37C7A6973D}.Debug|x64.Build.0 = Debug|x64
		{2A0A2F0F-4B2F-44BD-8AAA-DB37C7A6973D}.Debug|x64.Deploy.0 = Debug|x64
		{2A0A2F0F-4B2F-44BD-8AAA-DB37C7A6973D}.Debug|x86.ActiveCfg = Debug|x86
		{2A0A2F0F-4B2F-44BD-8AAA-DB37C7A6973D}.Debug|x86.Build.0 = Debug|x86
		{2A0A2F0F-4B2F-44BD-8AAA-DB37C7A6973D}.Debug|x86.Deploy.0 = Debug|x86
		{2A0A2F0F-4B2F-44BD-8AAA-DB37C7A6973D}.Release|Any CPU.ActiveCfg = Release|x64
		{2A0A2F0F-4B2F-44BD-8AAA-DB37C7A6973D}.Release|Any CPU.Build.0 = Release|x64
		{2A0A2F0F-4B2F-44BD-8AAA-DB37C7A6973D}.Release|Any CPU.Deploy.0 = Release|x64
		{2A0A2F0F-4B2F-44BD-8AAA-DB37C7A6973D}.Release|ARM.ActiveCfg = Release|x64
		{2A0A2F0F-4B2F-44BD-8AAA-DB37C7A6973D}.Release|ARM.Build.0 = Release|x64
		{2A0A2F0F-4B2F-44BD-8AAA-DB37C7A6973D}.Release|ARM.Deploy.0 = Release|x64
		{2A0A2F0F-4B2F-44BD-8AAA-DB37C7A6973D}.Release|ARM64.ActiveCfg = Release|arm64
		{2A0A2F0F-4B2F-44BD-8AAA-DB37C7A6973D}.Release|ARM64.Build.0 = Release|arm64
		{2A0A2F0F-4B2F-44BD-8AAA-DB37C7A6973D}.Release|ARM64.Deploy.0 = Release|arm64
		{2A0A2F0F-4B2F-44BD-8AAA-DB37C7A6973D}.Release|iPhone.ActiveCfg = Release|x64
		{2A0A2F0F-4B2F-44BD-8AAA-DB37C7A6973D}.Release|iPhone.Build.0 = Release|x64
		{2A0A2F0F-4B2F-44BD-8AAA-DB37C7A6973D}.Release|iPhone.Deploy.0 = Release|x64
		{2A0A2F0F-4B2F-44BD-8AAA-DB37C7A6973D}.Release|iPhoneSimulator.ActiveCfg = Release|x64
		{2A0A2F0F-4B2F-44BD-8AAA-DB37C7A6973D}.Release|iPhoneSimulator.Build.0 = Release|x64
		{2A0A2F0F-4B2F-44BD-8AAA-DB37C7A6973D}.Release|iPhoneSimulator.Deploy.0 = Release|x64
		{2A0A2F0F-4B2F-44BD-8AAA-DB37C7A6973D}.Release|x64.ActiveCfg = Release|x64
		{2A0A2F0F-4B2F-44BD-8AAA-DB37C7A6973D}.Release|x64.Build.0 = Release|x64
		{2A0A2F0F-4B2F-44BD-8AAA-DB37C7A6973D}.Release|x64.Deploy.0 = Release|x64
		{2A0A2F0F-4B2F-44BD-8AAA-DB37C7A6973D}.Release|x86.ActiveCfg = Release|x86
		{2A0A2F0F-4B2F-44BD-8AAA-DB37C7A6973D}.Release|x86.Build.0 = Release|x86
		{2A0A2F0F-4B2F-44BD-8AAA-DB37C7A6973D}.Release|x86.Deploy.0 = Release|x86
		{C4915BE0-E950-460C-867F-305BBEA4EA29}.Ad-Hoc|Any CPU.ActiveCfg = Debug|Any CPU
		{C4915BE0-E950-460C-867F-305BBEA4EA29}.Ad-Hoc|Any CPU.Build.0 = Debug|Any CPU
		{C4915BE0-E950-460C-867F-305BBEA4EA29}.Ad-Hoc|ARM.ActiveCfg = Debug|Any CPU
		{C4915BE0-E950-460C-867F-305BBEA4EA29}.Ad-Hoc|ARM.Build.0 = Debug|Any CPU
		{C4915BE0-E950-460C-867F-305BBEA4EA29}.Ad-Hoc|ARM64.ActiveCfg = Debug|Any CPU
		{C4915BE0-E950-460C-867F-305BBEA4EA29}.Ad-Hoc|ARM64.Build.0 = Debug|Any CPU
		{C4915BE0-E950-460C-867F-305BBEA4EA29}.Ad-Hoc|iPhone.ActiveCfg = Debug|Any CPU
		{C4915BE0-E950-460C-867F-305BBEA4EA29}.Ad-Hoc|iPhone.Build.0 = Debug|Any CPU
		{C4915BE0-E950-460C-867F-305BBEA4EA29}.Ad-Hoc|iPhoneSimulator.ActiveCfg = Debug|Any CPU
		{C4915BE0-E950-460C-867F-305BBEA4EA29}.Ad-Hoc|iPhoneSimulator.Build.0 = Debug|Any CPU
		{C4915BE0-E950-460C-867F-305BBEA4EA29}.Ad-Hoc|x64.ActiveCfg = Debug|Any CPU
		{C4915BE0-E950-460C-867F-305BBEA4EA29}.Ad-Hoc|x64.Build.0 = Debug|Any CPU
		{C4915BE0-E950-460C-867F-305BBEA4EA29}.Ad-Hoc|x86.ActiveCfg = Debug|Any CPU
		{C4915BE0-E950-460C-867F-305BBEA4EA29}.Ad-Hoc|x86.Build.0 = Debug|Any CPU
		{C4915BE0-E950-460C-867F-305BBEA4EA29}.AppStore|Any CPU.ActiveCfg = Debug|Any CPU
		{C4915BE0-E950-460C-867F-305BBEA4EA29}.AppStore|Any CPU.Build.0 = Debug|Any CPU
		{C4915BE0-E950-460C-867F-305BBEA4EA29}.AppStore|ARM.ActiveCfg = Debug|Any CPU
		{C4915BE0-E950-460C-867F-305BBEA4EA29}.AppStore|ARM.Build.0 = Debug|Any CPU
		{C4915BE0-E950-460C-867F-305BBEA4EA29}.AppStore|ARM64.ActiveCfg = Debug|Any CPU
		{C4915BE0-E950-460C-867F-305BBEA4EA29}.AppStore|ARM64.Build.0 = Debug|Any CPU
		{C4915BE0-E950-460C-867F-305BBEA4EA29}.AppStore|iPhone.ActiveCfg = Debug|Any CPU
		{C4915BE0-E950-460C-867F-305BBEA4EA29}.AppStore|iPhone.Build.0 = Debug|Any CPU
		{C4915BE0-E950-460C-867F-305BBEA4EA29}.AppStore|iPhoneSimulator.ActiveCfg = Debug|Any CPU
		{C4915BE0-E950-460C-867F-305BBEA4EA29}.AppStore|iPhoneSimulator.Build.0 = Debug|Any CPU
		{C4915BE0-E950-460C-867F-305BBEA4EA29}.AppStore|x64.ActiveCfg = Debug|Any CPU
		{C4915BE0-E950-460C-867F-305BBEA4EA29}.AppStore|x64.Build.0 = Debug|Any CPU
		{C4915BE0-E950-460C-867F-305BBEA4EA29}.AppStore|x86.ActiveCfg = Debug|Any CPU
		{C4915BE0-E950-460C-867F-305BBEA4EA29}.AppStore|x86.Build.0 = Debug|Any CPU
		{C4915BE0-E950-460C-867F-305BBEA4EA29}.Debug|Any CPU.ActiveCfg = Debug|Any CPU
		{C4915BE0-E950-460C-867F-305BBEA4EA29}.Debug|Any CPU.Build.0 = Debug|Any CPU
		{C4915BE0-E950-460C-867F-305BBEA4EA29}.Debug|ARM.ActiveCfg = Debug|Any CPU
		{C4915BE0-E950-460C-867F-305BBEA4EA29}.Debug|ARM.Build.0 = Debug|Any CPU
		{C4915BE0-E950-460C-867F-305BBEA4EA29}.Debug|ARM64.ActiveCfg = Debug|Any CPU
		{C4915BE0-E950-460C-867F-305BBEA4EA29}.Debug|ARM64.Build.0 = Debug|Any CPU
		{C4915BE0-E950-460C-867F-305BBEA4EA29}.Debug|iPhone.ActiveCfg = Debug|Any CPU
		{C4915BE0-E950-460C-867F-305BBEA4EA29}.Debug|iPhone.Build.0 = Debug|Any CPU
		{C4915BE0-E950-460C-867F-305BBEA4EA29}.Debug|iPhoneSimulator.ActiveCfg = Debug|Any CPU
		{C4915BE0-E950-460C-867F-305BBEA4EA29}.Debug|iPhoneSimulator.Build.0 = Debug|Any CPU
		{C4915BE0-E950-460C-867F-305BBEA4EA29}.Debug|x64.ActiveCfg = Debug|Any CPU
		{C4915BE0-E950-460C-867F-305BBEA4EA29}.Debug|x64.Build.0 = Debug|Any CPU
		{C4915BE0-E950-460C-867F-305BBEA4EA29}.Debug|x86.ActiveCfg = Debug|Any CPU
		{C4915BE0-E950-460C-867F-305BBEA4EA29}.Debug|x86.Build.0 = Debug|Any CPU
		{C4915BE0-E950-460C-867F-305BBEA4EA29}.Release|Any CPU.ActiveCfg = Release|Any CPU
		{C4915BE0-E950-460C-867F-305BBEA4EA29}.Release|Any CPU.Build.0 = Release|Any CPU
		{C4915BE0-E950-460C-867F-305BBEA4EA29}.Release|ARM.ActiveCfg = Release|Any CPU
		{C4915BE0-E950-460C-867F-305BBEA4EA29}.Release|ARM.Build.0 = Release|Any CPU
		{C4915BE0-E950-460C-867F-305BBEA4EA29}.Release|ARM64.ActiveCfg = Release|Any CPU
		{C4915BE0-E950-460C-867F-305BBEA4EA29}.Release|ARM64.Build.0 = Release|Any CPU
		{C4915BE0-E950-460C-867F-305BBEA4EA29}.Release|iPhone.ActiveCfg = Release|Any CPU
		{C4915BE0-E950-460C-867F-305BBEA4EA29}.Release|iPhone.Build.0 = Release|Any CPU
		{C4915BE0-E950-460C-867F-305BBEA4EA29}.Release|iPhoneSimulator.ActiveCfg = Release|Any CPU
		{C4915BE0-E950-460C-867F-305BBEA4EA29}.Release|iPhoneSimulator.Build.0 = Release|Any CPU
		{C4915BE0-E950-460C-867F-305BBEA4EA29}.Release|x64.ActiveCfg = Release|Any CPU
		{C4915BE0-E950-460C-867F-305BBEA4EA29}.Release|x64.Build.0 = Release|Any CPU
		{C4915BE0-E950-460C-867F-305BBEA4EA29}.Release|x86.ActiveCfg = Release|Any CPU
		{C4915BE0-E950-460C-867F-305BBEA4EA29}.Release|x86.Build.0 = Release|Any CPU
		{45A6DBF6-680D-45F0-B061-80334A66EB3A}.Ad-Hoc|Any CPU.ActiveCfg = Debug|Any CPU
		{45A6DBF6-680D-45F0-B061-80334A66EB3A}.Ad-Hoc|Any CPU.Build.0 = Debug|Any CPU
		{45A6DBF6-680D-45F0-B061-80334A66EB3A}.Ad-Hoc|ARM.ActiveCfg = Debug|Any CPU
		{45A6DBF6-680D-45F0-B061-80334A66EB3A}.Ad-Hoc|ARM.Build.0 = Debug|Any CPU
		{45A6DBF6-680D-45F0-B061-80334A66EB3A}.Ad-Hoc|ARM64.ActiveCfg = Debug|Any CPU
		{45A6DBF6-680D-45F0-B061-80334A66EB3A}.Ad-Hoc|ARM64.Build.0 = Debug|Any CPU
		{45A6DBF6-680D-45F0-B061-80334A66EB3A}.Ad-Hoc|iPhone.ActiveCfg = Debug|Any CPU
		{45A6DBF6-680D-45F0-B061-80334A66EB3A}.Ad-Hoc|iPhone.Build.0 = Debug|Any CPU
		{45A6DBF6-680D-45F0-B061-80334A66EB3A}.Ad-Hoc|iPhoneSimulator.ActiveCfg = Debug|Any CPU
		{45A6DBF6-680D-45F0-B061-80334A66EB3A}.Ad-Hoc|iPhoneSimulator.Build.0 = Debug|Any CPU
		{45A6DBF6-680D-45F0-B061-80334A66EB3A}.Ad-Hoc|x64.ActiveCfg = Debug|Any CPU
		{45A6DBF6-680D-45F0-B061-80334A66EB3A}.Ad-Hoc|x64.Build.0 = Debug|Any CPU
		{45A6DBF6-680D-45F0-B061-80334A66EB3A}.Ad-Hoc|x86.ActiveCfg = Debug|Any CPU
		{45A6DBF6-680D-45F0-B061-80334A66EB3A}.Ad-Hoc|x86.Build.0 = Debug|Any CPU
		{45A6DBF6-680D-45F0-B061-80334A66EB3A}.AppStore|Any CPU.ActiveCfg = Debug|Any CPU
		{45A6DBF6-680D-45F0-B061-80334A66EB3A}.AppStore|Any CPU.Build.0 = Debug|Any CPU
		{45A6DBF6-680D-45F0-B061-80334A66EB3A}.AppStore|ARM.ActiveCfg = Debug|Any CPU
		{45A6DBF6-680D-45F0-B061-80334A66EB3A}.AppStore|ARM.Build.0 = Debug|Any CPU
		{45A6DBF6-680D-45F0-B061-80334A66EB3A}.AppStore|ARM64.ActiveCfg = Debug|Any CPU
		{45A6DBF6-680D-45F0-B061-80334A66EB3A}.AppStore|ARM64.Build.0 = Debug|Any CPU
		{45A6DBF6-680D-45F0-B061-80334A66EB3A}.AppStore|iPhone.ActiveCfg = Debug|Any CPU
		{45A6DBF6-680D-45F0-B061-80334A66EB3A}.AppStore|iPhone.Build.0 = Debug|Any CPU
		{45A6DBF6-680D-45F0-B061-80334A66EB3A}.AppStore|iPhoneSimulator.ActiveCfg = Debug|Any CPU
		{45A6DBF6-680D-45F0-B061-80334A66EB3A}.AppStore|iPhoneSimulator.Build.0 = Debug|Any CPU
		{45A6DBF6-680D-45F0-B061-80334A66EB3A}.AppStore|x64.ActiveCfg = Debug|Any CPU
		{45A6DBF6-680D-45F0-B061-80334A66EB3A}.AppStore|x64.Build.0 = Debug|Any CPU
		{45A6DBF6-680D-45F0-B061-80334A66EB3A}.AppStore|x86.ActiveCfg = Debug|Any CPU
		{45A6DBF6-680D-45F0-B061-80334A66EB3A}.AppStore|x86.Build.0 = Debug|Any CPU
		{45A6DBF6-680D-45F0-B061-80334A66EB3A}.Debug|Any CPU.ActiveCfg = Debug|Any CPU
		{45A6DBF6-680D-45F0-B061-80334A66EB3A}.Debug|Any CPU.Build.0 = Debug|Any CPU
		{45A6DBF6-680D-45F0-B061-80334A66EB3A}.Debug|ARM.ActiveCfg = Debug|Any CPU
		{45A6DBF6-680D-45F0-B061-80334A66EB3A}.Debug|ARM.Build.0 = Debug|Any CPU
		{45A6DBF6-680D-45F0-B061-80334A66EB3A}.Debug|ARM64.ActiveCfg = Debug|Any CPU
		{45A6DBF6-680D-45F0-B061-80334A66EB3A}.Debug|ARM64.Build.0 = Debug|Any CPU
		{45A6DBF6-680D-45F0-B061-80334A66EB3A}.Debug|iPhone.ActiveCfg = Debug|Any CPU
		{45A6DBF6-680D-45F0-B061-80334A66EB3A}.Debug|iPhone.Build.0 = Debug|Any CPU
		{45A6DBF6-680D-45F0-B061-80334A66EB3A}.Debug|iPhoneSimulator.ActiveCfg = Debug|Any CPU
		{45A6DBF6-680D-45F0-B061-80334A66EB3A}.Debug|iPhoneSimulator.Build.0 = Debug|Any CPU
		{45A6DBF6-680D-45F0-B061-80334A66EB3A}.Debug|x64.ActiveCfg = Debug|Any CPU
		{45A6DBF6-680D-45F0-B061-80334A66EB3A}.Debug|x64.Build.0 = Debug|Any CPU
		{45A6DBF6-680D-45F0-B061-80334A66EB3A}.Debug|x86.ActiveCfg = Debug|Any CPU
		{45A6DBF6-680D-45F0-B061-80334A66EB3A}.Debug|x86.Build.0 = Debug|Any CPU
		{45A6DBF6-680D-45F0-B061-80334A66EB3A}.Release|Any CPU.ActiveCfg = Release|Any CPU
		{45A6DBF6-680D-45F0-B061-80334A66EB3A}.Release|Any CPU.Build.0 = Release|Any CPU
		{45A6DBF6-680D-45F0-B061-80334A66EB3A}.Release|ARM.ActiveCfg = Release|Any CPU
		{45A6DBF6-680D-45F0-B061-80334A66EB3A}.Release|ARM.Build.0 = Release|Any CPU
		{45A6DBF6-680D-45F0-B061-80334A66EB3A}.Release|ARM64.ActiveCfg = Release|Any CPU
		{45A6DBF6-680D-45F0-B061-80334A66EB3A}.Release|ARM64.Build.0 = Release|Any CPU
		{45A6DBF6-680D-45F0-B061-80334A66EB3A}.Release|iPhone.ActiveCfg = Release|Any CPU
		{45A6DBF6-680D-45F0-B061-80334A66EB3A}.Release|iPhone.Build.0 = Release|Any CPU
		{45A6DBF6-680D-45F0-B061-80334A66EB3A}.Release|iPhoneSimulator.ActiveCfg = Release|Any CPU
		{45A6DBF6-680D-45F0-B061-80334A66EB3A}.Release|iPhoneSimulator.Build.0 = Release|Any CPU
		{45A6DBF6-680D-45F0-B061-80334A66EB3A}.Release|x64.ActiveCfg = Release|Any CPU
		{45A6DBF6-680D-45F0-B061-80334A66EB3A}.Release|x64.Build.0 = Release|Any CPU
		{45A6DBF6-680D-45F0-B061-80334A66EB3A}.Release|x86.ActiveCfg = Release|Any CPU
		{45A6DBF6-680D-45F0-B061-80334A66EB3A}.Release|x86.Build.0 = Release|Any CPU
	EndGlobalSection
	GlobalSection(SolutionProperties) = preSolution
		HideSolutionNode = FALSE
	EndGlobalSection
	GlobalSection(NestedProjects) = preSolution
		{A13EA408-EB69-4B90-BFEF-C1ECD844E8C2} = {C05EBE08-36FC-4AF7-B7A2-44EB8F54B8A6}
		{4E7F946C-38D0-4555-A020-269BCC89E2C1} = {6A723D9F-A00C-48D2-BF0E-16CF94662628}
		{26FC5977-D4B6-4D98-8E55-CF3A164421D2} = {6A723D9F-A00C-48D2-BF0E-16CF94662628}
		{6279C845-92F8-4333-AB99-3D213163593C} = {555A5FFF-ED25-4015-80FC-DBA5C9E737D3}
		{9F966F1D-2CF5-4634-989F-ED75A7CF641B} = {6A723D9F-A00C-48D2-BF0E-16CF94662628}
		{2A0A2F0F-4B2F-44BD-8AAA-DB37C7A6973D} = {6A723D9F-A00C-48D2-BF0E-16CF94662628}
		{C4915BE0-E950-460C-867F-305BBEA4EA29} = {6A723D9F-A00C-48D2-BF0E-16CF94662628}
		{45A6DBF6-680D-45F0-B061-80334A66EB3A} = {6A723D9F-A00C-48D2-BF0E-16CF94662628}
		{6A723D9F-A00C-48D2-BF0E-16CF94662628} = {555A5FFF-ED25-4015-80FC-DBA5C9E737D3}
	EndGlobalSection
	GlobalSection(ExtensibilityGlobals) = postSolution
		SolutionGuid = {BEA35AF1-A080-4B20-870F-536D85EC5B83}
	EndGlobalSection
	GlobalSection(SharedMSBuildProjectFiles) = preSolution
		app\MZikmund.App.Shared\MZikmund.App.Shared.projitems*{2a0a2f0f-4b2f-44bd-8aaa-db37c7a6973d}*SharedItemsImports = 5
		app\MZikmund.App.Shared\MZikmund.App.Shared.projitems*{45a6dbf6-680d-45f0-b061-80334a66eb3a}*SharedItemsImports = 5
		app\MZikmund.App.Shared\MZikmund.App.Shared.projitems*{4e7f946c-38d0-4555-a020-269bcc89e2c1}*SharedItemsImports = 5
		app\MZikmund.App.Shared\MZikmund.App.Shared.projitems*{6279c845-92f8-4333-ab99-3d213163593c}*SharedItemsImports = 13
		app\MZikmund.App.Shared\MZikmund.App.Shared.projitems*{9f966f1d-2cf5-4634-989f-ed75a7cf641b}*SharedItemsImports = 5
		app\MZikmund.App.Shared\MZikmund.App.Shared.projitems*{c4915be0-e950-460c-867f-305bbea4ea29}*SharedItemsImports = 5
	EndGlobalSection
EndGlobal
