
Microsoft Visual Studio Solution File, Format Version 12.00
# Visual Studio Version 17
VisualStudioVersion = 17.2.32630.192
MinimumVisualStudioVersion = 10.0.40219.1
Project("{9A19103F-16F7-4668-BE54-9A1E7A4F7556}") = "MZikmund.Web", "web\MZikmund.Web\MZikmund.Web.csproj", "{A13EA408-EB69-4B90-BFEF-C1ECD844E8C2}"
EndProject
Project("{2150E333-8FDC-42A3-9474-1A3956D46DE8}") = "Web", "Web", "{C05EBE08-36FC-4AF7-B7A2-44EB8F54B8A6}"
EndProject
Project("{2150E333-8FDC-42A3-9474-1A3956D46DE8}") = "App", "App", "{98054A31-B228-43D6-BD2D-78C1D08CEFCE}"
EndProject
Project("{9A19103F-16F7-4668-BE54-9A1E7A4F7556}") = "MZikmund.Web.Data", "web\MZikmund.Web.Data\MZikmund.Web.Data.csproj", "{32801CD7-1B90-4F68-845B-F38B4C672AFB}"
EndProject
Project("{2150E333-8FDC-42A3-9474-1A3956D46DE8}") = "Solution Items", "Solution Items", "{4540BD52-5745-4278-9ECA-F61335586670}"
	ProjectSection(SolutionItems) = preProject
		..\.editorconfig = ..\.editorconfig
		Directory.Build.props = Directory.Build.props
		Directory.Build.targets = Directory.Build.targets
		Directory.Packages.props = Directory.Packages.props
		..\global.json = ..\global.json
		solution-config.props.sample = solution-config.props.sample
	EndProjectSection
EndProject
Project("{9A19103F-16F7-4668-BE54-9A1E7A4F7556}") = "MZikmund.Web.Configuration", "web\MZikmund.Web.Configuration\MZikmund.Web.Configuration.csproj", "{C119D4C3-C0CA-4BFF-863A-006A413B5979}"
EndProject
Project("{2150E333-8FDC-42A3-9474-1A3956D46DE8}") = "Tools", "Tools", "{9B0B4D57-0D36-4200-A9EA-3E74AEC30CC0}"
EndProject
Project("{9A19103F-16F7-4668-BE54-9A1E7A4F7556}") = "MZikmund.LegacyMigration", "tools\MZikmund.LegacyMigration\MZikmund.LegacyMigration.csproj", "{51B07E3A-8769-4BBD-8B80-37509BB19D7E}"
EndProject
Project("{9A19103F-16F7-4668-BE54-9A1E7A4F7556}") = "MZikmund.Web.Core", "web\MZikmund.Web.Core\MZikmund.Web.Core.csproj", "{69F52E39-812D-4ABE-BFF8-D8290D6B156A}"
EndProject
Project("{9A19103F-16F7-4668-BE54-9A1E7A4F7556}") = "MZikmund.Web.Core.Tests", "web\MZikmund.Web.Core.Tests\MZikmund.Web.Core.Tests.csproj", "{CFAD7F7D-3F38-4252-885B-EE16DC147787}"
EndProject
Project("{9A19103F-16F7-4668-BE54-9A1E7A4F7556}") = "MZikmund.DataContracts", "app\MZikmund.DataContracts\MZikmund.DataContracts.csproj", "{C2E30D34-5B71-432F-B5D5-69B88B5AF5DB}"
EndProject
Project("{2150E333-8FDC-42A3-9474-1A3956D46DE8}") = "Shared", "Shared", "{6AD11812-0C83-402E-83D6-6D46B2CB7AF5}"
EndProject
Project("{9A19103F-16F7-4668-BE54-9A1E7A4F7556}") = "MZikmund.Shared", "shared\MZikmund.Shared\MZikmund.Shared.csproj", "{AA373B1D-F17C-4F24-86E5-F6DB8688434A}"
EndProject
Project("{9A19103F-16F7-4668-BE54-9A1E7A4F7556}") = "MZikmund.Api", "shared\MZikmund.Api\MZikmund.Api.csproj", "{55640146-2DFC-4B9F-8A6E-F44C4D74950D}"
EndProject
Project("{9A19103F-16F7-4668-BE54-9A1E7A4F7556}") = "MZikmund.App.Core", "app\MZikmund.App.Core\MZikmund.App.Core.csproj", "{8576D083-0E08-4929-8F62-D58BBABF8205}"
EndProject
Project("{9A19103F-16F7-4668-BE54-9A1E7A4F7556}") = "MZikmund.App", "app\MZikmund.App\MZikmund.App.csproj", "{E8C524A7-64F7-47D2-918F-FD6B3B9D832F}"
EndProject
Project("{FAE04EC0-301F-11D3-BF4B-00C04F79EFBC}") = "MZikmund.AppHost", "host\MZikmund.AppHost\MZikmund.AppHost.csproj", "{CC2F7097-F996-4F92-971A-5A3D50BCEF03}"
EndProject
Project("{FAE04EC0-301F-11D3-BF4B-00C04F79EFBC}") = "MZikmund.ServiceDefaults", "host\MZikmund.ServiceDefaults\MZikmund.ServiceDefaults.csproj", "{8AD4D386-CC73-4CBF-831F-1BE49DADD566}"
EndProject
Project("{2150E333-8FDC-42A3-9474-1A3956D46DE8}") = "Host", "Host", "{E3976B3E-0191-409D-990B-37F794CB9904}"
EndProject
Global
	GlobalSection(SolutionConfigurationPlatforms) = preSolution
		Ad-Hoc|Any CPU = Ad-Hoc|Any CPU
		Ad-Hoc|ARM = Ad-Hoc|ARM
		Ad-Hoc|ARM64 = Ad-Hoc|ARM64
		Ad-Hoc|iPhone = Ad-Hoc|iPhone
		Ad-Hoc|iPhoneSimulator = Ad-Hoc|iPhoneSimulator
		Ad-Hoc|x64 = Ad-Hoc|x64
		Ad-Hoc|x86 = Ad-Hoc|x86
		AppStore|Any CPU = AppStore|Any CPU
		AppStore|ARM = AppStore|ARM
		AppStore|ARM64 = AppStore|ARM64
		AppStore|iPhone = AppStore|iPhone
		AppStore|iPhoneSimulator = AppStore|iPhoneSimulator
		AppStore|x64 = AppStore|x64
		AppStore|x86 = AppStore|x86
		Debug|Any CPU = Debug|Any CPU
		Debug|ARM = Debug|ARM
		Debug|ARM64 = Debug|ARM64
		Debug|iPhone = Debug|iPhone
		Debug|iPhoneSimulator = Debug|iPhoneSimulator
		Debug|x64 = Debug|x64
		Debug|x86 = Debug|x86
		Release|Any CPU = Release|Any CPU
		Release|ARM = Release|ARM
		Release|ARM64 = Release|ARM64
		Release|iPhone = Release|iPhone
		Release|iPhoneSimulator = Release|iPhoneSimulator
		Release|x64 = Release|x64
		Release|x86 = Release|x86
	EndGlobalSection
	GlobalSection(ProjectConfigurationPlatforms) = postSolution
		{A13EA408-EB69-4B90-BFEF-C1ECD844E8C2}.Ad-Hoc|Any CPU.ActiveCfg = Release|Any CPU
		{A13EA408-EB69-4B90-BFEF-C1ECD844E8C2}.Ad-Hoc|Any CPU.Build.0 = Release|Any CPU
		{A13EA408-EB69-4B90-BFEF-C1ECD844E8C2}.Ad-Hoc|ARM.ActiveCfg = Release|Any CPU
		{A13EA408-EB69-4B90-BFEF-C1ECD844E8C2}.Ad-Hoc|ARM.Build.0 = Release|Any CPU
		{A13EA408-EB69-4B90-BFEF-C1ECD844E8C2}.Ad-Hoc|ARM64.ActiveCfg = Release|Any CPU
		{A13EA408-EB69-4B90-BFEF-C1ECD844E8C2}.Ad-Hoc|ARM64.Build.0 = Release|Any CPU
		{A13EA408-EB69-4B90-BFEF-C1ECD844E8C2}.Ad-Hoc|iPhone.ActiveCfg = Release|Any CPU
		{A13EA408-EB69-4B90-BFEF-C1ECD844E8C2}.Ad-Hoc|iPhone.Build.0 = Release|Any CPU
		{A13EA408-EB69-4B90-BFEF-C1ECD844E8C2}.Ad-Hoc|iPhoneSimulator.ActiveCfg = Release|Any CPU
		{A13EA408-EB69-4B90-BFEF-C1ECD844E8C2}.Ad-Hoc|iPhoneSimulator.Build.0 = Release|Any CPU
		{A13EA408-EB69-4B90-BFEF-C1ECD844E8C2}.Ad-Hoc|x64.ActiveCfg = Release|Any CPU
		{A13EA408-EB69-4B90-BFEF-C1ECD844E8C2}.Ad-Hoc|x64.Build.0 = Release|Any CPU
		{A13EA408-EB69-4B90-BFEF-C1ECD844E8C2}.Ad-Hoc|x86.ActiveCfg = Release|Any CPU
		{A13EA408-EB69-4B90-BFEF-C1ECD844E8C2}.Ad-Hoc|x86.Build.0 = Release|Any CPU
		{A13EA408-EB69-4B90-BFEF-C1ECD844E8C2}.AppStore|Any CPU.ActiveCfg = Release|Any CPU
		{A13EA408-EB69-4B90-BFEF-C1ECD844E8C2}.AppStore|Any CPU.Build.0 = Release|Any CPU
		{A13EA408-EB69-4B90-BFEF-C1ECD844E8C2}.AppStore|ARM.ActiveCfg = Release|Any CPU
		{A13EA408-EB69-4B90-BFEF-C1ECD844E8C2}.AppStore|ARM.Build.0 = Release|Any CPU
		{A13EA408-EB69-4B90-BFEF-C1ECD844E8C2}.AppStore|ARM64.ActiveCfg = Release|Any CPU
		{A13EA408-EB69-4B90-BFEF-C1ECD844E8C2}.AppStore|ARM64.Build.0 = Release|Any CPU
		{A13EA408-EB69-4B90-BFEF-C1ECD844E8C2}.AppStore|iPhone.ActiveCfg = Release|Any CPU
		{A13EA408-EB69-4B90-BFEF-C1ECD844E8C2}.AppStore|iPhone.Build.0 = Release|Any CPU
		{A13EA408-EB69-4B90-BFEF-C1ECD844E8C2}.AppStore|iPhoneSimulator.ActiveCfg = Release|Any CPU
		{A13EA408-EB69-4B90-BFEF-C1ECD844E8C2}.AppStore|iPhoneSimulator.Build.0 = Release|Any CPU
		{A13EA408-EB69-4B90-BFEF-C1ECD844E8C2}.AppStore|x64.ActiveCfg = Release|Any CPU
		{A13EA408-EB69-4B90-BFEF-C1ECD844E8C2}.AppStore|x64.Build.0 = Release|Any CPU
		{A13EA408-EB69-4B90-BFEF-C1ECD844E8C2}.AppStore|x86.ActiveCfg = Release|Any CPU
		{A13EA408-EB69-4B90-BFEF-C1ECD844E8C2}.AppStore|x86.Build.0 = Release|Any CPU
		{A13EA408-EB69-4B90-BFEF-C1ECD844E8C2}.Debug|Any CPU.ActiveCfg = Debug|Any CPU
		{A13EA408-EB69-4B90-BFEF-C1ECD844E8C2}.Debug|Any CPU.Build.0 = Debug|Any CPU
		{A13EA408-EB69-4B90-BFEF-C1ECD844E8C2}.Debug|ARM.ActiveCfg = Debug|Any CPU
		{A13EA408-EB69-4B90-BFEF-C1ECD844E8C2}.Debug|ARM.Build.0 = Debug|Any CPU
		{A13EA408-EB69-4B90-BFEF-C1ECD844E8C2}.Debug|ARM64.ActiveCfg = Debug|Any CPU
		{A13EA408-EB69-4B90-BFEF-C1ECD844E8C2}.Debug|ARM64.Build.0 = Debug|Any CPU
		{A13EA408-EB69-4B90-BFEF-C1ECD844E8C2}.Debug|iPhone.ActiveCfg = Debug|Any CPU
		{A13EA408-EB69-4B90-BFEF-C1ECD844E8C2}.Debug|iPhone.Build.0 = Debug|Any CPU
		{A13EA408-EB69-4B90-BFEF-C1ECD844E8C2}.Debug|iPhoneSimulator.ActiveCfg = Debug|Any CPU
		{A13EA408-EB69-4B90-BFEF-C1ECD844E8C2}.Debug|iPhoneSimulator.Build.0 = Debug|Any CPU
		{A13EA408-EB69-4B90-BFEF-C1ECD844E8C2}.Debug|x64.ActiveCfg = Debug|Any CPU
		{A13EA408-EB69-4B90-BFEF-C1ECD844E8C2}.Debug|x64.Build.0 = Debug|Any CPU
		{A13EA408-EB69-4B90-BFEF-C1ECD844E8C2}.Debug|x86.ActiveCfg = Debug|Any CPU
		{A13EA408-EB69-4B90-BFEF-C1ECD844E8C2}.Debug|x86.Build.0 = Debug|Any CPU
		{A13EA408-EB69-4B90-BFEF-C1ECD844E8C2}.Release|Any CPU.ActiveCfg = Release|Any CPU
		{A13EA408-EB69-4B90-BFEF-C1ECD844E8C2}.Release|Any CPU.Build.0 = Release|Any CPU
		{A13EA408-EB69-4B90-BFEF-C1ECD844E8C2}.Release|ARM.ActiveCfg = Release|Any CPU
		{A13EA408-EB69-4B90-BFEF-C1ECD844E8C2}.Release|ARM.Build.0 = Release|Any CPU
		{A13EA408-EB69-4B90-BFEF-C1ECD844E8C2}.Release|ARM64.ActiveCfg = Release|Any CPU
		{A13EA408-EB69-4B90-BFEF-C1ECD844E8C2}.Release|ARM64.Build.0 = Release|Any CPU
		{A13EA408-EB69-4B90-BFEF-C1ECD844E8C2}.Release|iPhone.ActiveCfg = Release|Any CPU
		{A13EA408-EB69-4B90-BFEF-C1ECD844E8C2}.Release|iPhone.Build.0 = Release|Any CPU
		{A13EA408-EB69-4B90-BFEF-C1ECD844E8C2}.Release|iPhoneSimulator.ActiveCfg = Release|Any CPU
		{A13EA408-EB69-4B90-BFEF-C1ECD844E8C2}.Release|iPhoneSimulator.Build.0 = Release|Any CPU
		{A13EA408-EB69-4B90-BFEF-C1ECD844E8C2}.Release|x64.ActiveCfg = Release|Any CPU
		{A13EA408-EB69-4B90-BFEF-C1ECD844E8C2}.Release|x64.Build.0 = Release|Any CPU
		{A13EA408-EB69-4B90-BFEF-C1ECD844E8C2}.Release|x86.ActiveCfg = Release|Any CPU
		{A13EA408-EB69-4B90-BFEF-C1ECD844E8C2}.Release|x86.Build.0 = Release|Any CPU
		{32801CD7-1B90-4F68-845B-F38B4C672AFB}.Ad-Hoc|Any CPU.ActiveCfg = Debug|Any CPU
		{32801CD7-1B90-4F68-845B-F38B4C672AFB}.Ad-Hoc|Any CPU.Build.0 = Debug|Any CPU
		{32801CD7-1B90-4F68-845B-F38B4C672AFB}.Ad-Hoc|ARM.ActiveCfg = Debug|Any CPU
		{32801CD7-1B90-4F68-845B-F38B4C672AFB}.Ad-Hoc|ARM.Build.0 = Debug|Any CPU
		{32801CD7-1B90-4F68-845B-F38B4C672AFB}.Ad-Hoc|ARM64.ActiveCfg = Debug|Any CPU
		{32801CD7-1B90-4F68-845B-F38B4C672AFB}.Ad-Hoc|ARM64.Build.0 = Debug|Any CPU
		{32801CD7-1B90-4F68-845B-F38B4C672AFB}.Ad-Hoc|iPhone.ActiveCfg = Debug|Any CPU
		{32801CD7-1B90-4F68-845B-F38B4C672AFB}.Ad-Hoc|iPhone.Build.0 = Debug|Any CPU
		{32801CD7-1B90-4F68-845B-F38B4C672AFB}.Ad-Hoc|iPhoneSimulator.ActiveCfg = Debug|Any CPU
		{32801CD7-1B90-4F68-845B-F38B4C672AFB}.Ad-Hoc|iPhoneSimulator.Build.0 = Debug|Any CPU
		{32801CD7-1B90-4F68-845B-F38B4C672AFB}.Ad-Hoc|x64.ActiveCfg = Debug|Any CPU
		{32801CD7-1B90-4F68-845B-F38B4C672AFB}.Ad-Hoc|x64.Build.0 = Debug|Any CPU
		{32801CD7-1B90-4F68-845B-F38B4C672AFB}.Ad-Hoc|x86.ActiveCfg = Debug|Any CPU
		{32801CD7-1B90-4F68-845B-F38B4C672AFB}.Ad-Hoc|x86.Build.0 = Debug|Any CPU
		{32801CD7-1B90-4F68-845B-F38B4C672AFB}.AppStore|Any CPU.ActiveCfg = Debug|Any CPU
		{32801CD7-1B90-4F68-845B-F38B4C672AFB}.AppStore|Any CPU.Build.0 = Debug|Any CPU
		{32801CD7-1B90-4F68-845B-F38B4C672AFB}.AppStore|ARM.ActiveCfg = Debug|Any CPU
		{32801CD7-1B90-4F68-845B-F38B4C672AFB}.AppStore|ARM.Build.0 = Debug|Any CPU
		{32801CD7-1B90-4F68-845B-F38B4C672AFB}.AppStore|ARM64.ActiveCfg = Debug|Any CPU
		{32801CD7-1B90-4F68-845B-F38B4C672AFB}.AppStore|ARM64.Build.0 = Debug|Any CPU
		{32801CD7-1B90-4F68-845B-F38B4C672AFB}.AppStore|iPhone.ActiveCfg = Debug|Any CPU
		{32801CD7-1B90-4F68-845B-F38B4C672AFB}.AppStore|iPhone.Build.0 = Debug|Any CPU
		{32801CD7-1B90-4F68-845B-F38B4C672AFB}.AppStore|iPhoneSimulator.ActiveCfg = Debug|Any CPU
		{32801CD7-1B90-4F68-845B-F38B4C672AFB}.AppStore|iPhoneSimulator.Build.0 = Debug|Any CPU
		{32801CD7-1B90-4F68-845B-F38B4C672AFB}.AppStore|x64.ActiveCfg = Debug|Any CPU
		{32801CD7-1B90-4F68-845B-F38B4C672AFB}.AppStore|x64.Build.0 = Debug|Any CPU
		{32801CD7-1B90-4F68-845B-F38B4C672AFB}.AppStore|x86.ActiveCfg = Debug|Any CPU
		{32801CD7-1B90-4F68-845B-F38B4C672AFB}.AppStore|x86.Build.0 = Debug|Any CPU
		{32801CD7-1B90-4F68-845B-F38B4C672AFB}.Debug|Any CPU.ActiveCfg = Debug|Any CPU
		{32801CD7-1B90-4F68-845B-F38B4C672AFB}.Debug|Any CPU.Build.0 = Debug|Any CPU
		{32801CD7-1B90-4F68-845B-F38B4C672AFB}.Debug|ARM.ActiveCfg = Debug|Any CPU
		{32801CD7-1B90-4F68-845B-F38B4C672AFB}.Debug|ARM.Build.0 = Debug|Any CPU
		{32801CD7-1B90-4F68-845B-F38B4C672AFB}.Debug|ARM64.ActiveCfg = Debug|Any CPU
		{32801CD7-1B90-4F68-845B-F38B4C672AFB}.Debug|ARM64.Build.0 = Debug|Any CPU
		{32801CD7-1B90-4F68-845B-F38B4C672AFB}.Debug|iPhone.ActiveCfg = Debug|Any CPU
		{32801CD7-1B90-4F68-845B-F38B4C672AFB}.Debug|iPhone.Build.0 = Debug|Any CPU
		{32801CD7-1B90-4F68-845B-F38B4C672AFB}.Debug|iPhoneSimulator.ActiveCfg = Debug|Any CPU
		{32801CD7-1B90-4F68-845B-F38B4C672AFB}.Debug|iPhoneSimulator.Build.0 = Debug|Any CPU
		{32801CD7-1B90-4F68-845B-F38B4C672AFB}.Debug|x64.ActiveCfg = Debug|Any CPU
		{32801CD7-1B90-4F68-845B-F38B4C672AFB}.Debug|x64.Build.0 = Debug|Any CPU
		{32801CD7-1B90-4F68-845B-F38B4C672AFB}.Debug|x86.ActiveCfg = Debug|Any CPU
		{32801CD7-1B90-4F68-845B-F38B4C672AFB}.Debug|x86.Build.0 = Debug|Any CPU
		{32801CD7-1B90-4F68-845B-F38B4C672AFB}.Release|Any CPU.ActiveCfg = Release|Any CPU
		{32801CD7-1B90-4F68-845B-F38B4C672AFB}.Release|Any CPU.Build.0 = Release|Any CPU
		{32801CD7-1B90-4F68-845B-F38B4C672AFB}.Release|ARM.ActiveCfg = Release|Any CPU
		{32801CD7-1B90-4F68-845B-F38B4C672AFB}.Release|ARM.Build.0 = Release|Any CPU
		{32801CD7-1B90-4F68-845B-F38B4C672AFB}.Release|ARM64.ActiveCfg = Release|Any CPU
		{32801CD7-1B90-4F68-845B-F38B4C672AFB}.Release|ARM64.Build.0 = Release|Any CPU
		{32801CD7-1B90-4F68-845B-F38B4C672AFB}.Release|iPhone.ActiveCfg = Release|Any CPU
		{32801CD7-1B90-4F68-845B-F38B4C672AFB}.Release|iPhone.Build.0 = Release|Any CPU
		{32801CD7-1B90-4F68-845B-F38B4C672AFB}.Release|iPhoneSimulator.ActiveCfg = Release|Any CPU
		{32801CD7-1B90-4F68-845B-F38B4C672AFB}.Release|iPhoneSimulator.Build.0 = Release|Any CPU
		{32801CD7-1B90-4F68-845B-F38B4C672AFB}.Release|x64.ActiveCfg = Release|Any CPU
		{32801CD7-1B90-4F68-845B-F38B4C672AFB}.Release|x64.Build.0 = Release|Any CPU
		{32801CD7-1B90-4F68-845B-F38B4C672AFB}.Release|x86.ActiveCfg = Release|Any CPU
		{32801CD7-1B90-4F68-845B-F38B4C672AFB}.Release|x86.Build.0 = Release|Any CPU
		{C119D4C3-C0CA-4BFF-863A-006A413B5979}.Ad-Hoc|Any CPU.ActiveCfg = Debug|Any CPU
		{C119D4C3-C0CA-4BFF-863A-006A413B5979}.Ad-Hoc|Any CPU.Build.0 = Debug|Any CPU
		{C119D4C3-C0CA-4BFF-863A-006A413B5979}.Ad-Hoc|ARM.ActiveCfg = Debug|Any CPU
		{C119D4C3-C0CA-4BFF-863A-006A413B5979}.Ad-Hoc|ARM.Build.0 = Debug|Any CPU
		{C119D4C3-C0CA-4BFF-863A-006A413B5979}.Ad-Hoc|ARM64.ActiveCfg = Debug|Any CPU
		{C119D4C3-C0CA-4BFF-863A-006A413B5979}.Ad-Hoc|ARM64.Build.0 = Debug|Any CPU
		{C119D4C3-C0CA-4BFF-863A-006A413B5979}.Ad-Hoc|iPhone.ActiveCfg = Debug|Any CPU
		{C119D4C3-C0CA-4BFF-863A-006A413B5979}.Ad-Hoc|iPhone.Build.0 = Debug|Any CPU
		{C119D4C3-C0CA-4BFF-863A-006A413B5979}.Ad-Hoc|iPhoneSimulator.ActiveCfg = Debug|Any CPU
		{C119D4C3-C0CA-4BFF-863A-006A413B5979}.Ad-Hoc|iPhoneSimulator.Build.0 = Debug|Any CPU
		{C119D4C3-C0CA-4BFF-863A-006A413B5979}.Ad-Hoc|x64.ActiveCfg = Debug|Any CPU
		{C119D4C3-C0CA-4BFF-863A-006A413B5979}.Ad-Hoc|x64.Build.0 = Debug|Any CPU
		{C119D4C3-C0CA-4BFF-863A-006A413B5979}.Ad-Hoc|x86.ActiveCfg = Debug|Any CPU
		{C119D4C3-C0CA-4BFF-863A-006A413B5979}.Ad-Hoc|x86.Build.0 = Debug|Any CPU
		{C119D4C3-C0CA-4BFF-863A-006A413B5979}.AppStore|Any CPU.ActiveCfg = Debug|Any CPU
		{C119D4C3-C0CA-4BFF-863A-006A413B5979}.AppStore|Any CPU.Build.0 = Debug|Any CPU
		{C119D4C3-C0CA-4BFF-863A-006A413B5979}.AppStore|ARM.ActiveCfg = Debug|Any CPU
		{C119D4C3-C0CA-4BFF-863A-006A413B5979}.AppStore|ARM.Build.0 = Debug|Any CPU
		{C119D4C3-C0CA-4BFF-863A-006A413B5979}.AppStore|ARM64.ActiveCfg = Debug|Any CPU
		{C119D4C3-C0CA-4BFF-863A-006A413B5979}.AppStore|ARM64.Build.0 = Debug|Any CPU
		{C119D4C3-C0CA-4BFF-863A-006A413B5979}.AppStore|iPhone.ActiveCfg = Debug|Any CPU
		{C119D4C3-C0CA-4BFF-863A-006A413B5979}.AppStore|iPhone.Build.0 = Debug|Any CPU
		{C119D4C3-C0CA-4BFF-863A-006A413B5979}.AppStore|iPhoneSimulator.ActiveCfg = Debug|Any CPU
		{C119D4C3-C0CA-4BFF-863A-006A413B5979}.AppStore|iPhoneSimulator.Build.0 = Debug|Any CPU
		{C119D4C3-C0CA-4BFF-863A-006A413B5979}.AppStore|x64.ActiveCfg = Debug|Any CPU
		{C119D4C3-C0CA-4BFF-863A-006A413B5979}.AppStore|x64.Build.0 = Debug|Any CPU
		{C119D4C3-C0CA-4BFF-863A-006A413B5979}.AppStore|x86.ActiveCfg = Debug|Any CPU
		{C119D4C3-C0CA-4BFF-863A-006A413B5979}.AppStore|x86.Build.0 = Debug|Any CPU
		{C119D4C3-C0CA-4BFF-863A-006A413B5979}.Debug|Any CPU.ActiveCfg = Debug|Any CPU
		{C119D4C3-C0CA-4BFF-863A-006A413B5979}.Debug|Any CPU.Build.0 = Debug|Any CPU
		{C119D4C3-C0CA-4BFF-863A-006A413B5979}.Debug|ARM.ActiveCfg = Debug|Any CPU
		{C119D4C3-C0CA-4BFF-863A-006A413B5979}.Debug|ARM.Build.0 = Debug|Any CPU
		{C119D4C3-C0CA-4BFF-863A-006A413B5979}.Debug|ARM64.ActiveCfg = Debug|Any CPU
		{C119D4C3-C0CA-4BFF-863A-006A413B5979}.Debug|ARM64.Build.0 = Debug|Any CPU
		{C119D4C3-C0CA-4BFF-863A-006A413B5979}.Debug|iPhone.ActiveCfg = Debug|Any CPU
		{C119D4C3-C0CA-4BFF-863A-006A413B5979}.Debug|iPhone.Build.0 = Debug|Any CPU
		{C119D4C3-C0CA-4BFF-863A-006A413B5979}.Debug|iPhoneSimulator.ActiveCfg = Debug|Any CPU
		{C119D4C3-C0CA-4BFF-863A-006A413B5979}.Debug|iPhoneSimulator.Build.0 = Debug|Any CPU
		{C119D4C3-C0CA-4BFF-863A-006A413B5979}.Debug|x64.ActiveCfg = Debug|Any CPU
		{C119D4C3-C0CA-4BFF-863A-006A413B5979}.Debug|x64.Build.0 = Debug|Any CPU
		{C119D4C3-C0CA-4BFF-863A-006A413B5979}.Debug|x86.ActiveCfg = Debug|Any CPU
		{C119D4C3-C0CA-4BFF-863A-006A413B5979}.Debug|x86.Build.0 = Debug|Any CPU
		{C119D4C3-C0CA-4BFF-863A-006A413B5979}.Release|Any CPU.ActiveCfg = Release|Any CPU
		{C119D4C3-C0CA-4BFF-863A-006A413B5979}.Release|Any CPU.Build.0 = Release|Any CPU
		{C119D4C3-C0CA-4BFF-863A-006A413B5979}.Release|ARM.ActiveCfg = Release|Any CPU
		{C119D4C3-C0CA-4BFF-863A-006A413B5979}.Release|ARM.Build.0 = Release|Any CPU
		{C119D4C3-C0CA-4BFF-863A-006A413B5979}.Release|ARM64.ActiveCfg = Release|Any CPU
		{C119D4C3-C0CA-4BFF-863A-006A413B5979}.Release|ARM64.Build.0 = Release|Any CPU
		{C119D4C3-C0CA-4BFF-863A-006A413B5979}.Release|iPhone.ActiveCfg = Release|Any CPU
		{C119D4C3-C0CA-4BFF-863A-006A413B5979}.Release|iPhone.Build.0 = Release|Any CPU
		{C119D4C3-C0CA-4BFF-863A-006A413B5979}.Release|iPhoneSimulator.ActiveCfg = Release|Any CPU
		{C119D4C3-C0CA-4BFF-863A-006A413B5979}.Release|iPhoneSimulator.Build.0 = Release|Any CPU
		{C119D4C3-C0CA-4BFF-863A-006A413B5979}.Release|x64.ActiveCfg = Release|Any CPU
		{C119D4C3-C0CA-4BFF-863A-006A413B5979}.Release|x64.Build.0 = Release|Any CPU
		{C119D4C3-C0CA-4BFF-863A-006A413B5979}.Release|x86.ActiveCfg = Release|Any CPU
		{C119D4C3-C0CA-4BFF-863A-006A413B5979}.Release|x86.Build.0 = Release|Any CPU
		{51B07E3A-8769-4BBD-8B80-37509BB19D7E}.Ad-Hoc|Any CPU.ActiveCfg = Debug|x64
		{51B07E3A-8769-4BBD-8B80-37509BB19D7E}.Ad-Hoc|Any CPU.Build.0 = Debug|x64
		{51B07E3A-8769-4BBD-8B80-37509BB19D7E}.Ad-Hoc|Any CPU.Deploy.0 = Debug|x64
		{51B07E3A-8769-4BBD-8B80-37509BB19D7E}.Ad-Hoc|ARM.ActiveCfg = Debug|x64
		{51B07E3A-8769-4BBD-8B80-37509BB19D7E}.Ad-Hoc|ARM.Build.0 = Debug|x64
		{51B07E3A-8769-4BBD-8B80-37509BB19D7E}.Ad-Hoc|ARM.Deploy.0 = Debug|x64
		{51B07E3A-8769-4BBD-8B80-37509BB19D7E}.Ad-Hoc|ARM64.ActiveCfg = Debug|ARM64
		{51B07E3A-8769-4BBD-8B80-37509BB19D7E}.Ad-Hoc|ARM64.Build.0 = Debug|ARM64
		{51B07E3A-8769-4BBD-8B80-37509BB19D7E}.Ad-Hoc|ARM64.Deploy.0 = Debug|ARM64
		{51B07E3A-8769-4BBD-8B80-37509BB19D7E}.Ad-Hoc|iPhone.ActiveCfg = Debug|x64
		{51B07E3A-8769-4BBD-8B80-37509BB19D7E}.Ad-Hoc|iPhone.Build.0 = Debug|x64
		{51B07E3A-8769-4BBD-8B80-37509BB19D7E}.Ad-Hoc|iPhone.Deploy.0 = Debug|x64
		{51B07E3A-8769-4BBD-8B80-37509BB19D7E}.Ad-Hoc|iPhoneSimulator.ActiveCfg = Debug|x64
		{51B07E3A-8769-4BBD-8B80-37509BB19D7E}.Ad-Hoc|iPhoneSimulator.Build.0 = Debug|x64
		{51B07E3A-8769-4BBD-8B80-37509BB19D7E}.Ad-Hoc|iPhoneSimulator.Deploy.0 = Debug|x64
		{51B07E3A-8769-4BBD-8B80-37509BB19D7E}.Ad-Hoc|x64.ActiveCfg = Debug|x64
		{51B07E3A-8769-4BBD-8B80-37509BB19D7E}.Ad-Hoc|x64.Build.0 = Debug|x64
		{51B07E3A-8769-4BBD-8B80-37509BB19D7E}.Ad-Hoc|x64.Deploy.0 = Debug|x64
		{51B07E3A-8769-4BBD-8B80-37509BB19D7E}.Ad-Hoc|x86.ActiveCfg = Debug|x86
		{51B07E3A-8769-4BBD-8B80-37509BB19D7E}.Ad-Hoc|x86.Build.0 = Debug|x86
		{51B07E3A-8769-4BBD-8B80-37509BB19D7E}.Ad-Hoc|x86.Deploy.0 = Debug|x86
		{51B07E3A-8769-4BBD-8B80-37509BB19D7E}.AppStore|Any CPU.ActiveCfg = Debug|x64
		{51B07E3A-8769-4BBD-8B80-37509BB19D7E}.AppStore|Any CPU.Build.0 = Debug|x64
		{51B07E3A-8769-4BBD-8B80-37509BB19D7E}.AppStore|Any CPU.Deploy.0 = Debug|x64
		{51B07E3A-8769-4BBD-8B80-37509BB19D7E}.AppStore|ARM.ActiveCfg = Debug|x64
		{51B07E3A-8769-4BBD-8B80-37509BB19D7E}.AppStore|ARM.Build.0 = Debug|x64
		{51B07E3A-8769-4BBD-8B80-37509BB19D7E}.AppStore|ARM.Deploy.0 = Debug|x64
		{51B07E3A-8769-4BBD-8B80-37509BB19D7E}.AppStore|ARM64.ActiveCfg = Debug|ARM64
		{51B07E3A-8769-4BBD-8B80-37509BB19D7E}.AppStore|ARM64.Build.0 = Debug|ARM64
		{51B07E3A-8769-4BBD-8B80-37509BB19D7E}.AppStore|ARM64.Deploy.0 = Debug|ARM64
		{51B07E3A-8769-4BBD-8B80-37509BB19D7E}.AppStore|iPhone.ActiveCfg = Debug|x64
		{51B07E3A-8769-4BBD-8B80-37509BB19D7E}.AppStore|iPhone.Build.0 = Debug|x64
		{51B07E3A-8769-4BBD-8B80-37509BB19D7E}.AppStore|iPhone.Deploy.0 = Debug|x64
		{51B07E3A-8769-4BBD-8B80-37509BB19D7E}.AppStore|iPhoneSimulator.ActiveCfg = Debug|x64
		{51B07E3A-8769-4BBD-8B80-37509BB19D7E}.AppStore|iPhoneSimulator.Build.0 = Debug|x64
		{51B07E3A-8769-4BBD-8B80-37509BB19D7E}.AppStore|iPhoneSimulator.Deploy.0 = Debug|x64
		{51B07E3A-8769-4BBD-8B80-37509BB19D7E}.AppStore|x64.ActiveCfg = Debug|x64
		{51B07E3A-8769-4BBD-8B80-37509BB19D7E}.AppStore|x64.Build.0 = Debug|x64
		{51B07E3A-8769-4BBD-8B80-37509BB19D7E}.AppStore|x64.Deploy.0 = Debug|x64
		{51B07E3A-8769-4BBD-8B80-37509BB19D7E}.AppStore|x86.ActiveCfg = Debug|x86
		{51B07E3A-8769-4BBD-8B80-37509BB19D7E}.AppStore|x86.Build.0 = Debug|x86
		{51B07E3A-8769-4BBD-8B80-37509BB19D7E}.AppStore|x86.Deploy.0 = Debug|x86
		{51B07E3A-8769-4BBD-8B80-37509BB19D7E}.Debug|Any CPU.ActiveCfg = Debug|x64
		{51B07E3A-8769-4BBD-8B80-37509BB19D7E}.Debug|Any CPU.Build.0 = Debug|x64
		{51B07E3A-8769-4BBD-8B80-37509BB19D7E}.Debug|Any CPU.Deploy.0 = Debug|x64
		{51B07E3A-8769-4BBD-8B80-37509BB19D7E}.Debug|ARM.ActiveCfg = Debug|x64
		{51B07E3A-8769-4BBD-8B80-37509BB19D7E}.Debug|ARM.Build.0 = Debug|x64
		{51B07E3A-8769-4BBD-8B80-37509BB19D7E}.Debug|ARM.Deploy.0 = Debug|x64
		{51B07E3A-8769-4BBD-8B80-37509BB19D7E}.Debug|ARM64.ActiveCfg = Debug|ARM64
		{51B07E3A-8769-4BBD-8B80-37509BB19D7E}.Debug|ARM64.Build.0 = Debug|ARM64
		{51B07E3A-8769-4BBD-8B80-37509BB19D7E}.Debug|ARM64.Deploy.0 = Debug|ARM64
		{51B07E3A-8769-4BBD-8B80-37509BB19D7E}.Debug|iPhone.ActiveCfg = Debug|x64
		{51B07E3A-8769-4BBD-8B80-37509BB19D7E}.Debug|iPhone.Build.0 = Debug|x64
		{51B07E3A-8769-4BBD-8B80-37509BB19D7E}.Debug|iPhone.Deploy.0 = Debug|x64
		{51B07E3A-8769-4BBD-8B80-37509BB19D7E}.Debug|iPhoneSimulator.ActiveCfg = Debug|x64
		{51B07E3A-8769-4BBD-8B80-37509BB19D7E}.Debug|iPhoneSimulator.Build.0 = Debug|x64
		{51B07E3A-8769-4BBD-8B80-37509BB19D7E}.Debug|iPhoneSimulator.Deploy.0 = Debug|x64
		{51B07E3A-8769-4BBD-8B80-37509BB19D7E}.Debug|x64.ActiveCfg = Debug|x64
		{51B07E3A-8769-4BBD-8B80-37509BB19D7E}.Debug|x64.Build.0 = Debug|x64
		{51B07E3A-8769-4BBD-8B80-37509BB19D7E}.Debug|x64.Deploy.0 = Debug|x64
		{51B07E3A-8769-4BBD-8B80-37509BB19D7E}.Debug|x86.ActiveCfg = Debug|x86
		{51B07E3A-8769-4BBD-8B80-37509BB19D7E}.Debug|x86.Build.0 = Debug|x86
		{51B07E3A-8769-4BBD-8B80-37509BB19D7E}.Debug|x86.Deploy.0 = Debug|x86
		{51B07E3A-8769-4BBD-8B80-37509BB19D7E}.Release|Any CPU.ActiveCfg = Release|x64
		{51B07E3A-8769-4BBD-8B80-37509BB19D7E}.Release|Any CPU.Build.0 = Release|x64
		{51B07E3A-8769-4BBD-8B80-37509BB19D7E}.Release|Any CPU.Deploy.0 = Release|x64
		{51B07E3A-8769-4BBD-8B80-37509BB19D7E}.Release|ARM.ActiveCfg = Release|x64
		{51B07E3A-8769-4BBD-8B80-37509BB19D7E}.Release|ARM.Build.0 = Release|x64
		{51B07E3A-8769-4BBD-8B80-37509BB19D7E}.Release|ARM.Deploy.0 = Release|x64
		{51B07E3A-8769-4BBD-8B80-37509BB19D7E}.Release|ARM64.ActiveCfg = Release|ARM64
		{51B07E3A-8769-4BBD-8B80-37509BB19D7E}.Release|ARM64.Build.0 = Release|ARM64
		{51B07E3A-8769-4BBD-8B80-37509BB19D7E}.Release|ARM64.Deploy.0 = Release|ARM64
		{51B07E3A-8769-4BBD-8B80-37509BB19D7E}.Release|iPhone.ActiveCfg = Release|x64
		{51B07E3A-8769-4BBD-8B80-37509BB19D7E}.Release|iPhone.Build.0 = Release|x64
		{51B07E3A-8769-4BBD-8B80-37509BB19D7E}.Release|iPhone.Deploy.0 = Release|x64
		{51B07E3A-8769-4BBD-8B80-37509BB19D7E}.Release|iPhoneSimulator.ActiveCfg = Release|x64
		{51B07E3A-8769-4BBD-8B80-37509BB19D7E}.Release|iPhoneSimulator.Build.0 = Release|x64
		{51B07E3A-8769-4BBD-8B80-37509BB19D7E}.Release|iPhoneSimulator.Deploy.0 = Release|x64
		{51B07E3A-8769-4BBD-8B80-37509BB19D7E}.Release|x64.ActiveCfg = Release|x64
		{51B07E3A-8769-4BBD-8B80-37509BB19D7E}.Release|x64.Build.0 = Release|x64
		{51B07E3A-8769-4BBD-8B80-37509BB19D7E}.Release|x64.Deploy.0 = Release|x64
		{51B07E3A-8769-4BBD-8B80-37509BB19D7E}.Release|x86.ActiveCfg = Release|x86
		{51B07E3A-8769-4BBD-8B80-37509BB19D7E}.Release|x86.Build.0 = Release|x86
		{51B07E3A-8769-4BBD-8B80-37509BB19D7E}.Release|x86.Deploy.0 = Release|x86
		{69F52E39-812D-4ABE-BFF8-D8290D6B156A}.Ad-Hoc|Any CPU.ActiveCfg = Debug|Any CPU
		{69F52E39-812D-4ABE-BFF8-D8290D6B156A}.Ad-Hoc|Any CPU.Build.0 = Debug|Any CPU
		{69F52E39-812D-4ABE-BFF8-D8290D6B156A}.Ad-Hoc|ARM.ActiveCfg = Debug|Any CPU
		{69F52E39-812D-4ABE-BFF8-D8290D6B156A}.Ad-Hoc|ARM.Build.0 = Debug|Any CPU
		{69F52E39-812D-4ABE-BFF8-D8290D6B156A}.Ad-Hoc|ARM64.ActiveCfg = Debug|Any CPU
		{69F52E39-812D-4ABE-BFF8-D8290D6B156A}.Ad-Hoc|ARM64.Build.0 = Debug|Any CPU
		{69F52E39-812D-4ABE-BFF8-D8290D6B156A}.Ad-Hoc|iPhone.ActiveCfg = Debug|Any CPU
		{69F52E39-812D-4ABE-BFF8-D8290D6B156A}.Ad-Hoc|iPhone.Build.0 = Debug|Any CPU
		{69F52E39-812D-4ABE-BFF8-D8290D6B156A}.Ad-Hoc|iPhoneSimulator.ActiveCfg = Debug|Any CPU
		{69F52E39-812D-4ABE-BFF8-D8290D6B156A}.Ad-Hoc|iPhoneSimulator.Build.0 = Debug|Any CPU
		{69F52E39-812D-4ABE-BFF8-D8290D6B156A}.Ad-Hoc|x64.ActiveCfg = Debug|Any CPU
		{69F52E39-812D-4ABE-BFF8-D8290D6B156A}.Ad-Hoc|x64.Build.0 = Debug|Any CPU
		{69F52E39-812D-4ABE-BFF8-D8290D6B156A}.Ad-Hoc|x86.ActiveCfg = Debug|Any CPU
		{69F52E39-812D-4ABE-BFF8-D8290D6B156A}.Ad-Hoc|x86.Build.0 = Debug|Any CPU
		{69F52E39-812D-4ABE-BFF8-D8290D6B156A}.AppStore|Any CPU.ActiveCfg = Debug|Any CPU
		{69F52E39-812D-4ABE-BFF8-D8290D6B156A}.AppStore|Any CPU.Build.0 = Debug|Any CPU
		{69F52E39-812D-4ABE-BFF8-D8290D6B156A}.AppStore|ARM.ActiveCfg = Debug|Any CPU
		{69F52E39-812D-4ABE-BFF8-D8290D6B156A}.AppStore|ARM.Build.0 = Debug|Any CPU
		{69F52E39-812D-4ABE-BFF8-D8290D6B156A}.AppStore|ARM64.ActiveCfg = Debug|Any CPU
		{69F52E39-812D-4ABE-BFF8-D8290D6B156A}.AppStore|ARM64.Build.0 = Debug|Any CPU
		{69F52E39-812D-4ABE-BFF8-D8290D6B156A}.AppStore|iPhone.ActiveCfg = Debug|Any CPU
		{69F52E39-812D-4ABE-BFF8-D8290D6B156A}.AppStore|iPhone.Build.0 = Debug|Any CPU
		{69F52E39-812D-4ABE-BFF8-D8290D6B156A}.AppStore|iPhoneSimulator.ActiveCfg = Debug|Any CPU
		{69F52E39-812D-4ABE-BFF8-D8290D6B156A}.AppStore|iPhoneSimulator.Build.0 = Debug|Any CPU
		{69F52E39-812D-4ABE-BFF8-D8290D6B156A}.AppStore|x64.ActiveCfg = Debug|Any CPU
		{69F52E39-812D-4ABE-BFF8-D8290D6B156A}.AppStore|x64.Build.0 = Debug|Any CPU
		{69F52E39-812D-4ABE-BFF8-D8290D6B156A}.AppStore|x86.ActiveCfg = Debug|Any CPU
		{69F52E39-812D-4ABE-BFF8-D8290D6B156A}.AppStore|x86.Build.0 = Debug|Any CPU
		{69F52E39-812D-4ABE-BFF8-D8290D6B156A}.Debug|Any CPU.ActiveCfg = Debug|Any CPU
		{69F52E39-812D-4ABE-BFF8-D8290D6B156A}.Debug|Any CPU.Build.0 = Debug|Any CPU
		{69F52E39-812D-4ABE-BFF8-D8290D6B156A}.Debug|ARM.ActiveCfg = Debug|Any CPU
		{69F52E39-812D-4ABE-BFF8-D8290D6B156A}.Debug|ARM.Build.0 = Debug|Any CPU
		{69F52E39-812D-4ABE-BFF8-D8290D6B156A}.Debug|ARM64.ActiveCfg = Debug|Any CPU
		{69F52E39-812D-4ABE-BFF8-D8290D6B156A}.Debug|ARM64.Build.0 = Debug|Any CPU
		{69F52E39-812D-4ABE-BFF8-D8290D6B156A}.Debug|iPhone.ActiveCfg = Debug|Any CPU
		{69F52E39-812D-4ABE-BFF8-D8290D6B156A}.Debug|iPhone.Build.0 = Debug|Any CPU
		{69F52E39-812D-4ABE-BFF8-D8290D6B156A}.Debug|iPhoneSimulator.ActiveCfg = Debug|Any CPU
		{69F52E39-812D-4ABE-BFF8-D8290D6B156A}.Debug|iPhoneSimulator.Build.0 = Debug|Any CPU
		{69F52E39-812D-4ABE-BFF8-D8290D6B156A}.Debug|x64.ActiveCfg = Debug|Any CPU
		{69F52E39-812D-4ABE-BFF8-D8290D6B156A}.Debug|x64.Build.0 = Debug|Any CPU
		{69F52E39-812D-4ABE-BFF8-D8290D6B156A}.Debug|x86.ActiveCfg = Debug|Any CPU
		{69F52E39-812D-4ABE-BFF8-D8290D6B156A}.Debug|x86.Build.0 = Debug|Any CPU
		{69F52E39-812D-4ABE-BFF8-D8290D6B156A}.Release|Any CPU.ActiveCfg = Release|Any CPU
		{69F52E39-812D-4ABE-BFF8-D8290D6B156A}.Release|Any CPU.Build.0 = Release|Any CPU
		{69F52E39-812D-4ABE-BFF8-D8290D6B156A}.Release|ARM.ActiveCfg = Release|Any CPU
		{69F52E39-812D-4ABE-BFF8-D8290D6B156A}.Release|ARM.Build.0 = Release|Any CPU
		{69F52E39-812D-4ABE-BFF8-D8290D6B156A}.Release|ARM64.ActiveCfg = Release|Any CPU
		{69F52E39-812D-4ABE-BFF8-D8290D6B156A}.Release|ARM64.Build.0 = Release|Any CPU
		{69F52E39-812D-4ABE-BFF8-D8290D6B156A}.Release|iPhone.ActiveCfg = Release|Any CPU
		{69F52E39-812D-4ABE-BFF8-D8290D6B156A}.Release|iPhone.Build.0 = Release|Any CPU
		{69F52E39-812D-4ABE-BFF8-D8290D6B156A}.Release|iPhoneSimulator.ActiveCfg = Release|Any CPU
		{69F52E39-812D-4ABE-BFF8-D8290D6B156A}.Release|iPhoneSimulator.Build.0 = Release|Any CPU
		{69F52E39-812D-4ABE-BFF8-D8290D6B156A}.Release|x64.ActiveCfg = Release|Any CPU
		{69F52E39-812D-4ABE-BFF8-D8290D6B156A}.Release|x64.Build.0 = Release|Any CPU
		{69F52E39-812D-4ABE-BFF8-D8290D6B156A}.Release|x86.ActiveCfg = Release|Any CPU
		{69F52E39-812D-4ABE-BFF8-D8290D6B156A}.Release|x86.Build.0 = Release|Any CPU
		{CFAD7F7D-3F38-4252-885B-EE16DC147787}.Ad-Hoc|Any CPU.ActiveCfg = Debug|Any CPU
		{CFAD7F7D-3F38-4252-885B-EE16DC147787}.Ad-Hoc|Any CPU.Build.0 = Debug|Any CPU
		{CFAD7F7D-3F38-4252-885B-EE16DC147787}.Ad-Hoc|ARM.ActiveCfg = Debug|Any CPU
		{CFAD7F7D-3F38-4252-885B-EE16DC147787}.Ad-Hoc|ARM.Build.0 = Debug|Any CPU
		{CFAD7F7D-3F38-4252-885B-EE16DC147787}.Ad-Hoc|ARM64.ActiveCfg = Debug|Any CPU
		{CFAD7F7D-3F38-4252-885B-EE16DC147787}.Ad-Hoc|ARM64.Build.0 = Debug|Any CPU
		{CFAD7F7D-3F38-4252-885B-EE16DC147787}.Ad-Hoc|iPhone.ActiveCfg = Debug|Any CPU
		{CFAD7F7D-3F38-4252-885B-EE16DC147787}.Ad-Hoc|iPhone.Build.0 = Debug|Any CPU
		{CFAD7F7D-3F38-4252-885B-EE16DC147787}.Ad-Hoc|iPhoneSimulator.ActiveCfg = Debug|Any CPU
		{CFAD7F7D-3F38-4252-885B-EE16DC147787}.Ad-Hoc|iPhoneSimulator.Build.0 = Debug|Any CPU
		{CFAD7F7D-3F38-4252-885B-EE16DC147787}.Ad-Hoc|x64.ActiveCfg = Debug|Any CPU
		{CFAD7F7D-3F38-4252-885B-EE16DC147787}.Ad-Hoc|x64.Build.0 = Debug|Any CPU
		{CFAD7F7D-3F38-4252-885B-EE16DC147787}.Ad-Hoc|x86.ActiveCfg = Debug|Any CPU
		{CFAD7F7D-3F38-4252-885B-EE16DC147787}.Ad-Hoc|x86.Build.0 = Debug|Any CPU
		{CFAD7F7D-3F38-4252-885B-EE16DC147787}.AppStore|Any CPU.ActiveCfg = Debug|Any CPU
		{CFAD7F7D-3F38-4252-885B-EE16DC147787}.AppStore|Any CPU.Build.0 = Debug|Any CPU
		{CFAD7F7D-3F38-4252-885B-EE16DC147787}.AppStore|ARM.ActiveCfg = Debug|Any CPU
		{CFAD7F7D-3F38-4252-885B-EE16DC147787}.AppStore|ARM.Build.0 = Debug|Any CPU
		{CFAD7F7D-3F38-4252-885B-EE16DC147787}.AppStore|ARM64.ActiveCfg = Debug|Any CPU
		{CFAD7F7D-3F38-4252-885B-EE16DC147787}.AppStore|ARM64.Build.0 = Debug|Any CPU
		{CFAD7F7D-3F38-4252-885B-EE16DC147787}.AppStore|iPhone.ActiveCfg = Debug|Any CPU
		{CFAD7F7D-3F38-4252-885B-EE16DC147787}.AppStore|iPhone.Build.0 = Debug|Any CPU
		{CFAD7F7D-3F38-4252-885B-EE16DC147787}.AppStore|iPhoneSimulator.ActiveCfg = Debug|Any CPU
		{CFAD7F7D-3F38-4252-885B-EE16DC147787}.AppStore|iPhoneSimulator.Build.0 = Debug|Any CPU
		{CFAD7F7D-3F38-4252-885B-EE16DC147787}.AppStore|x64.ActiveCfg = Debug|Any CPU
		{CFAD7F7D-3F38-4252-885B-EE16DC147787}.AppStore|x64.Build.0 = Debug|Any CPU
		{CFAD7F7D-3F38-4252-885B-EE16DC147787}.AppStore|x86.ActiveCfg = Debug|Any CPU
		{CFAD7F7D-3F38-4252-885B-EE16DC147787}.AppStore|x86.Build.0 = Debug|Any CPU
		{CFAD7F7D-3F38-4252-885B-EE16DC147787}.Debug|Any CPU.ActiveCfg = Debug|Any CPU
		{CFAD7F7D-3F38-4252-885B-EE16DC147787}.Debug|Any CPU.Build.0 = Debug|Any CPU
		{CFAD7F7D-3F38-4252-885B-EE16DC147787}.Debug|ARM.ActiveCfg = Debug|Any CPU
		{CFAD7F7D-3F38-4252-885B-EE16DC147787}.Debug|ARM.Build.0 = Debug|Any CPU
		{CFAD7F7D-3F38-4252-885B-EE16DC147787}.Debug|ARM64.ActiveCfg = Debug|Any CPU
		{CFAD7F7D-3F38-4252-885B-EE16DC147787}.Debug|ARM64.Build.0 = Debug|Any CPU
		{CFAD7F7D-3F38-4252-885B-EE16DC147787}.Debug|iPhone.ActiveCfg = Debug|Any CPU
		{CFAD7F7D-3F38-4252-885B-EE16DC147787}.Debug|iPhone.Build.0 = Debug|Any CPU
		{CFAD7F7D-3F38-4252-885B-EE16DC147787}.Debug|iPhoneSimulator.ActiveCfg = Debug|Any CPU
		{CFAD7F7D-3F38-4252-885B-EE16DC147787}.Debug|iPhoneSimulator.Build.0 = Debug|Any CPU
		{CFAD7F7D-3F38-4252-885B-EE16DC147787}.Debug|x64.ActiveCfg = Debug|Any CPU
		{CFAD7F7D-3F38-4252-885B-EE16DC147787}.Debug|x64.Build.0 = Debug|Any CPU
		{CFAD7F7D-3F38-4252-885B-EE16DC147787}.Debug|x86.ActiveCfg = Debug|Any CPU
		{CFAD7F7D-3F38-4252-885B-EE16DC147787}.Debug|x86.Build.0 = Debug|Any CPU
		{CFAD7F7D-3F38-4252-885B-EE16DC147787}.Release|Any CPU.ActiveCfg = Release|Any CPU
		{CFAD7F7D-3F38-4252-885B-EE16DC147787}.Release|Any CPU.Build.0 = Release|Any CPU
		{CFAD7F7D-3F38-4252-885B-EE16DC147787}.Release|ARM.ActiveCfg = Release|Any CPU
		{CFAD7F7D-3F38-4252-885B-EE16DC147787}.Release|ARM.Build.0 = Release|Any CPU
		{CFAD7F7D-3F38-4252-885B-EE16DC147787}.Release|ARM64.ActiveCfg = Release|Any CPU
		{CFAD7F7D-3F38-4252-885B-EE16DC147787}.Release|ARM64.Build.0 = Release|Any CPU
		{CFAD7F7D-3F38-4252-885B-EE16DC147787}.Release|iPhone.ActiveCfg = Release|Any CPU
		{CFAD7F7D-3F38-4252-885B-EE16DC147787}.Release|iPhone.Build.0 = Release|Any CPU
		{CFAD7F7D-3F38-4252-885B-EE16DC147787}.Release|iPhoneSimulator.ActiveCfg = Release|Any CPU
		{CFAD7F7D-3F38-4252-885B-EE16DC147787}.Release|iPhoneSimulator.Build.0 = Release|Any CPU
		{CFAD7F7D-3F38-4252-885B-EE16DC147787}.Release|x64.ActiveCfg = Release|Any CPU
		{CFAD7F7D-3F38-4252-885B-EE16DC147787}.Release|x64.Build.0 = Release|Any CPU
		{CFAD7F7D-3F38-4252-885B-EE16DC147787}.Release|x86.ActiveCfg = Release|Any CPU
		{CFAD7F7D-3F38-4252-885B-EE16DC147787}.Release|x86.Build.0 = Release|Any CPU
		{C2E30D34-5B71-432F-B5D5-69B88B5AF5DB}.Ad-Hoc|Any CPU.ActiveCfg = Debug|Any CPU
		{C2E30D34-5B71-432F-B5D5-69B88B5AF5DB}.Ad-Hoc|Any CPU.Build.0 = Debug|Any CPU
		{C2E30D34-5B71-432F-B5D5-69B88B5AF5DB}.Ad-Hoc|ARM.ActiveCfg = Debug|Any CPU
		{C2E30D34-5B71-432F-B5D5-69B88B5AF5DB}.Ad-Hoc|ARM.Build.0 = Debug|Any CPU
		{C2E30D34-5B71-432F-B5D5-69B88B5AF5DB}.Ad-Hoc|ARM64.ActiveCfg = Debug|Any CPU
		{C2E30D34-5B71-432F-B5D5-69B88B5AF5DB}.Ad-Hoc|ARM64.Build.0 = Debug|Any CPU
		{C2E30D34-5B71-432F-B5D5-69B88B5AF5DB}.Ad-Hoc|iPhone.ActiveCfg = Debug|Any CPU
		{C2E30D34-5B71-432F-B5D5-69B88B5AF5DB}.Ad-Hoc|iPhone.Build.0 = Debug|Any CPU
		{C2E30D34-5B71-432F-B5D5-69B88B5AF5DB}.Ad-Hoc|iPhoneSimulator.ActiveCfg = Debug|Any CPU
		{C2E30D34-5B71-432F-B5D5-69B88B5AF5DB}.Ad-Hoc|iPhoneSimulator.Build.0 = Debug|Any CPU
		{C2E30D34-5B71-432F-B5D5-69B88B5AF5DB}.Ad-Hoc|x64.ActiveCfg = Debug|Any CPU
		{C2E30D34-5B71-432F-B5D5-69B88B5AF5DB}.Ad-Hoc|x64.Build.0 = Debug|Any CPU
		{C2E30D34-5B71-432F-B5D5-69B88B5AF5DB}.Ad-Hoc|x86.ActiveCfg = Debug|Any CPU
		{C2E30D34-5B71-432F-B5D5-69B88B5AF5DB}.Ad-Hoc|x86.Build.0 = Debug|Any CPU
		{C2E30D34-5B71-432F-B5D5-69B88B5AF5DB}.AppStore|Any CPU.ActiveCfg = Debug|Any CPU
		{C2E30D34-5B71-432F-B5D5-69B88B5AF5DB}.AppStore|Any CPU.Build.0 = Debug|Any CPU
		{C2E30D34-5B71-432F-B5D5-69B88B5AF5DB}.AppStore|ARM.ActiveCfg = Debug|Any CPU
		{C2E30D34-5B71-432F-B5D5-69B88B5AF5DB}.AppStore|ARM.Build.0 = Debug|Any CPU
		{C2E30D34-5B71-432F-B5D5-69B88B5AF5DB}.AppStore|ARM64.ActiveCfg = Debug|Any CPU
		{C2E30D34-5B71-432F-B5D5-69B88B5AF5DB}.AppStore|ARM64.Build.0 = Debug|Any CPU
		{C2E30D34-5B71-432F-B5D5-69B88B5AF5DB}.AppStore|iPhone.ActiveCfg = Debug|Any CPU
		{C2E30D34-5B71-432F-B5D5-69B88B5AF5DB}.AppStore|iPhone.Build.0 = Debug|Any CPU
		{C2E30D34-5B71-432F-B5D5-69B88B5AF5DB}.AppStore|iPhoneSimulator.ActiveCfg = Debug|Any CPU
		{C2E30D34-5B71-432F-B5D5-69B88B5AF5DB}.AppStore|iPhoneSimulator.Build.0 = Debug|Any CPU
		{C2E30D34-5B71-432F-B5D5-69B88B5AF5DB}.AppStore|x64.ActiveCfg = Debug|Any CPU
		{C2E30D34-5B71-432F-B5D5-69B88B5AF5DB}.AppStore|x64.Build.0 = Debug|Any CPU
		{C2E30D34-5B71-432F-B5D5-69B88B5AF5DB}.AppStore|x86.ActiveCfg = Debug|Any CPU
		{C2E30D34-5B71-432F-B5D5-69B88B5AF5DB}.AppStore|x86.Build.0 = Debug|Any CPU
		{C2E30D34-5B71-432F-B5D5-69B88B5AF5DB}.Debug|Any CPU.ActiveCfg = Debug|Any CPU
		{C2E30D34-5B71-432F-B5D5-69B88B5AF5DB}.Debug|Any CPU.Build.0 = Debug|Any CPU
		{C2E30D34-5B71-432F-B5D5-69B88B5AF5DB}.Debug|ARM.ActiveCfg = Debug|Any CPU
		{C2E30D34-5B71-432F-B5D5-69B88B5AF5DB}.Debug|ARM.Build.0 = Debug|Any CPU
		{C2E30D34-5B71-432F-B5D5-69B88B5AF5DB}.Debug|ARM64.ActiveCfg = Debug|Any CPU
		{C2E30D34-5B71-432F-B5D5-69B88B5AF5DB}.Debug|ARM64.Build.0 = Debug|Any CPU
		{C2E30D34-5B71-432F-B5D5-69B88B5AF5DB}.Debug|iPhone.ActiveCfg = Debug|Any CPU
		{C2E30D34-5B71-432F-B5D5-69B88B5AF5DB}.Debug|iPhone.Build.0 = Debug|Any CPU
		{C2E30D34-5B71-432F-B5D5-69B88B5AF5DB}.Debug|iPhoneSimulator.ActiveCfg = Debug|Any CPU
		{C2E30D34-5B71-432F-B5D5-69B88B5AF5DB}.Debug|iPhoneSimulator.Build.0 = Debug|Any CPU
		{C2E30D34-5B71-432F-B5D5-69B88B5AF5DB}.Debug|x64.ActiveCfg = Debug|Any CPU
		{C2E30D34-5B71-432F-B5D5-69B88B5AF5DB}.Debug|x64.Build.0 = Debug|Any CPU
		{C2E30D34-5B71-432F-B5D5-69B88B5AF5DB}.Debug|x86.ActiveCfg = Debug|Any CPU
		{C2E30D34-5B71-432F-B5D5-69B88B5AF5DB}.Debug|x86.Build.0 = Debug|Any CPU
		{C2E30D34-5B71-432F-B5D5-69B88B5AF5DB}.Release|Any CPU.ActiveCfg = Release|Any CPU
		{C2E30D34-5B71-432F-B5D5-69B88B5AF5DB}.Release|Any CPU.Build.0 = Release|Any CPU
		{C2E30D34-5B71-432F-B5D5-69B88B5AF5DB}.Release|ARM.ActiveCfg = Release|Any CPU
		{C2E30D34-5B71-432F-B5D5-69B88B5AF5DB}.Release|ARM.Build.0 = Release|Any CPU
		{C2E30D34-5B71-432F-B5D5-69B88B5AF5DB}.Release|ARM64.ActiveCfg = Release|Any CPU
		{C2E30D34-5B71-432F-B5D5-69B88B5AF5DB}.Release|ARM64.Build.0 = Release|Any CPU
		{C2E30D34-5B71-432F-B5D5-69B88B5AF5DB}.Release|iPhone.ActiveCfg = Release|Any CPU
		{C2E30D34-5B71-432F-B5D5-69B88B5AF5DB}.Release|iPhone.Build.0 = Release|Any CPU
		{C2E30D34-5B71-432F-B5D5-69B88B5AF5DB}.Release|iPhoneSimulator.ActiveCfg = Release|Any CPU
		{C2E30D34-5B71-432F-B5D5-69B88B5AF5DB}.Release|iPhoneSimulator.Build.0 = Release|Any CPU
		{C2E30D34-5B71-432F-B5D5-69B88B5AF5DB}.Release|x64.ActiveCfg = Release|Any CPU
		{C2E30D34-5B71-432F-B5D5-69B88B5AF5DB}.Release|x64.Build.0 = Release|Any CPU
		{C2E30D34-5B71-432F-B5D5-69B88B5AF5DB}.Release|x86.ActiveCfg = Release|Any CPU
		{C2E30D34-5B71-432F-B5D5-69B88B5AF5DB}.Release|x86.Build.0 = Release|Any CPU
		{AA373B1D-F17C-4F24-86E5-F6DB8688434A}.Ad-Hoc|Any CPU.ActiveCfg = Debug|Any CPU
		{AA373B1D-F17C-4F24-86E5-F6DB8688434A}.Ad-Hoc|Any CPU.Build.0 = Debug|Any CPU
		{AA373B1D-F17C-4F24-86E5-F6DB8688434A}.Ad-Hoc|ARM.ActiveCfg = Debug|Any CPU
		{AA373B1D-F17C-4F24-86E5-F6DB8688434A}.Ad-Hoc|ARM.Build.0 = Debug|Any CPU
		{AA373B1D-F17C-4F24-86E5-F6DB8688434A}.Ad-Hoc|ARM64.ActiveCfg = Debug|Any CPU
		{AA373B1D-F17C-4F24-86E5-F6DB8688434A}.Ad-Hoc|ARM64.Build.0 = Debug|Any CPU
		{AA373B1D-F17C-4F24-86E5-F6DB8688434A}.Ad-Hoc|iPhone.ActiveCfg = Debug|Any CPU
		{AA373B1D-F17C-4F24-86E5-F6DB8688434A}.Ad-Hoc|iPhone.Build.0 = Debug|Any CPU
		{AA373B1D-F17C-4F24-86E5-F6DB8688434A}.Ad-Hoc|iPhoneSimulator.ActiveCfg = Debug|Any CPU
		{AA373B1D-F17C-4F24-86E5-F6DB8688434A}.Ad-Hoc|iPhoneSimulator.Build.0 = Debug|Any CPU
		{AA373B1D-F17C-4F24-86E5-F6DB8688434A}.Ad-Hoc|x64.ActiveCfg = Debug|Any CPU
		{AA373B1D-F17C-4F24-86E5-F6DB8688434A}.Ad-Hoc|x64.Build.0 = Debug|Any CPU
		{AA373B1D-F17C-4F24-86E5-F6DB8688434A}.Ad-Hoc|x86.ActiveCfg = Debug|Any CPU
		{AA373B1D-F17C-4F24-86E5-F6DB8688434A}.Ad-Hoc|x86.Build.0 = Debug|Any CPU
		{AA373B1D-F17C-4F24-86E5-F6DB8688434A}.AppStore|Any CPU.ActiveCfg = Debug|Any CPU
		{AA373B1D-F17C-4F24-86E5-F6DB8688434A}.AppStore|Any CPU.Build.0 = Debug|Any CPU
		{AA373B1D-F17C-4F24-86E5-F6DB8688434A}.AppStore|ARM.ActiveCfg = Debug|Any CPU
		{AA373B1D-F17C-4F24-86E5-F6DB8688434A}.AppStore|ARM.Build.0 = Debug|Any CPU
		{AA373B1D-F17C-4F24-86E5-F6DB8688434A}.AppStore|ARM64.ActiveCfg = Debug|Any CPU
		{AA373B1D-F17C-4F24-86E5-F6DB8688434A}.AppStore|ARM64.Build.0 = Debug|Any CPU
		{AA373B1D-F17C-4F24-86E5-F6DB8688434A}.AppStore|iPhone.ActiveCfg = Debug|Any CPU
		{AA373B1D-F17C-4F24-86E5-F6DB8688434A}.AppStore|iPhone.Build.0 = Debug|Any CPU
		{AA373B1D-F17C-4F24-86E5-F6DB8688434A}.AppStore|iPhoneSimulator.ActiveCfg = Debug|Any CPU
		{AA373B1D-F17C-4F24-86E5-F6DB8688434A}.AppStore|iPhoneSimulator.Build.0 = Debug|Any CPU
		{AA373B1D-F17C-4F24-86E5-F6DB8688434A}.AppStore|x64.ActiveCfg = Debug|Any CPU
		{AA373B1D-F17C-4F24-86E5-F6DB8688434A}.AppStore|x64.Build.0 = Debug|Any CPU
		{AA373B1D-F17C-4F24-86E5-F6DB8688434A}.AppStore|x86.ActiveCfg = Debug|Any CPU
		{AA373B1D-F17C-4F24-86E5-F6DB8688434A}.AppStore|x86.Build.0 = Debug|Any CPU
		{AA373B1D-F17C-4F24-86E5-F6DB8688434A}.Debug|Any CPU.ActiveCfg = Debug|Any CPU
		{AA373B1D-F17C-4F24-86E5-F6DB8688434A}.Debug|Any CPU.Build.0 = Debug|Any CPU
		{AA373B1D-F17C-4F24-86E5-F6DB8688434A}.Debug|ARM.ActiveCfg = Debug|Any CPU
		{AA373B1D-F17C-4F24-86E5-F6DB8688434A}.Debug|ARM.Build.0 = Debug|Any CPU
		{AA373B1D-F17C-4F24-86E5-F6DB8688434A}.Debug|ARM64.ActiveCfg = Debug|Any CPU
		{AA373B1D-F17C-4F24-86E5-F6DB8688434A}.Debug|ARM64.Build.0 = Debug|Any CPU
		{AA373B1D-F17C-4F24-86E5-F6DB8688434A}.Debug|iPhone.ActiveCfg = Debug|Any CPU
		{AA373B1D-F17C-4F24-86E5-F6DB8688434A}.Debug|iPhone.Build.0 = Debug|Any CPU
		{AA373B1D-F17C-4F24-86E5-F6DB8688434A}.Debug|iPhoneSimulator.ActiveCfg = Debug|Any CPU
		{AA373B1D-F17C-4F24-86E5-F6DB8688434A}.Debug|iPhoneSimulator.Build.0 = Debug|Any CPU
		{AA373B1D-F17C-4F24-86E5-F6DB8688434A}.Debug|x64.ActiveCfg = Debug|Any CPU
		{AA373B1D-F17C-4F24-86E5-F6DB8688434A}.Debug|x64.Build.0 = Debug|Any CPU
		{AA373B1D-F17C-4F24-86E5-F6DB8688434A}.Debug|x86.ActiveCfg = Debug|Any CPU
		{AA373B1D-F17C-4F24-86E5-F6DB8688434A}.Debug|x86.Build.0 = Debug|Any CPU
		{AA373B1D-F17C-4F24-86E5-F6DB8688434A}.Release|Any CPU.ActiveCfg = Release|Any CPU
		{AA373B1D-F17C-4F24-86E5-F6DB8688434A}.Release|Any CPU.Build.0 = Release|Any CPU
		{AA373B1D-F17C-4F24-86E5-F6DB8688434A}.Release|ARM.ActiveCfg = Release|Any CPU
		{AA373B1D-F17C-4F24-86E5-F6DB8688434A}.Release|ARM.Build.0 = Release|Any CPU
		{AA373B1D-F17C-4F24-86E5-F6DB8688434A}.Release|ARM64.ActiveCfg = Release|Any CPU
		{AA373B1D-F17C-4F24-86E5-F6DB8688434A}.Release|ARM64.Build.0 = Release|Any CPU
		{AA373B1D-F17C-4F24-86E5-F6DB8688434A}.Release|iPhone.ActiveCfg = Release|Any CPU
		{AA373B1D-F17C-4F24-86E5-F6DB8688434A}.Release|iPhone.Build.0 = Release|Any CPU
		{AA373B1D-F17C-4F24-86E5-F6DB8688434A}.Release|iPhoneSimulator.ActiveCfg = Release|Any CPU
		{AA373B1D-F17C-4F24-86E5-F6DB8688434A}.Release|iPhoneSimulator.Build.0 = Release|Any CPU
		{AA373B1D-F17C-4F24-86E5-F6DB8688434A}.Release|x64.ActiveCfg = Release|Any CPU
		{AA373B1D-F17C-4F24-86E5-F6DB8688434A}.Release|x64.Build.0 = Release|Any CPU
		{AA373B1D-F17C-4F24-86E5-F6DB8688434A}.Release|x86.ActiveCfg = Release|Any CPU
		{AA373B1D-F17C-4F24-86E5-F6DB8688434A}.Release|x86.Build.0 = Release|Any CPU
		{55640146-2DFC-4B9F-8A6E-F44C4D74950D}.Ad-Hoc|Any CPU.ActiveCfg = Debug|Any CPU
		{55640146-2DFC-4B9F-8A6E-F44C4D74950D}.Ad-Hoc|Any CPU.Build.0 = Debug|Any CPU
		{55640146-2DFC-4B9F-8A6E-F44C4D74950D}.Ad-Hoc|ARM.ActiveCfg = Debug|Any CPU
		{55640146-2DFC-4B9F-8A6E-F44C4D74950D}.Ad-Hoc|ARM.Build.0 = Debug|Any CPU
		{55640146-2DFC-4B9F-8A6E-F44C4D74950D}.Ad-Hoc|ARM64.ActiveCfg = Debug|Any CPU
		{55640146-2DFC-4B9F-8A6E-F44C4D74950D}.Ad-Hoc|ARM64.Build.0 = Debug|Any CPU
		{55640146-2DFC-4B9F-8A6E-F44C4D74950D}.Ad-Hoc|iPhone.ActiveCfg = Debug|Any CPU
		{55640146-2DFC-4B9F-8A6E-F44C4D74950D}.Ad-Hoc|iPhone.Build.0 = Debug|Any CPU
		{55640146-2DFC-4B9F-8A6E-F44C4D74950D}.Ad-Hoc|iPhoneSimulator.ActiveCfg = Debug|Any CPU
		{55640146-2DFC-4B9F-8A6E-F44C4D74950D}.Ad-Hoc|iPhoneSimulator.Build.0 = Debug|Any CPU
		{55640146-2DFC-4B9F-8A6E-F44C4D74950D}.Ad-Hoc|x64.ActiveCfg = Debug|Any CPU
		{55640146-2DFC-4B9F-8A6E-F44C4D74950D}.Ad-Hoc|x64.Build.0 = Debug|Any CPU
		{55640146-2DFC-4B9F-8A6E-F44C4D74950D}.Ad-Hoc|x86.ActiveCfg = Debug|Any CPU
		{55640146-2DFC-4B9F-8A6E-F44C4D74950D}.Ad-Hoc|x86.Build.0 = Debug|Any CPU
		{55640146-2DFC-4B9F-8A6E-F44C4D74950D}.AppStore|Any CPU.ActiveCfg = Debug|Any CPU
		{55640146-2DFC-4B9F-8A6E-F44C4D74950D}.AppStore|Any CPU.Build.0 = Debug|Any CPU
		{55640146-2DFC-4B9F-8A6E-F44C4D74950D}.AppStore|ARM.ActiveCfg = Debug|Any CPU
		{55640146-2DFC-4B9F-8A6E-F44C4D74950D}.AppStore|ARM.Build.0 = Debug|Any CPU
		{55640146-2DFC-4B9F-8A6E-F44C4D74950D}.AppStore|ARM64.ActiveCfg = Debug|Any CPU
		{55640146-2DFC-4B9F-8A6E-F44C4D74950D}.AppStore|ARM64.Build.0 = Debug|Any CPU
		{55640146-2DFC-4B9F-8A6E-F44C4D74950D}.AppStore|iPhone.ActiveCfg = Debug|Any CPU
		{55640146-2DFC-4B9F-8A6E-F44C4D74950D}.AppStore|iPhone.Build.0 = Debug|Any CPU
		{55640146-2DFC-4B9F-8A6E-F44C4D74950D}.AppStore|iPhoneSimulator.ActiveCfg = Debug|Any CPU
		{55640146-2DFC-4B9F-8A6E-F44C4D74950D}.AppStore|iPhoneSimulator.Build.0 = Debug|Any CPU
		{55640146-2DFC-4B9F-8A6E-F44C4D74950D}.AppStore|x64.ActiveCfg = Debug|Any CPU
		{55640146-2DFC-4B9F-8A6E-F44C4D74950D}.AppStore|x64.Build.0 = Debug|Any CPU
		{55640146-2DFC-4B9F-8A6E-F44C4D74950D}.AppStore|x86.ActiveCfg = Debug|Any CPU
		{55640146-2DFC-4B9F-8A6E-F44C4D74950D}.AppStore|x86.Build.0 = Debug|Any CPU
		{55640146-2DFC-4B9F-8A6E-F44C4D74950D}.Debug|Any CPU.ActiveCfg = Debug|Any CPU
		{55640146-2DFC-4B9F-8A6E-F44C4D74950D}.Debug|Any CPU.Build.0 = Debug|Any CPU
		{55640146-2DFC-4B9F-8A6E-F44C4D74950D}.Debug|ARM.ActiveCfg = Debug|Any CPU
		{55640146-2DFC-4B9F-8A6E-F44C4D74950D}.Debug|ARM.Build.0 = Debug|Any CPU
		{55640146-2DFC-4B9F-8A6E-F44C4D74950D}.Debug|ARM64.ActiveCfg = Debug|Any CPU
		{55640146-2DFC-4B9F-8A6E-F44C4D74950D}.Debug|ARM64.Build.0 = Debug|Any CPU
		{55640146-2DFC-4B9F-8A6E-F44C4D74950D}.Debug|iPhone.ActiveCfg = Debug|Any CPU
		{55640146-2DFC-4B9F-8A6E-F44C4D74950D}.Debug|iPhone.Build.0 = Debug|Any CPU
		{55640146-2DFC-4B9F-8A6E-F44C4D74950D}.Debug|iPhoneSimulator.ActiveCfg = Debug|Any CPU
		{55640146-2DFC-4B9F-8A6E-F44C4D74950D}.Debug|iPhoneSimulator.Build.0 = Debug|Any CPU
		{55640146-2DFC-4B9F-8A6E-F44C4D74950D}.Debug|x64.ActiveCfg = Debug|Any CPU
		{55640146-2DFC-4B9F-8A6E-F44C4D74950D}.Debug|x64.Build.0 = Debug|Any CPU
		{55640146-2DFC-4B9F-8A6E-F44C4D74950D}.Debug|x86.ActiveCfg = Debug|Any CPU
		{55640146-2DFC-4B9F-8A6E-F44C4D74950D}.Debug|x86.Build.0 = Debug|Any CPU
		{55640146-2DFC-4B9F-8A6E-F44C4D74950D}.Release|Any CPU.ActiveCfg = Release|Any CPU
		{55640146-2DFC-4B9F-8A6E-F44C4D74950D}.Release|Any CPU.Build.0 = Release|Any CPU
		{55640146-2DFC-4B9F-8A6E-F44C4D74950D}.Release|ARM.ActiveCfg = Release|Any CPU
		{55640146-2DFC-4B9F-8A6E-F44C4D74950D}.Release|ARM.Build.0 = Release|Any CPU
		{55640146-2DFC-4B9F-8A6E-F44C4D74950D}.Release|ARM64.ActiveCfg = Release|Any CPU
		{55640146-2DFC-4B9F-8A6E-F44C4D74950D}.Release|ARM64.Build.0 = Release|Any CPU
		{55640146-2DFC-4B9F-8A6E-F44C4D74950D}.Release|iPhone.ActiveCfg = Release|Any CPU
		{55640146-2DFC-4B9F-8A6E-F44C4D74950D}.Release|iPhone.Build.0 = Release|Any CPU
		{55640146-2DFC-4B9F-8A6E-F44C4D74950D}.Release|iPhoneSimulator.ActiveCfg = Release|Any CPU
		{55640146-2DFC-4B9F-8A6E-F44C4D74950D}.Release|iPhoneSimulator.Build.0 = Release|Any CPU
		{55640146-2DFC-4B9F-8A6E-F44C4D74950D}.Release|x64.ActiveCfg = Release|Any CPU
		{55640146-2DFC-4B9F-8A6E-F44C4D74950D}.Release|x64.Build.0 = Release|Any CPU
		{55640146-2DFC-4B9F-8A6E-F44C4D74950D}.Release|x86.ActiveCfg = Release|Any CPU
		{55640146-2DFC-4B9F-8A6E-F44C4D74950D}.Release|x86.Build.0 = Release|Any CPU
		{8576D083-0E08-4929-8F62-D58BBABF8205}.Ad-Hoc|Any CPU.ActiveCfg = Debug|Any CPU
		{8576D083-0E08-4929-8F62-D58BBABF8205}.Ad-Hoc|Any CPU.Build.0 = Debug|Any CPU
		{8576D083-0E08-4929-8F62-D58BBABF8205}.Ad-Hoc|ARM.ActiveCfg = Debug|Any CPU
		{8576D083-0E08-4929-8F62-D58BBABF8205}.Ad-Hoc|ARM.Build.0 = Debug|Any CPU
		{8576D083-0E08-4929-8F62-D58BBABF8205}.Ad-Hoc|ARM64.ActiveCfg = Debug|Any CPU
		{8576D083-0E08-4929-8F62-D58BBABF8205}.Ad-Hoc|ARM64.Build.0 = Debug|Any CPU
		{8576D083-0E08-4929-8F62-D58BBABF8205}.Ad-Hoc|iPhone.ActiveCfg = Debug|Any CPU
		{8576D083-0E08-4929-8F62-D58BBABF8205}.Ad-Hoc|iPhone.Build.0 = Debug|Any CPU
		{8576D083-0E08-4929-8F62-D58BBABF8205}.Ad-Hoc|iPhoneSimulator.ActiveCfg = Debug|Any CPU
		{8576D083-0E08-4929-8F62-D58BBABF8205}.Ad-Hoc|iPhoneSimulator.Build.0 = Debug|Any CPU
		{8576D083-0E08-4929-8F62-D58BBABF8205}.Ad-Hoc|x64.ActiveCfg = Debug|Any CPU
		{8576D083-0E08-4929-8F62-D58BBABF8205}.Ad-Hoc|x64.Build.0 = Debug|Any CPU
		{8576D083-0E08-4929-8F62-D58BBABF8205}.Ad-Hoc|x86.ActiveCfg = Debug|Any CPU
		{8576D083-0E08-4929-8F62-D58BBABF8205}.Ad-Hoc|x86.Build.0 = Debug|Any CPU
		{8576D083-0E08-4929-8F62-D58BBABF8205}.AppStore|Any CPU.ActiveCfg = Debug|Any CPU
		{8576D083-0E08-4929-8F62-D58BBABF8205}.AppStore|Any CPU.Build.0 = Debug|Any CPU
		{8576D083-0E08-4929-8F62-D58BBABF8205}.AppStore|ARM.ActiveCfg = Debug|Any CPU
		{8576D083-0E08-4929-8F62-D58BBABF8205}.AppStore|ARM.Build.0 = Debug|Any CPU
		{8576D083-0E08-4929-8F62-D58BBABF8205}.AppStore|ARM64.ActiveCfg = Debug|Any CPU
		{8576D083-0E08-4929-8F62-D58BBABF8205}.AppStore|ARM64.Build.0 = Debug|Any CPU
		{8576D083-0E08-4929-8F62-D58BBABF8205}.AppStore|iPhone.ActiveCfg = Debug|Any CPU
		{8576D083-0E08-4929-8F62-D58BBABF8205}.AppStore|iPhone.Build.0 = Debug|Any CPU
		{8576D083-0E08-4929-8F62-D58BBABF8205}.AppStore|iPhoneSimulator.ActiveCfg = Debug|Any CPU
		{8576D083-0E08-4929-8F62-D58BBABF8205}.AppStore|iPhoneSimulator.Build.0 = Debug|Any CPU
		{8576D083-0E08-4929-8F62-D58BBABF8205}.AppStore|x64.ActiveCfg = Debug|Any CPU
		{8576D083-0E08-4929-8F62-D58BBABF8205}.AppStore|x64.Build.0 = Debug|Any CPU
		{8576D083-0E08-4929-8F62-D58BBABF8205}.AppStore|x86.ActiveCfg = Debug|Any CPU
		{8576D083-0E08-4929-8F62-D58BBABF8205}.AppStore|x86.Build.0 = Debug|Any CPU
		{8576D083-0E08-4929-8F62-D58BBABF8205}.Debug|Any CPU.ActiveCfg = Debug|Any CPU
		{8576D083-0E08-4929-8F62-D58BBABF8205}.Debug|Any CPU.Build.0 = Debug|Any CPU
		{8576D083-0E08-4929-8F62-D58BBABF8205}.Debug|ARM.ActiveCfg = Debug|Any CPU
		{8576D083-0E08-4929-8F62-D58BBABF8205}.Debug|ARM.Build.0 = Debug|Any CPU
		{8576D083-0E08-4929-8F62-D58BBABF8205}.Debug|ARM64.ActiveCfg = Debug|Any CPU
		{8576D083-0E08-4929-8F62-D58BBABF8205}.Debug|ARM64.Build.0 = Debug|Any CPU
		{8576D083-0E08-4929-8F62-D58BBABF8205}.Debug|iPhone.ActiveCfg = Debug|Any CPU
		{8576D083-0E08-4929-8F62-D58BBABF8205}.Debug|iPhone.Build.0 = Debug|Any CPU
		{8576D083-0E08-4929-8F62-D58BBABF8205}.Debug|iPhoneSimulator.ActiveCfg = Debug|Any CPU
		{8576D083-0E08-4929-8F62-D58BBABF8205}.Debug|iPhoneSimulator.Build.0 = Debug|Any CPU
		{8576D083-0E08-4929-8F62-D58BBABF8205}.Debug|x64.ActiveCfg = Debug|Any CPU
		{8576D083-0E08-4929-8F62-D58BBABF8205}.Debug|x64.Build.0 = Debug|Any CPU
		{8576D083-0E08-4929-8F62-D58BBABF8205}.Debug|x86.ActiveCfg = Debug|Any CPU
		{8576D083-0E08-4929-8F62-D58BBABF8205}.Debug|x86.Build.0 = Debug|Any CPU
		{8576D083-0E08-4929-8F62-D58BBABF8205}.Release|Any CPU.ActiveCfg = Release|Any CPU
		{8576D083-0E08-4929-8F62-D58BBABF8205}.Release|Any CPU.Build.0 = Release|Any CPU
		{8576D083-0E08-4929-8F62-D58BBABF8205}.Release|ARM.ActiveCfg = Release|Any CPU
		{8576D083-0E08-4929-8F62-D58BBABF8205}.Release|ARM.Build.0 = Release|Any CPU
		{8576D083-0E08-4929-8F62-D58BBABF8205}.Release|ARM64.ActiveCfg = Release|Any CPU
		{8576D083-0E08-4929-8F62-D58BBABF8205}.Release|ARM64.Build.0 = Release|Any CPU
		{8576D083-0E08-4929-8F62-D58BBABF8205}.Release|iPhone.ActiveCfg = Release|Any CPU
		{8576D083-0E08-4929-8F62-D58BBABF8205}.Release|iPhone.Build.0 = Release|Any CPU
		{8576D083-0E08-4929-8F62-D58BBABF8205}.Release|iPhoneSimulator.ActiveCfg = Release|Any CPU
		{8576D083-0E08-4929-8F62-D58BBABF8205}.Release|iPhoneSimulator.Build.0 = Release|Any CPU
		{8576D083-0E08-4929-8F62-D58BBABF8205}.Release|x64.ActiveCfg = Release|Any CPU
		{8576D083-0E08-4929-8F62-D58BBABF8205}.Release|x64.Build.0 = Release|Any CPU
		{8576D083-0E08-4929-8F62-D58BBABF8205}.Release|x86.ActiveCfg = Release|Any CPU
		{8576D083-0E08-4929-8F62-D58BBABF8205}.Release|x86.Build.0 = Release|Any CPU
		{E8C524A7-64F7-47D2-918F-FD6B3B9D832F}.Ad-Hoc|Any CPU.ActiveCfg = Debug|Any CPU
		{E8C524A7-64F7-47D2-918F-FD6B3B9D832F}.Ad-Hoc|Any CPU.Build.0 = Debug|Any CPU
		{E8C524A7-64F7-47D2-918F-FD6B3B9D832F}.Ad-Hoc|Any CPU.Deploy.0 = Debug|Any CPU
		{E8C524A7-64F7-47D2-918F-FD6B3B9D832F}.Ad-Hoc|ARM.ActiveCfg = Debug|Any CPU
		{E8C524A7-64F7-47D2-918F-FD6B3B9D832F}.Ad-Hoc|ARM.Build.0 = Debug|Any CPU
		{E8C524A7-64F7-47D2-918F-FD6B3B9D832F}.Ad-Hoc|ARM.Deploy.0 = Debug|Any CPU
		{E8C524A7-64F7-47D2-918F-FD6B3B9D832F}.Ad-Hoc|ARM64.ActiveCfg = Debug|Any CPU
		{E8C524A7-64F7-47D2-918F-FD6B3B9D832F}.Ad-Hoc|ARM64.Build.0 = Debug|Any CPU
		{E8C524A7-64F7-47D2-918F-FD6B3B9D832F}.Ad-Hoc|ARM64.Deploy.0 = Debug|Any CPU
		{E8C524A7-64F7-47D2-918F-FD6B3B9D832F}.Ad-Hoc|iPhone.ActiveCfg = Debug|Any CPU
		{E8C524A7-64F7-47D2-918F-FD6B3B9D832F}.Ad-Hoc|iPhone.Build.0 = Debug|Any CPU
		{E8C524A7-64F7-47D2-918F-FD6B3B9D832F}.Ad-Hoc|iPhone.Deploy.0 = Debug|Any CPU
		{E8C524A7-64F7-47D2-918F-FD6B3B9D832F}.Ad-Hoc|iPhoneSimulator.ActiveCfg = Debug|Any CPU
		{E8C524A7-64F7-47D2-918F-FD6B3B9D832F}.Ad-Hoc|iPhoneSimulator.Build.0 = Debug|Any CPU
		{E8C524A7-64F7-47D2-918F-FD6B3B9D832F}.Ad-Hoc|iPhoneSimulator.Deploy.0 = Debug|Any CPU
		{E8C524A7-64F7-47D2-918F-FD6B3B9D832F}.Ad-Hoc|x64.ActiveCfg = Debug|Any CPU
		{E8C524A7-64F7-47D2-918F-FD6B3B9D832F}.Ad-Hoc|x64.Build.0 = Debug|Any CPU
		{E8C524A7-64F7-47D2-918F-FD6B3B9D832F}.Ad-Hoc|x64.Deploy.0 = Debug|Any CPU
		{E8C524A7-64F7-47D2-918F-FD6B3B9D832F}.Ad-Hoc|x86.ActiveCfg = Debug|Any CPU
		{E8C524A7-64F7-47D2-918F-FD6B3B9D832F}.Ad-Hoc|x86.Build.0 = Debug|Any CPU
		{E8C524A7-64F7-47D2-918F-FD6B3B9D832F}.Ad-Hoc|x86.Deploy.0 = Debug|Any CPU
		{E8C524A7-64F7-47D2-918F-FD6B3B9D832F}.AppStore|Any CPU.ActiveCfg = Debug|Any CPU
		{E8C524A7-64F7-47D2-918F-FD6B3B9D832F}.AppStore|Any CPU.Build.0 = Debug|Any CPU
		{E8C524A7-64F7-47D2-918F-FD6B3B9D832F}.AppStore|Any CPU.Deploy.0 = Debug|Any CPU
		{E8C524A7-64F7-47D2-918F-FD6B3B9D832F}.AppStore|ARM.ActiveCfg = Debug|Any CPU
		{E8C524A7-64F7-47D2-918F-FD6B3B9D832F}.AppStore|ARM.Build.0 = Debug|Any CPU
		{E8C524A7-64F7-47D2-918F-FD6B3B9D832F}.AppStore|ARM.Deploy.0 = Debug|Any CPU
		{E8C524A7-64F7-47D2-918F-FD6B3B9D832F}.AppStore|ARM64.ActiveCfg = Debug|Any CPU
		{E8C524A7-64F7-47D2-918F-FD6B3B9D832F}.AppStore|ARM64.Build.0 = Debug|Any CPU
		{E8C524A7-64F7-47D2-918F-FD6B3B9D832F}.AppStore|ARM64.Deploy.0 = Debug|Any CPU
		{E8C524A7-64F7-47D2-918F-FD6B3B9D832F}.AppStore|iPhone.ActiveCfg = Debug|Any CPU
		{E8C524A7-64F7-47D2-918F-FD6B3B9D832F}.AppStore|iPhone.Build.0 = Debug|Any CPU
		{E8C524A7-64F7-47D2-918F-FD6B3B9D832F}.AppStore|iPhone.Deploy.0 = Debug|Any CPU
		{E8C524A7-64F7-47D2-918F-FD6B3B9D832F}.AppStore|iPhoneSimulator.ActiveCfg = Debug|Any CPU
		{E8C524A7-64F7-47D2-918F-FD6B3B9D832F}.AppStore|iPhoneSimulator.Build.0 = Debug|Any CPU
		{E8C524A7-64F7-47D2-918F-FD6B3B9D832F}.AppStore|iPhoneSimulator.Deploy.0 = Debug|Any CPU
		{E8C524A7-64F7-47D2-918F-FD6B3B9D832F}.AppStore|x64.ActiveCfg = Debug|Any CPU
		{E8C524A7-64F7-47D2-918F-FD6B3B9D832F}.AppStore|x64.Build.0 = Debug|Any CPU
		{E8C524A7-64F7-47D2-918F-FD6B3B9D832F}.AppStore|x64.Deploy.0 = Debug|Any CPU
		{E8C524A7-64F7-47D2-918F-FD6B3B9D832F}.AppStore|x86.ActiveCfg = Debug|Any CPU
		{E8C524A7-64F7-47D2-918F-FD6B3B9D832F}.AppStore|x86.Build.0 = Debug|Any CPU
		{E8C524A7-64F7-47D2-918F-FD6B3B9D832F}.AppStore|x86.Deploy.0 = Debug|Any CPU
		{E8C524A7-64F7-47D2-918F-FD6B3B9D832F}.Debug|Any CPU.ActiveCfg = Debug|Any CPU
		{E8C524A7-64F7-47D2-918F-FD6B3B9D832F}.Debug|Any CPU.Build.0 = Debug|Any CPU
		{E8C524A7-64F7-47D2-918F-FD6B3B9D832F}.Debug|Any CPU.Deploy.0 = Debug|Any CPU
		{E8C524A7-64F7-47D2-918F-FD6B3B9D832F}.Debug|ARM.ActiveCfg = Debug|Any CPU
		{E8C524A7-64F7-47D2-918F-FD6B3B9D832F}.Debug|ARM.Build.0 = Debug|Any CPU
		{E8C524A7-64F7-47D2-918F-FD6B3B9D832F}.Debug|ARM.Deploy.0 = Debug|Any CPU
		{E8C524A7-64F7-47D2-918F-FD6B3B9D832F}.Debug|ARM64.ActiveCfg = Debug|Any CPU
		{E8C524A7-64F7-47D2-918F-FD6B3B9D832F}.Debug|ARM64.Build.0 = Debug|Any CPU
		{E8C524A7-64F7-47D2-918F-FD6B3B9D832F}.Debug|ARM64.Deploy.0 = Debug|Any CPU
		{E8C524A7-64F7-47D2-918F-FD6B3B9D832F}.Debug|iPhone.ActiveCfg = Debug|Any CPU
		{E8C524A7-64F7-47D2-918F-FD6B3B9D832F}.Debug|iPhone.Build.0 = Debug|Any CPU
		{E8C524A7-64F7-47D2-918F-FD6B3B9D832F}.Debug|iPhone.Deploy.0 = Debug|Any CPU
		{E8C524A7-64F7-47D2-918F-FD6B3B9D832F}.Debug|iPhoneSimulator.ActiveCfg = Debug|Any CPU
		{E8C524A7-64F7-47D2-918F-FD6B3B9D832F}.Debug|iPhoneSimulator.Build.0 = Debug|Any CPU
		{E8C524A7-64F7-47D2-918F-FD6B3B9D832F}.Debug|iPhoneSimulator.Deploy.0 = Debug|Any CPU
		{E8C524A7-64F7-47D2-918F-FD6B3B9D832F}.Debug|x64.ActiveCfg = Debug|Any CPU
		{E8C524A7-64F7-47D2-918F-FD6B3B9D832F}.Debug|x64.Build.0 = Debug|Any CPU
		{E8C524A7-64F7-47D2-918F-FD6B3B9D832F}.Debug|x64.Deploy.0 = Debug|Any CPU
		{E8C524A7-64F7-47D2-918F-FD6B3B9D832F}.Debug|x86.ActiveCfg = Debug|Any CPU
		{E8C524A7-64F7-47D2-918F-FD6B3B9D832F}.Debug|x86.Build.0 = Debug|Any CPU
		{E8C524A7-64F7-47D2-918F-FD6B3B9D832F}.Debug|x86.Deploy.0 = Debug|Any CPU
		{E8C524A7-64F7-47D2-918F-FD6B3B9D832F}.Release|Any CPU.ActiveCfg = Release|Any CPU
		{E8C524A7-64F7-47D2-918F-FD6B3B9D832F}.Release|Any CPU.Build.0 = Release|Any CPU
		{E8C524A7-64F7-47D2-918F-FD6B3B9D832F}.Release|Any CPU.Deploy.0 = Release|Any CPU
		{E8C524A7-64F7-47D2-918F-FD6B3B9D832F}.Release|ARM.ActiveCfg = Release|Any CPU
		{E8C524A7-64F7-47D2-918F-FD6B3B9D832F}.Release|ARM.Build.0 = Release|Any CPU
		{E8C524A7-64F7-47D2-918F-FD6B3B9D832F}.Release|ARM.Deploy.0 = Release|Any CPU
		{E8C524A7-64F7-47D2-918F-FD6B3B9D832F}.Release|ARM64.ActiveCfg = Release|Any CPU
		{E8C524A7-64F7-47D2-918F-FD6B3B9D832F}.Release|ARM64.Build.0 = Release|Any CPU
		{E8C524A7-64F7-47D2-918F-FD6B3B9D832F}.Release|ARM64.Deploy.0 = Release|Any CPU
		{E8C524A7-64F7-47D2-918F-FD6B3B9D832F}.Release|iPhone.ActiveCfg = Release|Any CPU
		{E8C524A7-64F7-47D2-918F-FD6B3B9D832F}.Release|iPhone.Build.0 = Release|Any CPU
		{E8C524A7-64F7-47D2-918F-FD6B3B9D832F}.Release|iPhone.Deploy.0 = Release|Any CPU
		{E8C524A7-64F7-47D2-918F-FD6B3B9D832F}.Release|iPhoneSimulator.ActiveCfg = Release|Any CPU
		{E8C524A7-64F7-47D2-918F-FD6B3B9D832F}.Release|iPhoneSimulator.Build.0 = Release|Any CPU
		{E8C524A7-64F7-47D2-918F-FD6B3B9D832F}.Release|iPhoneSimulator.Deploy.0 = Release|Any CPU
		{E8C524A7-64F7-47D2-918F-FD6B3B9D832F}.Release|x64.ActiveCfg = Release|Any CPU
		{E8C524A7-64F7-47D2-918F-FD6B3B9D832F}.Release|x64.Build.0 = Release|Any CPU
		{E8C524A7-64F7-47D2-918F-FD6B3B9D832F}.Release|x64.Deploy.0 = Release|Any CPU
		{E8C524A7-64F7-47D2-918F-FD6B3B9D832F}.Release|x86.ActiveCfg = Release|Any CPU
		{E8C524A7-64F7-47D2-918F-FD6B3B9D832F}.Release|x86.Build.0 = Release|Any CPU
		{E8C524A7-64F7-47D2-918F-FD6B3B9D832F}.Release|x86.Deploy.0 = Release|Any CPU
		{CC2F7097-F996-4F92-971A-5A3D50BCEF03}.Ad-Hoc|Any CPU.ActiveCfg = Debug|Any CPU
		{CC2F7097-F996-4F92-971A-5A3D50BCEF03}.Ad-Hoc|Any CPU.Build.0 = Debug|Any CPU
		{CC2F7097-F996-4F92-971A-5A3D50BCEF03}.Ad-Hoc|ARM.ActiveCfg = Debug|Any CPU
		{CC2F7097-F996-4F92-971A-5A3D50BCEF03}.Ad-Hoc|ARM.Build.0 = Debug|Any CPU
		{CC2F7097-F996-4F92-971A-5A3D50BCEF03}.Ad-Hoc|ARM64.ActiveCfg = Debug|Any CPU
		{CC2F7097-F996-4F92-971A-5A3D50BCEF03}.Ad-Hoc|ARM64.Build.0 = Debug|Any CPU
		{CC2F7097-F996-4F92-971A-5A3D50BCEF03}.Ad-Hoc|iPhone.ActiveCfg = Debug|Any CPU
		{CC2F7097-F996-4F92-971A-5A3D50BCEF03}.Ad-Hoc|iPhone.Build.0 = Debug|Any CPU
		{CC2F7097-F996-4F92-971A-5A3D50BCEF03}.Ad-Hoc|iPhoneSimulator.ActiveCfg = Debug|Any CPU
		{CC2F7097-F996-4F92-971A-5A3D50BCEF03}.Ad-Hoc|iPhoneSimulator.Build.0 = Debug|Any CPU
		{CC2F7097-F996-4F92-971A-5A3D50BCEF03}.Ad-Hoc|x64.ActiveCfg = Debug|Any CPU
		{CC2F7097-F996-4F92-971A-5A3D50BCEF03}.Ad-Hoc|x64.Build.0 = Debug|Any CPU
		{CC2F7097-F996-4F92-971A-5A3D50BCEF03}.Ad-Hoc|x86.ActiveCfg = Debug|Any CPU
		{CC2F7097-F996-4F92-971A-5A3D50BCEF03}.Ad-Hoc|x86.Build.0 = Debug|Any CPU
		{CC2F7097-F996-4F92-971A-5A3D50BCEF03}.AppStore|Any CPU.ActiveCfg = Debug|Any CPU
		{CC2F7097-F996-4F92-971A-5A3D50BCEF03}.AppStore|Any CPU.Build.0 = Debug|Any CPU
		{CC2F7097-F996-4F92-971A-5A3D50BCEF03}.AppStore|ARM.ActiveCfg = Debug|Any CPU
		{CC2F7097-F996-4F92-971A-5A3D50BCEF03}.AppStore|ARM.Build.0 = Debug|Any CPU
		{CC2F7097-F996-4F92-971A-5A3D50BCEF03}.AppStore|ARM64.ActiveCfg = Debug|Any CPU
		{CC2F7097-F996-4F92-971A-5A3D50BCEF03}.AppStore|ARM64.Build.0 = Debug|Any CPU
		{CC2F7097-F996-4F92-971A-5A3D50BCEF03}.AppStore|iPhone.ActiveCfg = Debug|Any CPU
		{CC2F7097-F996-4F92-971A-5A3D50BCEF03}.AppStore|iPhone.Build.0 = Debug|Any CPU
		{CC2F7097-F996-4F92-971A-5A3D50BCEF03}.AppStore|iPhoneSimulator.ActiveCfg = Debug|Any CPU
		{CC2F7097-F996-4F92-971A-5A3D50BCEF03}.AppStore|iPhoneSimulator.Build.0 = Debug|Any CPU
		{CC2F7097-F996-4F92-971A-5A3D50BCEF03}.AppStore|x64.ActiveCfg = Debug|Any CPU
		{CC2F7097-F996-4F92-971A-5A3D50BCEF03}.AppStore|x64.Build.0 = Debug|Any CPU
		{CC2F7097-F996-4F92-971A-5A3D50BCEF03}.AppStore|x86.ActiveCfg = Debug|Any CPU
		{CC2F7097-F996-4F92-971A-5A3D50BCEF03}.AppStore|x86.Build.0 = Debug|Any CPU
		{CC2F7097-F996-4F92-971A-5A3D50BCEF03}.Debug|Any CPU.ActiveCfg = Debug|Any CPU
		{CC2F7097-F996-4F92-971A-5A3D50BCEF03}.Debug|Any CPU.Build.0 = Debug|Any CPU
		{CC2F7097-F996-4F92-971A-5A3D50BCEF03}.Debug|ARM.ActiveCfg = Debug|Any CPU
		{CC2F7097-F996-4F92-971A-5A3D50BCEF03}.Debug|ARM.Build.0 = Debug|Any CPU
		{CC2F7097-F996-4F92-971A-5A3D50BCEF03}.Debug|ARM64.ActiveCfg = Debug|Any CPU
		{CC2F7097-F996-4F92-971A-5A3D50BCEF03}.Debug|ARM64.Build.0 = Debug|Any CPU
		{CC2F7097-F996-4F92-971A-5A3D50BCEF03}.Debug|iPhone.ActiveCfg = Debug|Any CPU
		{CC2F7097-F996-4F92-971A-5A3D50BCEF03}.Debug|iPhone.Build.0 = Debug|Any CPU
		{CC2F7097-F996-4F92-971A-5A3D50BCEF03}.Debug|iPhoneSimulator.ActiveCfg = Debug|Any CPU
		{CC2F7097-F996-4F92-971A-5A3D50BCEF03}.Debug|iPhoneSimulator.Build.0 = Debug|Any CPU
		{CC2F7097-F996-4F92-971A-5A3D50BCEF03}.Debug|x64.ActiveCfg = Debug|Any CPU
		{CC2F7097-F996-4F92-971A-5A3D50BCEF03}.Debug|x64.Build.0 = Debug|Any CPU
		{CC2F7097-F996-4F92-971A-5A3D50BCEF03}.Debug|x86.ActiveCfg = Debug|Any CPU
		{CC2F7097-F996-4F92-971A-5A3D50BCEF03}.Debug|x86.Build.0 = Debug|Any CPU
		{CC2F7097-F996-4F92-971A-5A3D50BCEF03}.Release|Any CPU.ActiveCfg = Release|Any CPU
		{CC2F7097-F996-4F92-971A-5A3D50BCEF03}.Release|Any CPU.Build.0 = Release|Any CPU
		{CC2F7097-F996-4F92-971A-5A3D50BCEF03}.Release|ARM.ActiveCfg = Release|Any CPU
		{CC2F7097-F996-4F92-971A-5A3D50BCEF03}.Release|ARM.Build.0 = Release|Any CPU
		{CC2F7097-F996-4F92-971A-5A3D50BCEF03}.Release|ARM64.ActiveCfg = Release|Any CPU
		{CC2F7097-F996-4F92-971A-5A3D50BCEF03}.Release|ARM64.Build.0 = Release|Any CPU
		{CC2F7097-F996-4F92-971A-5A3D50BCEF03}.Release|iPhone.ActiveCfg = Release|Any CPU
		{CC2F7097-F996-4F92-971A-5A3D50BCEF03}.Release|iPhone.Build.0 = Release|Any CPU
		{CC2F7097-F996-4F92-971A-5A3D50BCEF03}.Release|iPhoneSimulator.ActiveCfg = Release|Any CPU
		{CC2F7097-F996-4F92-971A-5A3D50BCEF03}.Release|iPhoneSimulator.Build.0 = Release|Any CPU
		{CC2F7097-F996-4F92-971A-5A3D50BCEF03}.Release|x64.ActiveCfg = Release|Any CPU
		{CC2F7097-F996-4F92-971A-5A3D50BCEF03}.Release|x64.Build.0 = Release|Any CPU
		{CC2F7097-F996-4F92-971A-5A3D50BCEF03}.Release|x86.ActiveCfg = Release|Any CPU
		{CC2F7097-F996-4F92-971A-5A3D50BCEF03}.Release|x86.Build.0 = Release|Any CPU
		{8AD4D386-CC73-4CBF-831F-1BE49DADD566}.Ad-Hoc|Any CPU.ActiveCfg = Debug|Any CPU
		{8AD4D386-CC73-4CBF-831F-1BE49DADD566}.Ad-Hoc|Any CPU.Build.0 = Debug|Any CPU
		{8AD4D386-CC73-4CBF-831F-1BE49DADD566}.Ad-Hoc|ARM.ActiveCfg = Debug|Any CPU
		{8AD4D386-CC73-4CBF-831F-1BE49DADD566}.Ad-Hoc|ARM.Build.0 = Debug|Any CPU
		{8AD4D386-CC73-4CBF-831F-1BE49DADD566}.Ad-Hoc|ARM64.ActiveCfg = Debug|Any CPU
		{8AD4D386-CC73-4CBF-831F-1BE49DADD566}.Ad-Hoc|ARM64.Build.0 = Debug|Any CPU
		{8AD4D386-CC73-4CBF-831F-1BE49DADD566}.Ad-Hoc|iPhone.ActiveCfg = Debug|Any CPU
		{8AD4D386-CC73-4CBF-831F-1BE49DADD566}.Ad-Hoc|iPhone.Build.0 = Debug|Any CPU
		{8AD4D386-CC73-4CBF-831F-1BE49DADD566}.Ad-Hoc|iPhoneSimulator.ActiveCfg = Debug|Any CPU
		{8AD4D386-CC73-4CBF-831F-1BE49DADD566}.Ad-Hoc|iPhoneSimulator.Build.0 = Debug|Any CPU
		{8AD4D386-CC73-4CBF-831F-1BE49DADD566}.Ad-Hoc|x64.ActiveCfg = Debug|Any CPU
		{8AD4D386-CC73-4CBF-831F-1BE49DADD566}.Ad-Hoc|x64.Build.0 = Debug|Any CPU
		{8AD4D386-CC73-4CBF-831F-1BE49DADD566}.Ad-Hoc|x86.ActiveCfg = Debug|Any CPU
		{8AD4D386-CC73-4CBF-831F-1BE49DADD566}.Ad-Hoc|x86.Build.0 = Debug|Any CPU
		{8AD4D386-CC73-4CBF-831F-1BE49DADD566}.AppStore|Any CPU.ActiveCfg = Debug|Any CPU
		{8AD4D386-CC73-4CBF-831F-1BE49DADD566}.AppStore|Any CPU.Build.0 = Debug|Any CPU
		{8AD4D386-CC73-4CBF-831F-1BE49DADD566}.AppStore|ARM.ActiveCfg = Debug|Any CPU
		{8AD4D386-CC73-4CBF-831F-1BE49DADD566}.AppStore|ARM.Build.0 = Debug|Any CPU
		{8AD4D386-CC73-4CBF-831F-1BE49DADD566}.AppStore|ARM64.ActiveCfg = Debug|Any CPU
		{8AD4D386-CC73-4CBF-831F-1BE49DADD566}.AppStore|ARM64.Build.0 = Debug|Any CPU
		{8AD4D386-CC73-4CBF-831F-1BE49DADD566}.AppStore|iPhone.ActiveCfg = Debug|Any CPU
		{8AD4D386-CC73-4CBF-831F-1BE49DADD566}.AppStore|iPhone.Build.0 = Debug|Any CPU
		{8AD4D386-CC73-4CBF-831F-1BE49DADD566}.AppStore|iPhoneSimulator.ActiveCfg = Debug|Any CPU
		{8AD4D386-CC73-4CBF-831F-1BE49DADD566}.AppStore|iPhoneSimulator.Build.0 = Debug|Any CPU
		{8AD4D386-CC73-4CBF-831F-1BE49DADD566}.AppStore|x64.ActiveCfg = Debug|Any CPU
		{8AD4D386-CC73-4CBF-831F-1BE49DADD566}.AppStore|x64.Build.0 = Debug|Any CPU
		{8AD4D386-CC73-4CBF-831F-1BE49DADD566}.AppStore|x86.ActiveCfg = Debug|Any CPU
		{8AD4D386-CC73-4CBF-831F-1BE49DADD566}.AppStore|x86.Build.0 = Debug|Any CPU
		{8AD4D386-CC73-4CBF-831F-1BE49DADD566}.Debug|Any CPU.ActiveCfg = Debug|Any CPU
		{8AD4D386-CC73-4CBF-831F-1BE49DADD566}.Debug|Any CPU.Build.0 = Debug|Any CPU
		{8AD4D386-CC73-4CBF-831F-1BE49DADD566}.Debug|ARM.ActiveCfg = Debug|Any CPU
		{8AD4D386-CC73-4CBF-831F-1BE49DADD566}.Debug|ARM.Build.0 = Debug|Any CPU
		{8AD4D386-CC73-4CBF-831F-1BE49DADD566}.Debug|ARM64.ActiveCfg = Debug|Any CPU
		{8AD4D386-CC73-4CBF-831F-1BE49DADD566}.Debug|ARM64.Build.0 = Debug|Any CPU
		{8AD4D386-CC73-4CBF-831F-1BE49DADD566}.Debug|iPhone.ActiveCfg = Debug|Any CPU
		{8AD4D386-CC73-4CBF-831F-1BE49DADD566}.Debug|iPhone.Build.0 = Debug|Any CPU
		{8AD4D386-CC73-4CBF-831F-1BE49DADD566}.Debug|iPhoneSimulator.ActiveCfg = Debug|Any CPU
		{8AD4D386-CC73-4CBF-831F-1BE49DADD566}.Debug|iPhoneSimulator.Build.0 = Debug|Any CPU
		{8AD4D386-CC73-4CBF-831F-1BE49DADD566}.Debug|x64.ActiveCfg = Debug|Any CPU
		{8AD4D386-CC73-4CBF-831F-1BE49DADD566}.Debug|x64.Build.0 = Debug|Any CPU
		{8AD4D386-CC73-4CBF-831F-1BE49DADD566}.Debug|x86.ActiveCfg = Debug|Any CPU
		{8AD4D386-CC73-4CBF-831F-1BE49DADD566}.Debug|x86.Build.0 = Debug|Any CPU
		{8AD4D386-CC73-4CBF-831F-1BE49DADD566}.Release|Any CPU.ActiveCfg = Release|Any CPU
		{8AD4D386-CC73-4CBF-831F-1BE49DADD566}.Release|Any CPU.Build.0 = Release|Any CPU
		{8AD4D386-CC73-4CBF-831F-1BE49DADD566}.Release|ARM.ActiveCfg = Release|Any CPU
		{8AD4D386-CC73-4CBF-831F-1BE49DADD566}.Release|ARM.Build.0 = Release|Any CPU
		{8AD4D386-CC73-4CBF-831F-1BE49DADD566}.Release|ARM64.ActiveCfg = Release|Any CPU
		{8AD4D386-CC73-4CBF-831F-1BE49DADD566}.Release|ARM64.Build.0 = Release|Any CPU
		{8AD4D386-CC73-4CBF-831F-1BE49DADD566}.Release|iPhone.ActiveCfg = Release|Any CPU
		{8AD4D386-CC73-4CBF-831F-1BE49DADD566}.Release|iPhone.Build.0 = Release|Any CPU
		{8AD4D386-CC73-4CBF-831F-1BE49DADD566}.Release|iPhoneSimulator.ActiveCfg = Release|Any CPU
		{8AD4D386-CC73-4CBF-831F-1BE49DADD566}.Release|iPhoneSimulator.Build.0 = Release|Any CPU
		{8AD4D386-CC73-4CBF-831F-1BE49DADD566}.Release|x64.ActiveCfg = Release|Any CPU
		{8AD4D386-CC73-4CBF-831F-1BE49DADD566}.Release|x64.Build.0 = Release|Any CPU
		{8AD4D386-CC73-4CBF-831F-1BE49DADD566}.Release|x86.ActiveCfg = Release|Any CPU
		{8AD4D386-CC73-4CBF-831F-1BE49DADD566}.Release|x86.Build.0 = Release|Any CPU
	EndGlobalSection
	GlobalSection(SolutionProperties) = preSolution
		HideSolutionNode = FALSE
	EndGlobalSection
	GlobalSection(NestedProjects) = preSolution
		{A13EA408-EB69-4B90-BFEF-C1ECD844E8C2} = {C05EBE08-36FC-4AF7-B7A2-44EB8F54B8A6}
		{32801CD7-1B90-4F68-845B-F38B4C672AFB} = {C05EBE08-36FC-4AF7-B7A2-44EB8F54B8A6}
		{C119D4C3-C0CA-4BFF-863A-006A413B5979} = {C05EBE08-36FC-4AF7-B7A2-44EB8F54B8A6}
		{51B07E3A-8769-4BBD-8B80-37509BB19D7E} = {9B0B4D57-0D36-4200-A9EA-3E74AEC30CC0}
		{69F52E39-812D-4ABE-BFF8-D8290D6B156A} = {C05EBE08-36FC-4AF7-B7A2-44EB8F54B8A6}
		{CFAD7F7D-3F38-4252-885B-EE16DC147787} = {C05EBE08-36FC-4AF7-B7A2-44EB8F54B8A6}
		{C2E30D34-5B71-432F-B5D5-69B88B5AF5DB} = {6AD11812-0C83-402E-83D6-6D46B2CB7AF5}
		{AA373B1D-F17C-4F24-86E5-F6DB8688434A} = {6AD11812-0C83-402E-83D6-6D46B2CB7AF5}
		{55640146-2DFC-4B9F-8A6E-F44C4D74950D} = {6AD11812-0C83-402E-83D6-6D46B2CB7AF5}
		{8576D083-0E08-4929-8F62-D58BBABF8205} = {98054A31-B228-43D6-BD2D-78C1D08CEFCE}
		{E8C524A7-64F7-47D2-918F-FD6B3B9D832F} = {98054A31-B228-43D6-BD2D-78C1D08CEFCE}
		{CC2F7097-F996-4F92-971A-5A3D50BCEF03} = {E3976B3E-0191-409D-990B-37F794CB9904}
		{8AD4D386-CC73-4CBF-831F-1BE49DADD566} = {E3976B3E-0191-409D-990B-37F794CB9904}
	EndGlobalSection
	GlobalSection(ExtensibilityGlobals) = postSolution
		SolutionGuid = {BEA35AF1-A080-4B20-870F-536D85EC5B83}
	EndGlobalSection
EndGlobal
