
Microsoft Visual Studio Solution File, Format Version 12.00
# Visual Studio Version 17
VisualStudioVersion = 17.4.33103.184
MinimumVisualStudioVersion = 10.0.40219.1
Project("{D954291E-2A0B-460D-934E-DC6B0785DB48}") = "MZikmund.App.Shared", "MZikmund.App.Shared\MZikmund.App.Shared.shproj", "{6279C845-92F8-4333-AB99-3D213163593C}"
EndProject
Project("{2150E333-8FDC-42A3-9474-1A3956D46DE8}") = "Platforms", "Platforms", "{B999EA7B-940C-443E-B2EA-22124288F66B}"
EndProject
Project("{FAE04EC0-301F-11D3-BF4B-00C04F79EFBC}") = "MZikmund.App.Wasm", "MZikmund.App.Wasm\MZikmund.App.Wasm.csproj", "{37C2503E-5008-4AD8-AD02-2993A7415759}"
EndProject
Project("{FAE04EC0-301F-11D3-BF4B-00C04F79EFBC}") = "MZikmund.App.Server", "MZikmund.App.Server\MZikmund.App.Server.csproj", "{BA9027E8-CB09-45D6-8D9F-DED2754E7C60}"
EndProject
Project("{FAE04EC0-301F-11D3-BF4B-00C04F79EFBC}") = "MZikmund.App.Mobile", "MZikmund.App.Mobile\MZikmund.App.Mobile.csproj", "{AE7B81E3-153C-457A-9E29-3D7E95DC6AFC}"
EndProject
Project("{FAE04EC0-301F-11D3-BF4B-00C04F79EFBC}") = "MZikmund.App.Skia.Gtk", "MZikmund.App.Skia.Gtk\MZikmund.App.Skia.Gtk.csproj", "{74A27577-1880-4DED-88A2-893DBD455B90}"
EndProject
Project("{FAE04EC0-301F-11D3-BF4B-00C04F79EFBC}") = "MZikmund.App.Windows", "MZikmund.App.Windows\MZikmund.App.Windows.csproj", "{008756AD-D5AC-4AAE-9687-AC784621F7F8}"
EndProject
Project("{FAE04EC0-301F-11D3-BF4B-00C04F79EFBC}") = "MZikmund.App.Skia.Wpf", "MZikmund.App.Skia.Wpf\MZikmund.App.Skia.Wpf.csproj", "{D3FF3F33-90B6-45F3-AF67-6E24FF20D6DF}"
EndProject
Global
	GlobalSection(SolutionConfigurationPlatforms) = preSolution
		Debug|Any CPU = Debug|Any CPU
		Debug|arm64 = Debug|arm64
		Debug|x64 = Debug|x64
		Debug|x86 = Debug|x86
		Release|Any CPU = Release|Any CPU
		Release|arm64 = Release|arm64
		Release|x64 = Release|x64
		Release|x86 = Release|x86
	EndGlobalSection
	GlobalSection(ProjectConfigurationPlatforms) = postSolution
		{37C2503E-5008-4AD8-AD02-2993A7415759}.Debug|Any CPU.ActiveCfg = Debug|Any CPU
		{37C2503E-5008-4AD8-AD02-2993A7415759}.Debug|Any CPU.Build.0 = Debug|Any CPU
		{37C2503E-5008-4AD8-AD02-2993A7415759}.Debug|arm64.ActiveCfg = Debug|Any CPU
		{37C2503E-5008-4AD8-AD02-2993A7415759}.Debug|arm64.Build.0 = Debug|Any CPU
		{37C2503E-5008-4AD8-AD02-2993A7415759}.Debug|x64.ActiveCfg = Debug|Any CPU
		{37C2503E-5008-4AD8-AD02-2993A7415759}.Debug|x64.Build.0 = Debug|Any CPU
		{37C2503E-5008-4AD8-AD02-2993A7415759}.Debug|x86.ActiveCfg = Debug|Any CPU
		{37C2503E-5008-4AD8-AD02-2993A7415759}.Debug|x86.Build.0 = Debug|Any CPU
		{37C2503E-5008-4AD8-AD02-2993A7415759}.Release|Any CPU.ActiveCfg = Release|Any CPU
		{37C2503E-5008-4AD8-AD02-2993A7415759}.Release|Any CPU.Build.0 = Release|Any CPU
		{37C2503E-5008-4AD8-AD02-2993A7415759}.Release|arm64.ActiveCfg = Release|Any CPU
		{37C2503E-5008-4AD8-AD02-2993A7415759}.Release|arm64.Build.0 = Release|Any CPU
		{37C2503E-5008-4AD8-AD02-2993A7415759}.Release|x64.ActiveCfg = Release|Any CPU
		{37C2503E-5008-4AD8-AD02-2993A7415759}.Release|x64.Build.0 = Release|Any CPU
		{37C2503E-5008-4AD8-AD02-2993A7415759}.Release|x86.ActiveCfg = Release|Any CPU
		{37C2503E-5008-4AD8-AD02-2993A7415759}.Release|x86.Build.0 = Release|Any CPU
		{BA9027E8-CB09-45D6-8D9F-DED2754E7C60}.Debug|Any CPU.ActiveCfg = Debug|Any CPU
		{BA9027E8-CB09-45D6-8D9F-DED2754E7C60}.Debug|Any CPU.Build.0 = Debug|Any CPU
		{BA9027E8-CB09-45D6-8D9F-DED2754E7C60}.Debug|arm64.ActiveCfg = Debug|Any CPU
		{BA9027E8-CB09-45D6-8D9F-DED2754E7C60}.Debug|arm64.Build.0 = Debug|Any CPU
		{BA9027E8-CB09-45D6-8D9F-DED2754E7C60}.Debug|x64.ActiveCfg = Debug|Any CPU
		{BA9027E8-CB09-45D6-8D9F-DED2754E7C60}.Debug|x64.Build.0 = Debug|Any CPU
		{BA9027E8-CB09-45D6-8D9F-DED2754E7C60}.Debug|x86.ActiveCfg = Debug|Any CPU
		{BA9027E8-CB09-45D6-8D9F-DED2754E7C60}.Debug|x86.Build.0 = Debug|Any CPU
		{BA9027E8-CB09-45D6-8D9F-DED2754E7C60}.Release|Any CPU.ActiveCfg = Release|Any CPU
		{BA9027E8-CB09-45D6-8D9F-DED2754E7C60}.Release|Any CPU.Build.0 = Release|Any CPU
		{BA9027E8-CB09-45D6-8D9F-DED2754E7C60}.Release|arm64.ActiveCfg = Release|Any CPU
		{BA9027E8-CB09-45D6-8D9F-DED2754E7C60}.Release|arm64.Build.0 = Release|Any CPU
		{BA9027E8-CB09-45D6-8D9F-DED2754E7C60}.Release|x64.ActiveCfg = Release|Any CPU
		{BA9027E8-CB09-45D6-8D9F-DED2754E7C60}.Release|x64.Build.0 = Release|Any CPU
		{BA9027E8-CB09-45D6-8D9F-DED2754E7C60}.Release|x86.ActiveCfg = Release|Any CPU
		{BA9027E8-CB09-45D6-8D9F-DED2754E7C60}.Release|x86.Build.0 = Release|Any CPU
		{AE7B81E3-153C-457A-9E29-3D7E95DC6AFC}.Debug|Any CPU.ActiveCfg = Debug|Any CPU
		{AE7B81E3-153C-457A-9E29-3D7E95DC6AFC}.Debug|Any CPU.Build.0 = Debug|Any CPU
		{AE7B81E3-153C-457A-9E29-3D7E95DC6AFC}.Debug|Any CPU.Deploy.0 = Debug|Any CPU
		{AE7B81E3-153C-457A-9E29-3D7E95DC6AFC}.Debug|arm64.ActiveCfg = Debug|Any CPU
		{AE7B81E3-153C-457A-9E29-3D7E95DC6AFC}.Debug|arm64.Build.0 = Debug|Any CPU
		{AE7B81E3-153C-457A-9E29-3D7E95DC6AFC}.Debug|arm64.Deploy.0 = Debug|Any CPU
		{AE7B81E3-153C-457A-9E29-3D7E95DC6AFC}.Debug|x64.ActiveCfg = Debug|Any CPU
		{AE7B81E3-153C-457A-9E29-3D7E95DC6AFC}.Debug|x64.Build.0 = Debug|Any CPU
		{AE7B81E3-153C-457A-9E29-3D7E95DC6AFC}.Debug|x64.Deploy.0 = Debug|Any CPU
		{AE7B81E3-153C-457A-9E29-3D7E95DC6AFC}.Debug|x86.ActiveCfg = Debug|Any CPU
		{AE7B81E3-153C-457A-9E29-3D7E95DC6AFC}.Debug|x86.Build.0 = Debug|Any CPU
		{AE7B81E3-153C-457A-9E29-3D7E95DC6AFC}.Debug|x86.Deploy.0 = Debug|Any CPU
		{AE7B81E3-153C-457A-9E29-3D7E95DC6AFC}.Release|Any CPU.ActiveCfg = Release|Any CPU
		{AE7B81E3-153C-457A-9E29-3D7E95DC6AFC}.Release|Any CPU.Build.0 = Release|Any CPU
		{AE7B81E3-153C-457A-9E29-3D7E95DC6AFC}.Release|Any CPU.Deploy.0 = Release|Any CPU
		{AE7B81E3-153C-457A-9E29-3D7E95DC6AFC}.Release|arm64.ActiveCfg = Release|Any CPU
		{AE7B81E3-153C-457A-9E29-3D7E95DC6AFC}.Release|arm64.Build.0 = Release|Any CPU
		{AE7B81E3-153C-457A-9E29-3D7E95DC6AFC}.Release|arm64.Deploy.0 = Release|Any CPU
		{AE7B81E3-153C-457A-9E29-3D7E95DC6AFC}.Release|x64.ActiveCfg = Release|Any CPU
		{AE7B81E3-153C-457A-9E29-3D7E95DC6AFC}.Release|x64.Build.0 = Release|Any CPU
		{AE7B81E3-153C-457A-9E29-3D7E95DC6AFC}.Release|x64.Deploy.0 = Release|Any CPU
		{AE7B81E3-153C-457A-9E29-3D7E95DC6AFC}.Release|x86.ActiveCfg = Release|Any CPU
		{AE7B81E3-153C-457A-9E29-3D7E95DC6AFC}.Release|x86.Build.0 = Release|Any CPU
		{AE7B81E3-153C-457A-9E29-3D7E95DC6AFC}.Release|x86.Deploy.0 = Release|Any CPU
		{74A27577-1880-4DED-88A2-893DBD455B90}.Debug|Any CPU.ActiveCfg = Debug|Any CPU
		{74A27577-1880-4DED-88A2-893DBD455B90}.Debug|Any CPU.Build.0 = Debug|Any CPU
		{74A27577-1880-4DED-88A2-893DBD455B90}.Debug|arm64.ActiveCfg = Debug|Any CPU
		{74A27577-1880-4DED-88A2-893DBD455B90}.Debug|arm64.Build.0 = Debug|Any CPU
		{74A27577-1880-4DED-88A2-893DBD455B90}.Debug|x64.ActiveCfg = Debug|Any CPU
		{74A27577-1880-4DED-88A2-893DBD455B90}.Debug|x64.Build.0 = Debug|Any CPU
		{74A27577-1880-4DED-88A2-893DBD455B90}.Debug|x86.ActiveCfg = Debug|Any CPU
		{74A27577-1880-4DED-88A2-893DBD455B90}.Debug|x86.Build.0 = Debug|Any CPU
		{74A27577-1880-4DED-88A2-893DBD455B90}.Release|Any CPU.ActiveCfg = Release|Any CPU
		{74A27577-1880-4DED-88A2-893DBD455B90}.Release|Any CPU.Build.0 = Release|Any CPU
		{74A27577-1880-4DED-88A2-893DBD455B90}.Release|arm64.ActiveCfg = Release|Any CPU
		{74A27577-1880-4DED-88A2-893DBD455B90}.Release|arm64.Build.0 = Release|Any CPU
		{74A27577-1880-4DED-88A2-893DBD455B90}.Release|x64.ActiveCfg = Release|Any CPU
		{74A27577-1880-4DED-88A2-893DBD455B90}.Release|x64.Build.0 = Release|Any CPU
		{74A27577-1880-4DED-88A2-893DBD455B90}.Release|x86.ActiveCfg = Release|Any CPU
		{74A27577-1880-4DED-88A2-893DBD455B90}.Release|x86.Build.0 = Release|Any CPU
		{008756AD-D5AC-4AAE-9687-AC784621F7F8}.Debug|Any CPU.ActiveCfg = Debug|x64
		{008756AD-D5AC-4AAE-9687-AC784621F7F8}.Debug|Any CPU.Build.0 = Debug|x64
		{008756AD-D5AC-4AAE-9687-AC784621F7F8}.Debug|Any CPU.Deploy.0 = Debug|x64
		{008756AD-D5AC-4AAE-9687-AC784621F7F8}.Debug|arm64.ActiveCfg = Debug|arm64
		{008756AD-D5AC-4AAE-9687-AC784621F7F8}.Debug|arm64.Build.0 = Debug|arm64
		{008756AD-D5AC-4AAE-9687-AC784621F7F8}.Debug|arm64.Deploy.0 = Debug|arm64
		{008756AD-D5AC-4AAE-9687-AC784621F7F8}.Debug|x64.ActiveCfg = Debug|x64
		{008756AD-D5AC-4AAE-9687-AC784621F7F8}.Debug|x64.Build.0 = Debug|x64
		{008756AD-D5AC-4AAE-9687-AC784621F7F8}.Debug|x64.Deploy.0 = Debug|x64
		{008756AD-D5AC-4AAE-9687-AC784621F7F8}.Debug|x86.ActiveCfg = Debug|x86
		{008756AD-D5AC-4AAE-9687-AC784621F7F8}.Debug|x86.Build.0 = Debug|x86
		{008756AD-D5AC-4AAE-9687-AC784621F7F8}.Debug|x86.Deploy.0 = Debug|x86
		{008756AD-D5AC-4AAE-9687-AC784621F7F8}.Release|Any CPU.ActiveCfg = Release|x64
		{008756AD-D5AC-4AAE-9687-AC784621F7F8}.Release|Any CPU.Build.0 = Release|x64
		{008756AD-D5AC-4AAE-9687-AC784621F7F8}.Release|Any CPU.Deploy.0 = Release|x64
		{008756AD-D5AC-4AAE-9687-AC784621F7F8}.Release|arm64.ActiveCfg = Release|arm64
		{008756AD-D5AC-4AAE-9687-AC784621F7F8}.Release|arm64.Build.0 = Release|arm64
		{008756AD-D5AC-4AAE-9687-AC784621F7F8}.Release|arm64.Deploy.0 = Release|arm64
		{008756AD-D5AC-4AAE-9687-AC784621F7F8}.Release|x64.ActiveCfg = Release|x64
		{008756AD-D5AC-4AAE-9687-AC784621F7F8}.Release|x64.Build.0 = Release|x64
		{008756AD-D5AC-4AAE-9687-AC784621F7F8}.Release|x64.Deploy.0 = Release|x64
		{008756AD-D5AC-4AAE-9687-AC784621F7F8}.Release|x86.ActiveCfg = Release|x86
		{008756AD-D5AC-4AAE-9687-AC784621F7F8}.Release|x86.Build.0 = Release|x86
		{008756AD-D5AC-4AAE-9687-AC784621F7F8}.Release|x86.Deploy.0 = Release|x86
		{D3FF3F33-90B6-45F3-AF67-6E24FF20D6DF}.Debug|Any CPU.ActiveCfg = Debug|Any CPU
		{D3FF3F33-90B6-45F3-AF67-6E24FF20D6DF}.Debug|Any CPU.Build.0 = Debug|Any CPU
		{D3FF3F33-90B6-45F3-AF67-6E24FF20D6DF}.Debug|arm64.ActiveCfg = Debug|Any CPU
		{D3FF3F33-90B6-45F3-AF67-6E24FF20D6DF}.Debug|arm64.Build.0 = Debug|Any CPU
		{D3FF3F33-90B6-45F3-AF67-6E24FF20D6DF}.Debug|x64.ActiveCfg = Debug|Any CPU
		{D3FF3F33-90B6-45F3-AF67-6E24FF20D6DF}.Debug|x64.Build.0 = Debug|Any CPU
		{D3FF3F33-90B6-45F3-AF67-6E24FF20D6DF}.Debug|x86.ActiveCfg = Debug|Any CPU
		{D3FF3F33-90B6-45F3-AF67-6E24FF20D6DF}.Debug|x86.Build.0 = Debug|Any CPU
		{D3FF3F33-90B6-45F3-AF67-6E24FF20D6DF}.Release|Any CPU.ActiveCfg = Release|Any CPU
		{D3FF3F33-90B6-45F3-AF67-6E24FF20D6DF}.Release|Any CPU.Build.0 = Release|Any CPU
		{D3FF3F33-90B6-45F3-AF67-6E24FF20D6DF}.Release|arm64.ActiveCfg = Release|Any CPU
		{D3FF3F33-90B6-45F3-AF67-6E24FF20D6DF}.Release|arm64.Build.0 = Release|Any CPU
		{D3FF3F33-90B6-45F3-AF67-6E24FF20D6DF}.Release|x64.ActiveCfg = Release|Any CPU
		{D3FF3F33-90B6-45F3-AF67-6E24FF20D6DF}.Release|x64.Build.0 = Release|Any CPU
		{D3FF3F33-90B6-45F3-AF67-6E24FF20D6DF}.Release|x86.ActiveCfg = Release|Any CPU
		{D3FF3F33-90B6-45F3-AF67-6E24FF20D6DF}.Release|x86.Build.0 = Release|Any CPU
	EndGlobalSection
	GlobalSection(SolutionProperties) = preSolution
		HideSolutionNode = FALSE
	EndGlobalSection
	GlobalSection(NestedProjects) = preSolution
		{37C2503E-5008-4AD8-AD02-2993A7415759} = {B999EA7B-940C-443E-B2EA-22124288F66B}
		{BA9027E8-CB09-45D6-8D9F-DED2754E7C60} = {B999EA7B-940C-443E-B2EA-22124288F66B}
		{AE7B81E3-153C-457A-9E29-3D7E95DC6AFC} = {B999EA7B-940C-443E-B2EA-22124288F66B}
		{74A27577-1880-4DED-88A2-893DBD455B90} = {B999EA7B-940C-443E-B2EA-22124288F66B}
		{008756AD-D5AC-4AAE-9687-AC784621F7F8} = {B999EA7B-940C-443E-B2EA-22124288F66B}
		{D3FF3F33-90B6-45F3-AF67-6E24FF20D6DF} = {B999EA7B-940C-443E-B2EA-22124288F66B}
	EndGlobalSection
	GlobalSection(ExtensibilityGlobals) = postSolution
		SolutionGuid = {D32A3A8D-EB1E-4327-BBB3-7D93983EE54A}
	EndGlobalSection
	GlobalSection(SharedMSBuildProjectFiles) = preSolution
		MZikmund.App.Shared\MZikmund.App.Shared.projitems*{008756ad-d5ac-4aae-9687-ac784621f7f8}*SharedItemsImports = 5
		MZikmund.App.Shared\MZikmund.App.Shared.projitems*{37c2503e-5008-4ad8-ad02-2993a7415759}*SharedItemsImports = 5
		MZikmund.App.Shared\MZikmund.App.Shared.projitems*{6279c845-92f8-4333-ab99-3d213163593c}*SharedItemsImports = 13
		MZikmund.App.Shared\MZikmund.App.Shared.projitems*{74a27577-1880-4ded-88a2-893dbd455b90}*SharedItemsImports = 5
		MZikmund.App.Shared\MZikmund.App.Shared.projitems*{ae7b81e3-153c-457a-9e29-3d7e95dc6afc}*SharedItemsImports = 5
		MZikmund.App.Shared\MZikmund.App.Shared.projitems*{d3ff3f33-90b6-45f3-af67-6e24ff20d6df}*SharedItemsImports = 5
	EndGlobalSection
EndGlobal
